// !$*UTF8*$!
{
	archiveVersion = 1;
	classes = {
	};
	objectVersion = 46;
	objects = {

/* Begin PBXBuildFile section */
		7810F1D418F7FC4600B22370 /* SEAudioStream.m in Sources */ = {isa = PBXBuildFile; fileRef = 7810F1D318F7FC4600B22370 /* SEAudioStream.m */; };
		7810F1DA18F800D700B22370 /* SEAudioStreamPlayer.m in Sources */ = {isa = PBXBuildFile; fileRef = 7810F1D918F800D700B22370 /* SEAudioStreamPlayer.m */; };
		7810F1DE18F80F8E00B22370 /* SRRecord.m in Sources */ = {isa = PBXBuildFile; fileRef = 7810F1DD18F80F8E00B22370 /* SRRecord.m */; };
		7810F1E118F80FAB00B22370 /* SRProject.mm in Sources */ = {isa = PBXBuildFile; fileRef = 7810F1E018F80FAB00B22370 /* SRProject.mm */; };
		7835601B18EBEC9900A65447 /* IBKAlertView.m in Sources */ = {isa = PBXBuildFile; fileRef = 7835601A18EBEC9900A65447 /* IBKAlertView.m */; };
		783D288918F7F35C00D5C0E5 /* SEModel.m in Sources */ = {isa = PBXBuildFile; fileRef = 783D288718F7F35C00D5C0E5 /* SEModel.m */; };
		783D2A2518F7F47800D5C0E5 /* bits.c in Sources */ = {isa = PBXBuildFile; fileRef = 783D29BC18F7F47800D5C0E5 /* bits.c */; };
		783D2A2618F7F47800D5C0E5 /* buffer.c in Sources */ = {isa = PBXBuildFile; fileRef = 783D29BD18F7F47800D5C0E5 /* buffer.c */; };
		783D2A2718F7F47800D5C0E5 /* cb_search.c in Sources */ = {isa = PBXBuildFile; fileRef = 783D29BE18F7F47800D5C0E5 /* cb_search.c */; };
		783D2A2818F7F47800D5C0E5 /* exc_10_16_table.c in Sources */ = {isa = PBXBuildFile; fileRef = 783D29C318F7F47800D5C0E5 /* exc_10_16_table.c */; };
		783D2A2918F7F47800D5C0E5 /* exc_10_32_table.c in Sources */ = {isa = PBXBuildFile; fileRef = 783D29C418F7F47800D5C0E5 /* exc_10_32_table.c */; };
		783D2A2A18F7F47800D5C0E5 /* exc_20_32_table.c in Sources */ = {isa = PBXBuildFile; fileRef = 783D29C518F7F47800D5C0E5 /* exc_20_32_table.c */; };
		783D2A2B18F7F47800D5C0E5 /* exc_5_256_table.c in Sources */ = {isa = PBXBuildFile; fileRef = 783D29C618F7F47800D5C0E5 /* exc_5_256_table.c */; };
		783D2A2C18F7F47800D5C0E5 /* exc_5_64_table.c in Sources */ = {isa = PBXBuildFile; fileRef = 783D29C718F7F47800D5C0E5 /* exc_5_64_table.c */; };
		783D2A2D18F7F47800D5C0E5 /* exc_8_128_table.c in Sources */ = {isa = PBXBuildFile; fileRef = 783D29C818F7F47800D5C0E5 /* exc_8_128_table.c */; };
		783D2A2E18F7F47800D5C0E5 /* fftwrap.c in Sources */ = {isa = PBXBuildFile; fileRef = 783D29C918F7F47800D5C0E5 /* fftwrap.c */; };
		783D2A2F18F7F47800D5C0E5 /* filterbank.c in Sources */ = {isa = PBXBuildFile; fileRef = 783D29CB18F7F47800D5C0E5 /* filterbank.c */; };
		783D2A3018F7F47800D5C0E5 /* filters.c in Sources */ = {isa = PBXBuildFile; fileRef = 783D29CD18F7F47800D5C0E5 /* filters.c */; };
		783D2A3118F7F47800D5C0E5 /* gain_table.c in Sources */ = {isa = PBXBuildFile; fileRef = 783D29D718F7F47800D5C0E5 /* gain_table.c */; };
		783D2A3218F7F47800D5C0E5 /* gain_table_lbr.c in Sources */ = {isa = PBXBuildFile; fileRef = 783D29D818F7F47800D5C0E5 /* gain_table_lbr.c */; };
		783D2A3318F7F47800D5C0E5 /* hexc_10_32_table.c in Sources */ = {isa = PBXBuildFile; fileRef = 783D29D918F7F47800D5C0E5 /* hexc_10_32_table.c */; };
		783D2A3418F7F47800D5C0E5 /* hexc_table.c in Sources */ = {isa = PBXBuildFile; fileRef = 783D29DA18F7F47800D5C0E5 /* hexc_table.c */; };
		783D2A3518F7F47800D5C0E5 /* high_lsp_tables.c in Sources */ = {isa = PBXBuildFile; fileRef = 783D29DB18F7F47800D5C0E5 /* high_lsp_tables.c */; };
		783D2A3618F7F47800D5C0E5 /* jitter.c in Sources */ = {isa = PBXBuildFile; fileRef = 783D29DC18F7F47800D5C0E5 /* jitter.c */; };
		783D2A3718F7F47800D5C0E5 /* kiss_fft.c in Sources */ = {isa = PBXBuildFile; fileRef = 783D29DD18F7F47800D5C0E5 /* kiss_fft.c */; };
		783D2A3818F7F47800D5C0E5 /* kiss_fftr.c in Sources */ = {isa = PBXBuildFile; fileRef = 783D29DF18F7F47800D5C0E5 /* kiss_fftr.c */; };
		783D2A3918F7F47800D5C0E5 /* lpc.c in Sources */ = {isa = PBXBuildFile; fileRef = 783D29E118F7F47800D5C0E5 /* lpc.c */; };
		783D2A3A18F7F47800D5C0E5 /* lsp.c in Sources */ = {isa = PBXBuildFile; fileRef = 783D29E418F7F47800D5C0E5 /* lsp.c */; };
		783D2A3B18F7F47800D5C0E5 /* lsp_tables_nb.c in Sources */ = {isa = PBXBuildFile; fileRef = 783D29E718F7F47800D5C0E5 /* lsp_tables_nb.c */; };
		783D2A3C18F7F47800D5C0E5 /* ltp.c in Sources */ = {isa = PBXBuildFile; fileRef = 783D29E818F7F47800D5C0E5 /* ltp.c */; };
		783D2A3D18F7F47800D5C0E5 /* mdf.c in Sources */ = {isa = PBXBuildFile; fileRef = 783D29EE18F7F47800D5C0E5 /* mdf.c */; };
		783D2A3E18F7F47800D5C0E5 /* modes.c in Sources */ = {isa = PBXBuildFile; fileRef = 783D29F018F7F47800D5C0E5 /* modes.c */; };
		783D2A3F18F7F47800D5C0E5 /* modes_wb.c in Sources */ = {isa = PBXBuildFile; fileRef = 783D29F218F7F47800D5C0E5 /* modes_wb.c */; };
		783D2A4018F7F47800D5C0E5 /* nb_celp.c in Sources */ = {isa = PBXBuildFile; fileRef = 783D29F318F7F47800D5C0E5 /* nb_celp.c */; };
		783D2A4118F7F47800D5C0E5 /* preprocess.c in Sources */ = {isa = PBXBuildFile; fileRef = 783D29F618F7F47800D5C0E5 /* preprocess.c */; };
		783D2A4218F7F47800D5C0E5 /* quant_lsp.c in Sources */ = {isa = PBXBuildFile; fileRef = 783D29F818F7F47800D5C0E5 /* quant_lsp.c */; };
		783D2A4318F7F47800D5C0E5 /* resample.c in Sources */ = {isa = PBXBuildFile; fileRef = 783D29FB18F7F47800D5C0E5 /* resample.c */; };
		783D2A4418F7F47800D5C0E5 /* sb_celp.c in Sources */ = {isa = PBXBuildFile; fileRef = 783D29FD18F7F47800D5C0E5 /* sb_celp.c */; };
		783D2A4518F7F47800D5C0E5 /* scal.c in Sources */ = {isa = PBXBuildFile; fileRef = 783D29FF18F7F47800D5C0E5 /* scal.c */; };
		783D2A4618F7F47800D5C0E5 /* smallft.c in Sources */ = {isa = PBXBuildFile; fileRef = 783D2A0018F7F47800D5C0E5 /* smallft.c */; };
		783D2A4718F7F47800D5C0E5 /* speex.c in Sources */ = {isa = PBXBuildFile; fileRef = 783D2A0218F7F47800D5C0E5 /* speex.c */; };
		783D2A4818F7F47800D5C0E5 /* speex_callbacks.c in Sources */ = {isa = PBXBuildFile; fileRef = 783D2A0318F7F47800D5C0E5 /* speex_callbacks.c */; };
		783D2A4918F7F47800D5C0E5 /* speex_header.c in Sources */ = {isa = PBXBuildFile; fileRef = 783D2A0418F7F47800D5C0E5 /* speex_header.c */; };
		783D2A4A18F7F47800D5C0E5 /* stereo.c in Sources */ = {isa = PBXBuildFile; fileRef = 783D2A0618F7F47800D5C0E5 /* stereo.c */; };
		783D2A4B18F7F47800D5C0E5 /* vbr.c in Sources */ = {isa = PBXBuildFile; fileRef = 783D2A0718F7F47800D5C0E5 /* vbr.c */; };
		783D2A4C18F7F47800D5C0E5 /* vq.c in Sources */ = {isa = PBXBuildFile; fileRef = 783D2A0A18F7F47800D5C0E5 /* vq.c */; };
		783D2A4D18F7F47800D5C0E5 /* window.c in Sources */ = {isa = PBXBuildFile; fileRef = 783D2A0F18F7F47800D5C0E5 /* window.c */; };
		783D2A4E18F7F47800D5C0E5 /* speex_config_types.h.in in Resources */ = {isa = PBXBuildFile; fileRef = 783D2A1518F7F47800D5C0E5 /* speex_config_types.h.in */; };
		783D2A4F18F7F47800D5C0E5 /* RiffFile.cpp in Sources */ = {isa = PBXBuildFile; fileRef = 783D2A1D18F7F47800D5C0E5 /* RiffFile.cpp */; };
		783D2A5018F7F47800D5C0E5 /* SpeexACMConvert.cpp in Sources */ = {isa = PBXBuildFile; fileRef = 783D2A1F18F7F47800D5C0E5 /* SpeexACMConvert.cpp */; };
		783D2A5118F7F47800D5C0E5 /* WaveFile.cpp in Sources */ = {isa = PBXBuildFile; fileRef = 783D2A2118F7F47800D5C0E5 /* WaveFile.cpp */; };
		783D2A5218F7F47800D5C0E5 /* WaveSpeexFile.cpp in Sources */ = {isa = PBXBuildFile; fileRef = 783D2A2318F7F47800D5C0E5 /* WaveSpeexFile.cpp */; };
		783D2A5518F7F51C00D5C0E5 /* 1397141803000.wav in Resources */ = {isa = PBXBuildFile; fileRef = 783D2A5318F7F51C00D5C0E5 /* 1397141803000.wav */; };
		783D2A5618F7F51C00D5C0E5 /* 1397208728800-speex.wav in Resources */ = {isa = PBXBuildFile; fileRef = 783D2A5418F7F51C00D5C0E5 /* 1397208728800-speex.wav */; };
		783F240D18EB0FA30046520A /* SREditRecordViewController.m in Sources */ = {isa = PBXBuildFile; fileRef = 783F23FB18EB0FA30046520A /* SREditRecordViewController.m */; };
		783F240E18EB0FA30046520A /* SREditRecordViewController.xib in Resources */ = {isa = PBXBuildFile; fileRef = 783F23FC18EB0FA30046520A /* SREditRecordViewController.xib */; };
		783F240F18EB0FA30046520A /* SRMainViewController.m in Sources */ = {isa = PBXBuildFile; fileRef = 783F23FE18EB0FA30046520A /* SRMainViewController.m */; };
		783F241018EB0FA30046520A /* SRMainViewController.xib in Resources */ = {isa = PBXBuildFile; fileRef = 783F23FF18EB0FA30046520A /* SRMainViewController.xib */; };
		783F241118EB0FA30046520A /* SRAppDelegate.mm in Sources */ = {isa = PBXBuildFile; fileRef = 783F240118EB0FA30046520A /* SRAppDelegate.mm */; };
		783F241218EB0FA30046520A /* InfoPlist.strings in Resources */ = {isa = PBXBuildFile; fileRef = 783F240318EB0FA30046520A /* InfoPlist.strings */; };
		783F241718EB0FA30046520A /* Images.xcassets in Resources */ = {isa = PBXBuildFile; fileRef = 783F240A18EB0FA30046520A /* Images.xcassets */; };
		786941F31859AF3500EA2D98 /* Foundation.framework in Frameworks */ = {isa = PBXBuildFile; fileRef = 786941F21859AF3500EA2D98 /* Foundation.framework */; };
		786941F51859AF3500EA2D98 /* CoreGraphics.framework in Frameworks */ = {isa = PBXBuildFile; fileRef = 786941F41859AF3500EA2D98 /* CoreGraphics.framework */; };
		786941F71859AF3500EA2D98 /* UIKit.framework in Frameworks */ = {isa = PBXBuildFile; fileRef = 786941F61859AF3500EA2D98 /* UIKit.framework */; };
		786941FF1859AF3500EA2D98 /* main.m in Sources */ = {isa = PBXBuildFile; fileRef = 786941FE1859AF3500EA2D98 /* main.m */; };
		786942121859AF3500EA2D98 /* XCTest.framework in Frameworks */ = {isa = PBXBuildFile; fileRef = 786942111859AF3500EA2D98 /* XCTest.framework */; };
		786942131859AF3500EA2D98 /* Foundation.framework in Frameworks */ = {isa = PBXBuildFile; fileRef = 786941F21859AF3500EA2D98 /* Foundation.framework */; };
		786942141859AF3500EA2D98 /* UIKit.framework in Frameworks */ = {isa = PBXBuildFile; fileRef = 786941F61859AF3500EA2D98 /* UIKit.framework */; };
		7869421C1859AF3500EA2D98 /* InfoPlist.strings in Resources */ = {isa = PBXBuildFile; fileRef = 7869421A1859AF3500EA2D98 /* InfoPlist.strings */; };
		7869421E1859AF3500EA2D98 /* SoundRecorderTests.m in Sources */ = {isa = PBXBuildFile; fileRef = 7869421D1859AF3500EA2D98 /* SoundRecorderTests.m */; };
		786E7D81185B55210091731F /* AudioToolbox.framework in Frameworks */ = {isa = PBXBuildFile; fileRef = 786E7D80185B55210091731F /* AudioToolbox.framework */; };
		7876103918F6A58F00F17ACD /* button_pin01_0.png in Resources */ = {isa = PBXBuildFile; fileRef = 7876101318F6A58F00F17ACD /* button_pin01_0.png */; };
		7876103A18F6A58F00F17ACD /* button_pin02_0.png in Resources */ = {isa = PBXBuildFile; fileRef = 7876101418F6A58F00F17ACD /* button_pin02_0.png */; };
		7876103B18F6A58F00F17ACD /* button_pin03_0.png in Resources */ = {isa = PBXBuildFile; fileRef = 7876101518F6A58F00F17ACD /* button_pin03_0.png */; };
		7876103C18F6A58F00F17ACD /* button_record02_0.png in Resources */ = {isa = PBXBuildFile; fileRef = 7876101618F6A58F00F17ACD /* button_record02_0.png */; };
		7876103D18F6A58F00F17ACD /* button01_0.png in Resources */ = {isa = PBXBuildFile; fileRef = 7876101718F6A58F00F17ACD /* button01_0.png */; };
		7876103E18F6A58F00F17ACD /* button01_1.png in Resources */ = {isa = PBXBuildFile; fileRef = 7876101818F6A58F00F17ACD /* button01_1.png */; };
		7876103F18F6A58F00F17ACD /* button02_1.png in Resources */ = {isa = PBXBuildFile; fileRef = 7876101918F6A58F00F17ACD /* button02_1.png */; };
		7876104018F6A58F00F17ACD /* button02_2.png in Resources */ = {isa = PBXBuildFile; fileRef = 7876101A18F6A58F00F17ACD /* button02_2.png */; };
		7876104118F6A58F00F17ACD /* button03_0.png in Resources */ = {isa = PBXBuildFile; fileRef = 7876101B18F6A58F00F17ACD /* button03_0.png */; };
		7876104218F6A58F00F17ACD /* button05_1.png in Resources */ = {isa = PBXBuildFile; fileRef = 7876101C18F6A58F00F17ACD /* button05_1.png */; };
		7876104318F6A58F00F17ACD /* button06_1.png in Resources */ = {isa = PBXBuildFile; fileRef = 7876101D18F6A58F00F17ACD /* button06_1.png */; };
		7876104418F6A58F00F17ACD /* button07_1.png in Resources */ = {isa = PBXBuildFile; fileRef = 7876101E18F6A58F00F17ACD /* button07_1.png */; };
		7876104518F6A58F00F17ACD /* button08_1.png in Resources */ = {isa = PBXBuildFile; fileRef = 7876101F18F6A58F00F17ACD /* button08_1.png */; };
		7876104618F6A58F00F17ACD /* header.9.png in Resources */ = {isa = PBXBuildFile; fileRef = 7876102018F6A58F00F17ACD /* header.9.png */; };
		7876104718F6A58F00F17ACD /* ic_action_accept.png in Resources */ = {isa = PBXBuildFile; fileRef = 7876102118F6A58F00F17ACD /* ic_action_accept.png */; };
		7876104818F6A58F00F17ACD /* ic_action_edit.png in Resources */ = {isa = PBXBuildFile; fileRef = 7876102218F6A58F00F17ACD /* ic_action_edit.png */; };
		7876104918F6A58F00F17ACD /* ic_action_forward.png in Resources */ = {isa = PBXBuildFile; fileRef = 7876102318F6A58F00F17ACD /* ic_action_forward.png */; };
		7876104A18F6A58F00F17ACD /* ic_action_mic.png in Resources */ = {isa = PBXBuildFile; fileRef = 7876102418F6A58F00F17ACD /* ic_action_mic.png */; };
		7876104B18F6A58F00F17ACD /* ic_action_new.png in Resources */ = {isa = PBXBuildFile; fileRef = 7876102518F6A58F00F17ACD /* ic_action_new.png */; };
		7876104C18F6A58F00F17ACD /* ic_action_overflow.png in Resources */ = {isa = PBXBuildFile; fileRef = 7876102618F6A58F00F17ACD /* ic_action_overflow.png */; };
		7876104D18F6A58F00F17ACD /* ic_action_pause.png in Resources */ = {isa = PBXBuildFile; fileRef = 7876102718F6A58F00F17ACD /* ic_action_pause.png */; };
		7876104E18F6A58F00F17ACD /* ic_action_play.png in Resources */ = {isa = PBXBuildFile; fileRef = 7876102818F6A58F00F17ACD /* ic_action_play.png */; };
		7876104F18F6A58F00F17ACD /* ic_action_remove.png in Resources */ = {isa = PBXBuildFile; fileRef = 7876102918F6A58F00F17ACD /* ic_action_remove.png */; };
		7876105018F6A58F00F17ACD /* ic_action_split.png in Resources */ = {isa = PBXBuildFile; fileRef = 7876102A18F6A58F00F17ACD /* ic_action_split.png */; };
		7876105118F6A58F00F17ACD /* ic_action_stop.png in Resources */ = {isa = PBXBuildFile; fileRef = 7876102B18F6A58F00F17ACD /* ic_action_stop.png */; };
		7876105218F6A58F00F17ACD /* ic_launcher.png in Resources */ = {isa = PBXBuildFile; fileRef = 7876102C18F6A58F00F17ACD /* ic_launcher.png */; };
		7876105318F6A58F00F17ACD /* list_header.9.png in Resources */ = {isa = PBXBuildFile; fileRef = 7876102D18F6A58F00F17ACD /* list_header.9.png */; };
		7876105418F6A58F00F17ACD /* list_item_bg.9.png in Resources */ = {isa = PBXBuildFile; fileRef = 7876102E18F6A58F00F17ACD /* list_item_bg.9.png */; };
		7876105518F6A58F00F17ACD /* pause.png in Resources */ = {isa = PBXBuildFile; fileRef = 7876102F18F6A58F00F17ACD /* pause.png */; };
		7876105618F6A58F00F17ACD /* play.png in Resources */ = {isa = PBXBuildFile; fileRef = 7876103018F6A58F00F17ACD /* play.png */; };
		7876105718F6A58F00F17ACD /* record.png in Resources */ = {isa = PBXBuildFile; fileRef = 7876103118F6A58F00F17ACD /* record.png */; };
		7876105818F6A58F00F17ACD /* save_0.png in Resources */ = {isa = PBXBuildFile; fileRef = 7876103218F6A58F00F17ACD /* save_0.png */; };
		7876105918F6A58F00F17ACD /* scale_.png in Resources */ = {isa = PBXBuildFile; fileRef = 7876103318F6A58F00F17ACD /* scale_.png */; };
		7876105A18F6A58F00F17ACD /* send_0.png in Resources */ = {isa = PBXBuildFile; fileRef = 7876103418F6A58F00F17ACD /* send_0.png */; };
		7876105B18F6A58F00F17ACD /* stop.png in Resources */ = {isa = PBXBuildFile; fileRef = 7876103518F6A58F00F17ACD /* stop.png */; };
		7876105C18F6A58F00F17ACD /* volume_0.9.png in Resources */ = {isa = PBXBuildFile; fileRef = 7876103618F6A58F00F17ACD /* volume_0.9.png */; };
		7876105D18F6A58F00F17ACD /* volume_1.9.png in Resources */ = {isa = PBXBuildFile; fileRef = 7876103718F6A58F00F17ACD /* volume_1.9.png */; };
		7876105E18F6A58F00F17ACD /* volume_cursor.png in Resources */ = {isa = PBXBuildFile; fileRef = 7876103818F6A58F00F17ACD /* volume_cursor.png */; };
		7876106218F6A78600F17ACD /* play_pin-cursor.png in Resources */ = {isa = PBXBuildFile; fileRef = 7876105F18F6A78600F17ACD /* play_pin-cursor.png */; };
		7876106318F6A78600F17ACD /* rec_red-cursor.png in Resources */ = {isa = PBXBuildFile; fileRef = 7876106018F6A78600F17ACD /* rec_red-cursor.png */; };
		7876106418F6A78600F17ACD /* stop_blue.png in Resources */ = {isa = PBXBuildFile; fileRef = 7876106118F6A78600F17ACD /* stop_blue.png */; };
		7876106718F6AAFD00F17ACD /* send.png in Resources */ = {isa = PBXBuildFile; fileRef = 7876106518F6AAFD00F17ACD /* send.png */; };
		7876106818F6AAFD00F17ACD /* send_disabled.png in Resources */ = {isa = PBXBuildFile; fileRef = 7876106618F6AAFD00F17ACD /* send_disabled.png */; };
		7876106B18F6AB2300F17ACD /* save.png in Resources */ = {isa = PBXBuildFile; fileRef = 7876106918F6AB2300F17ACD /* save.png */; };
		7876106C18F6AB2300F17ACD /* save_disabled.png in Resources */ = {isa = PBXBuildFile; fileRef = 7876106A18F6AB2300F17ACD /* save_disabled.png */; };
		788CE50D18F8101C002746A7 /* SRSound.m in Sources */ = {isa = PBXBuildFile; fileRef = 788CE50C18F8101C002746A7 /* SRSound.m */; };
		788CE51018F81105002746A7 /* SEProject.m in Sources */ = {isa = PBXBuildFile; fileRef = 788CE50F18F81105002746A7 /* SEProject.m */; };
		788CE51318F81122002746A7 /* SRAudioStreamPlayer.m in Sources */ = {isa = PBXBuildFile; fileRef = 788CE51218F81122002746A7 /* SRAudioStreamPlayer.m */; };
		788CE51618F8120D002746A7 /* SEProjectAudioStream.m in Sources */ = {isa = PBXBuildFile; fileRef = 788CE51518F8120D002746A7 /* SEProjectAudioStream.m */; };
		788CE51918F81363002746A7 /* SERecord.m in Sources */ = {isa = PBXBuildFile; fileRef = 788CE51818F81363002746A7 /* SERecord.m */; };
		788CE51C18F81823002746A7 /* SERecordAudioStream.m in Sources */ = {isa = PBXBuildFile; fileRef = 788CE51B18F81823002746A7 /* SERecordAudioStream.m */; };
		788CE52218F83BF2002746A7 /* SESpeexACMAudioStream.m in Sources */ = {isa = PBXBuildFile; fileRef = 788CE52118F83BF2002746A7 /* SESpeexACMAudioStream.m */; };
		789AADE418F3FB63008ECF92 /* rec1.wav in Resources */ = {isa = PBXBuildFile; fileRef = 789AADE318F3FB63008ECF92 /* rec1.wav */; };
		789AAE9818F435B0008ECF92 /* SRProjectViewController.m in Sources */ = {isa = PBXBuildFile; fileRef = 789AAE9618F435B0008ECF92 /* SRProjectViewController.m */; };
		789AAE9918F435B0008ECF92 /* SRProjectViewController.xib in Resources */ = {isa = PBXBuildFile; fileRef = 789AAE9718F435B0008ECF92 /* SRProjectViewController.xib */; };
		789B83A6185B1B2D00E6B5CD /* AVFoundation.framework in Frameworks */ = {isa = PBXBuildFile; fileRef = 789B83A5185B1B2D00E6B5CD /* AVFoundation.framework */; };
		789CBDB418F2A0E90091D85A /* SRPlayerViewController.mm in Sources */ = {isa = PBXBuildFile; fileRef = 789CBDB218F2A0E90091D85A /* SRPlayerViewController.mm */; };
		789CBDB518F2A0E90091D85A /* SRPlayerViewController.xib in Resources */ = {isa = PBXBuildFile; fileRef = 789CBDB318F2A0E90091D85A /* SRPlayerViewController.xib */; };
		789CBDB818F2A14D0091D85A /* rec_spx.wav in Resources */ = {isa = PBXBuildFile; fileRef = 789CBDB618F2A14D0091D85A /* rec_spx.wav */; };
		789CBDB918F2A14D0091D85A /* rec.wav in Resources */ = {isa = PBXBuildFile; fileRef = 789CBDB718F2A14D0091D85A /* rec.wav */; };
/* End PBXBuildFile section */

/* Begin PBXContainerItemProxy section */
		786942151859AF3500EA2D98 /* PBXContainerItemProxy */ = {
			isa = PBXContainerItemProxy;
			containerPortal = 786941E71859AF3500EA2D98 /* Project object */;
			proxyType = 1;
			remoteGlobalIDString = 786941EE1859AF3500EA2D98;
			remoteInfo = SoundRecorder;
		};
/* End PBXContainerItemProxy section */

/* Begin PBXFileReference section */
		7810F1D218F7FC4600B22370 /* SEAudioStream.h */ = {isa = PBXFileReference; fileEncoding = 4; lastKnownFileType = sourcecode.c.h; path = SEAudioStream.h; sourceTree = "<group>"; };
		7810F1D318F7FC4600B22370 /* SEAudioStream.m */ = {isa = PBXFileReference; fileEncoding = 4; lastKnownFileType = sourcecode.c.objc; path = SEAudioStream.m; sourceTree = "<group>"; };
		7810F1D818F800D700B22370 /* SEAudioStreamPlayer.h */ = {isa = PBXFileReference; fileEncoding = 4; lastKnownFileType = sourcecode.c.h; path = SEAudioStreamPlayer.h; sourceTree = "<group>"; };
		7810F1D918F800D700B22370 /* SEAudioStreamPlayer.m */ = {isa = PBXFileReference; fileEncoding = 4; lastKnownFileType = sourcecode.c.objc; path = SEAudioStreamPlayer.m; sourceTree = "<group>"; };
		7810F1DC18F80F8E00B22370 /* SRRecord.h */ = {isa = PBXFileReference; fileEncoding = 4; lastKnownFileType = sourcecode.c.h; path = SRRecord.h; sourceTree = "<group>"; };
		7810F1DD18F80F8E00B22370 /* SRRecord.m */ = {isa = PBXFileReference; fileEncoding = 4; lastKnownFileType = sourcecode.c.objc; path = SRRecord.m; sourceTree = "<group>"; };
		7810F1DF18F80FAB00B22370 /* SRProject.h */ = {isa = PBXFileReference; fileEncoding = 4; lastKnownFileType = sourcecode.c.h; path = SRProject.h; sourceTree = "<group>"; };
		7810F1E018F80FAB00B22370 /* SRProject.mm */ = {isa = PBXFileReference; fileEncoding = 4; lastKnownFileType = sourcecode.cpp.objcpp; path = SRProject.mm; sourceTree = "<group>"; };
		7835601918EBEC9900A65447 /* IBKAlertView.h */ = {isa = PBXFileReference; fileEncoding = 4; lastKnownFileType = sourcecode.c.h; path = IBKAlertView.h; sourceTree = "<group>"; };
		7835601A18EBEC9900A65447 /* IBKAlertView.m */ = {isa = PBXFileReference; fileEncoding = 4; lastKnownFileType = sourcecode.c.objc; path = IBKAlertView.m; sourceTree = "<group>"; };
		783D288618F7F35C00D5C0E5 /* SEModel.h */ = {isa = PBXFileReference; fileEncoding = 4; lastKnownFileType = sourcecode.c.h; path = SEModel.h; sourceTree = "<group>"; };
		783D288718F7F35C00D5C0E5 /* SEModel.m */ = {isa = PBXFileReference; fileEncoding = 4; lastKnownFileType = sourcecode.c.objc; path = SEModel.m; sourceTree = "<group>"; };
		783D29B818F7F47800D5C0E5 /* config.h */ = {isa = PBXFileReference; fileEncoding = 4; lastKnownFileType = sourcecode.c.h; path = config.h; sourceTree = "<group>"; };
		783D29BA18F7F47800D5C0E5 /* _kiss_fft_guts.h */ = {isa = PBXFileReference; fileEncoding = 4; lastKnownFileType = sourcecode.c.h; path = _kiss_fft_guts.h; sourceTree = "<group>"; };
		783D29BB18F7F47800D5C0E5 /* arch.h */ = {isa = PBXFileReference; fileEncoding = 4; lastKnownFileType = sourcecode.c.h; path = arch.h; sourceTree = "<group>"; };
		783D29BC18F7F47800D5C0E5 /* bits.c */ = {isa = PBXFileReference; fileEncoding = 4; lastKnownFileType = sourcecode.c.c; path = bits.c; sourceTree = "<group>"; };
		783D29BD18F7F47800D5C0E5 /* buffer.c */ = {isa = PBXFileReference; fileEncoding = 4; lastKnownFileType = sourcecode.c.c; path = buffer.c; sourceTree = "<group>"; };
		783D29BE18F7F47800D5C0E5 /* cb_search.c */ = {isa = PBXFileReference; fileEncoding = 4; lastKnownFileType = sourcecode.c.c; path = cb_search.c; sourceTree = "<group>"; };
		783D29BF18F7F47800D5C0E5 /* cb_search.h */ = {isa = PBXFileReference; fileEncoding = 4; lastKnownFileType = sourcecode.c.h; path = cb_search.h; sourceTree = "<group>"; };
		783D29C018F7F47800D5C0E5 /* cb_search_arm4.h */ = {isa = PBXFileReference; fileEncoding = 4; lastKnownFileType = sourcecode.c.h; path = cb_search_arm4.h; sourceTree = "<group>"; };
		783D29C118F7F47800D5C0E5 /* cb_search_bfin.h */ = {isa = PBXFileReference; fileEncoding = 4; lastKnownFileType = sourcecode.c.h; path = cb_search_bfin.h; sourceTree = "<group>"; };
		783D29C218F7F47800D5C0E5 /* cb_search_sse.h */ = {isa = PBXFileReference; fileEncoding = 4; lastKnownFileType = sourcecode.c.h; path = cb_search_sse.h; sourceTree = "<group>"; };
		783D29C318F7F47800D5C0E5 /* exc_10_16_table.c */ = {isa = PBXFileReference; fileEncoding = 4; lastKnownFileType = sourcecode.c.c; path = exc_10_16_table.c; sourceTree = "<group>"; };
		783D29C418F7F47800D5C0E5 /* exc_10_32_table.c */ = {isa = PBXFileReference; fileEncoding = 4; lastKnownFileType = sourcecode.c.c; path = exc_10_32_table.c; sourceTree = "<group>"; };
		783D29C518F7F47800D5C0E5 /* exc_20_32_table.c */ = {isa = PBXFileReference; fileEncoding = 4; lastKnownFileType = sourcecode.c.c; path = exc_20_32_table.c; sourceTree = "<group>"; };
		783D29C618F7F47800D5C0E5 /* exc_5_256_table.c */ = {isa = PBXFileReference; fileEncoding = 4; lastKnownFileType = sourcecode.c.c; path = exc_5_256_table.c; sourceTree = "<group>"; };
		783D29C718F7F47800D5C0E5 /* exc_5_64_table.c */ = {isa = PBXFileReference; fileEncoding = 4; lastKnownFileType = sourcecode.c.c; path = exc_5_64_table.c; sourceTree = "<group>"; };
		783D29C818F7F47800D5C0E5 /* exc_8_128_table.c */ = {isa = PBXFileReference; fileEncoding = 4; lastKnownFileType = sourcecode.c.c; path = exc_8_128_table.c; sourceTree = "<group>"; };
		783D29C918F7F47800D5C0E5 /* fftwrap.c */ = {isa = PBXFileReference; fileEncoding = 4; lastKnownFileType = sourcecode.c.c; path = fftwrap.c; sourceTree = "<group>"; };
		783D29CA18F7F47800D5C0E5 /* fftwrap.h */ = {isa = PBXFileReference; fileEncoding = 4; lastKnownFileType = sourcecode.c.h; path = fftwrap.h; sourceTree = "<group>"; };
		783D29CB18F7F47800D5C0E5 /* filterbank.c */ = {isa = PBXFileReference; fileEncoding = 4; lastKnownFileType = sourcecode.c.c; path = filterbank.c; sourceTree = "<group>"; };
		783D29CC18F7F47800D5C0E5 /* filterbank.h */ = {isa = PBXFileReference; fileEncoding = 4; lastKnownFileType = sourcecode.c.h; path = filterbank.h; sourceTree = "<group>"; };
		783D29CD18F7F47800D5C0E5 /* filters.c */ = {isa = PBXFileReference; fileEncoding = 4; lastKnownFileType = sourcecode.c.c; path = filters.c; sourceTree = "<group>"; };
		783D29CE18F7F47800D5C0E5 /* filters.h */ = {isa = PBXFileReference; fileEncoding = 4; lastKnownFileType = sourcecode.c.h; path = filters.h; sourceTree = "<group>"; };
		783D29CF18F7F47800D5C0E5 /* filters_arm4.h */ = {isa = PBXFileReference; fileEncoding = 4; lastKnownFileType = sourcecode.c.h; path = filters_arm4.h; sourceTree = "<group>"; };
		783D29D018F7F47800D5C0E5 /* filters_bfin.h */ = {isa = PBXFileReference; fileEncoding = 4; lastKnownFileType = sourcecode.c.h; path = filters_bfin.h; sourceTree = "<group>"; };
		783D29D118F7F47800D5C0E5 /* filters_sse.h */ = {isa = PBXFileReference; fileEncoding = 4; lastKnownFileType = sourcecode.c.h; path = filters_sse.h; sourceTree = "<group>"; };
		783D29D218F7F47800D5C0E5 /* fixed_arm4.h */ = {isa = PBXFileReference; fileEncoding = 4; lastKnownFileType = sourcecode.c.h; path = fixed_arm4.h; sourceTree = "<group>"; };
		783D29D318F7F47800D5C0E5 /* fixed_arm5e.h */ = {isa = PBXFileReference; fileEncoding = 4; lastKnownFileType = sourcecode.c.h; path = fixed_arm5e.h; sourceTree = "<group>"; };
		783D29D418F7F47800D5C0E5 /* fixed_bfin.h */ = {isa = PBXFileReference; fileEncoding = 4; lastKnownFileType = sourcecode.c.h; path = fixed_bfin.h; sourceTree = "<group>"; };
		783D29D518F7F47800D5C0E5 /* fixed_debug.h */ = {isa = PBXFileReference; fileEncoding = 4; lastKnownFileType = sourcecode.c.h; path = fixed_debug.h; sourceTree = "<group>"; };
		783D29D618F7F47800D5C0E5 /* fixed_generic.h */ = {isa = PBXFileReference; fileEncoding = 4; lastKnownFileType = sourcecode.c.h; path = fixed_generic.h; sourceTree = "<group>"; };
		783D29D718F7F47800D5C0E5 /* gain_table.c */ = {isa = PBXFileReference; fileEncoding = 4; lastKnownFileType = sourcecode.c.c; path = gain_table.c; sourceTree = "<group>"; };
		783D29D818F7F47800D5C0E5 /* gain_table_lbr.c */ = {isa = PBXFileReference; fileEncoding = 4; lastKnownFileType = sourcecode.c.c; path = gain_table_lbr.c; sourceTree = "<group>"; };
		783D29D918F7F47800D5C0E5 /* hexc_10_32_table.c */ = {isa = PBXFileReference; fileEncoding = 4; lastKnownFileType = sourcecode.c.c; path = hexc_10_32_table.c; sourceTree = "<group>"; };
		783D29DA18F7F47800D5C0E5 /* hexc_table.c */ = {isa = PBXFileReference; fileEncoding = 4; lastKnownFileType = sourcecode.c.c; path = hexc_table.c; sourceTree = "<group>"; };
		783D29DB18F7F47800D5C0E5 /* high_lsp_tables.c */ = {isa = PBXFileReference; fileEncoding = 4; lastKnownFileType = sourcecode.c.c; path = high_lsp_tables.c; sourceTree = "<group>"; };
		783D29DC18F7F47800D5C0E5 /* jitter.c */ = {isa = PBXFileReference; fileEncoding = 4; lastKnownFileType = sourcecode.c.c; path = jitter.c; sourceTree = "<group>"; };
		783D29DD18F7F47800D5C0E5 /* kiss_fft.c */ = {isa = PBXFileReference; fileEncoding = 4; lastKnownFileType = sourcecode.c.c; path = kiss_fft.c; sourceTree = "<group>"; };
		783D29DE18F7F47800D5C0E5 /* kiss_fft.h */ = {isa = PBXFileReference; fileEncoding = 4; lastKnownFileType = sourcecode.c.h; path = kiss_fft.h; sourceTree = "<group>"; };
		783D29DF18F7F47800D5C0E5 /* kiss_fftr.c */ = {isa = PBXFileReference; fileEncoding = 4; lastKnownFileType = sourcecode.c.c; path = kiss_fftr.c; sourceTree = "<group>"; };
		783D29E018F7F47800D5C0E5 /* kiss_fftr.h */ = {isa = PBXFileReference; fileEncoding = 4; lastKnownFileType = sourcecode.c.h; path = kiss_fftr.h; sourceTree = "<group>"; };
		783D29E118F7F47800D5C0E5 /* lpc.c */ = {isa = PBXFileReference; fileEncoding = 4; lastKnownFileType = sourcecode.c.c; path = lpc.c; sourceTree = "<group>"; };
		783D29E218F7F47800D5C0E5 /* lpc.h */ = {isa = PBXFileReference; fileEncoding = 4; lastKnownFileType = sourcecode.c.h; path = lpc.h; sourceTree = "<group>"; };
		783D29E318F7F47800D5C0E5 /* lpc_bfin.h */ = {isa = PBXFileReference; fileEncoding = 4; lastKnownFileType = sourcecode.c.h; path = lpc_bfin.h; sourceTree = "<group>"; };
		783D29E418F7F47800D5C0E5 /* lsp.c */ = {isa = PBXFileReference; fileEncoding = 4; lastKnownFileType = sourcecode.c.c; path = lsp.c; sourceTree = "<group>"; };
		783D29E518F7F47800D5C0E5 /* lsp.h */ = {isa = PBXFileReference; fileEncoding = 4; lastKnownFileType = sourcecode.c.h; path = lsp.h; sourceTree = "<group>"; };
		783D29E618F7F47800D5C0E5 /* lsp_bfin.h */ = {isa = PBXFileReference; fileEncoding = 4; lastKnownFileType = sourcecode.c.h; path = lsp_bfin.h; sourceTree = "<group>"; };
		783D29E718F7F47800D5C0E5 /* lsp_tables_nb.c */ = {isa = PBXFileReference; fileEncoding = 4; lastKnownFileType = sourcecode.c.c; path = lsp_tables_nb.c; sourceTree = "<group>"; };
		783D29E818F7F47800D5C0E5 /* ltp.c */ = {isa = PBXFileReference; fileEncoding = 4; lastKnownFileType = sourcecode.c.c; path = ltp.c; sourceTree = "<group>"; };
		783D29E918F7F47800D5C0E5 /* ltp.h */ = {isa = PBXFileReference; fileEncoding = 4; lastKnownFileType = sourcecode.c.h; path = ltp.h; sourceTree = "<group>"; };
		783D29EA18F7F47800D5C0E5 /* ltp_arm4.h */ = {isa = PBXFileReference; fileEncoding = 4; lastKnownFileType = sourcecode.c.h; path = ltp_arm4.h; sourceTree = "<group>"; };
		783D29EB18F7F47800D5C0E5 /* ltp_bfin.h */ = {isa = PBXFileReference; fileEncoding = 4; lastKnownFileType = sourcecode.c.h; path = ltp_bfin.h; sourceTree = "<group>"; };
		783D29EC18F7F47800D5C0E5 /* ltp_sse.h */ = {isa = PBXFileReference; fileEncoding = 4; lastKnownFileType = sourcecode.c.h; path = ltp_sse.h; sourceTree = "<group>"; };
		783D29ED18F7F47800D5C0E5 /* math_approx.h */ = {isa = PBXFileReference; fileEncoding = 4; lastKnownFileType = sourcecode.c.h; path = math_approx.h; sourceTree = "<group>"; };
		783D29EE18F7F47800D5C0E5 /* mdf.c */ = {isa = PBXFileReference; fileEncoding = 4; lastKnownFileType = sourcecode.c.c; path = mdf.c; sourceTree = "<group>"; };
		783D29EF18F7F47800D5C0E5 /* misc_bfin.h */ = {isa = PBXFileReference; fileEncoding = 4; lastKnownFileType = sourcecode.c.h; path = misc_bfin.h; sourceTree = "<group>"; };
		783D29F018F7F47800D5C0E5 /* modes.c */ = {isa = PBXFileReference; fileEncoding = 4; lastKnownFileType = sourcecode.c.c; path = modes.c; sourceTree = "<group>"; };
		783D29F118F7F47800D5C0E5 /* modes.h */ = {isa = PBXFileReference; fileEncoding = 4; lastKnownFileType = sourcecode.c.h; path = modes.h; sourceTree = "<group>"; };
		783D29F218F7F47800D5C0E5 /* modes_wb.c */ = {isa = PBXFileReference; fileEncoding = 4; lastKnownFileType = sourcecode.c.c; path = modes_wb.c; sourceTree = "<group>"; };
		783D29F318F7F47800D5C0E5 /* nb_celp.c */ = {isa = PBXFileReference; fileEncoding = 4; lastKnownFileType = sourcecode.c.c; path = nb_celp.c; sourceTree = "<group>"; };
		783D29F418F7F47800D5C0E5 /* nb_celp.h */ = {isa = PBXFileReference; fileEncoding = 4; lastKnownFileType = sourcecode.c.h; path = nb_celp.h; sourceTree = "<group>"; };
		783D29F518F7F47800D5C0E5 /* os_support.h */ = {isa = PBXFileReference; fileEncoding = 4; lastKnownFileType = sourcecode.c.h; path = os_support.h; sourceTree = "<group>"; };
		783D29F618F7F47800D5C0E5 /* preprocess.c */ = {isa = PBXFileReference; fileEncoding = 4; lastKnownFileType = sourcecode.c.c; path = preprocess.c; sourceTree = "<group>"; };
		783D29F718F7F47800D5C0E5 /* pseudofloat.h */ = {isa = PBXFileReference; fileEncoding = 4; lastKnownFileType = sourcecode.c.h; path = pseudofloat.h; sourceTree = "<group>"; };
		783D29F818F7F47800D5C0E5 /* quant_lsp.c */ = {isa = PBXFileReference; fileEncoding = 4; lastKnownFileType = sourcecode.c.c; path = quant_lsp.c; sourceTree = "<group>"; };
		783D29F918F7F47800D5C0E5 /* quant_lsp.h */ = {isa = PBXFileReference; fileEncoding = 4; lastKnownFileType = sourcecode.c.h; path = quant_lsp.h; sourceTree = "<group>"; };
		783D29FA18F7F47800D5C0E5 /* quant_lsp_bfin.h */ = {isa = PBXFileReference; fileEncoding = 4; lastKnownFileType = sourcecode.c.h; path = quant_lsp_bfin.h; sourceTree = "<group>"; };
		783D29FB18F7F47800D5C0E5 /* resample.c */ = {isa = PBXFileReference; fileEncoding = 4; lastKnownFileType = sourcecode.c.c; path = resample.c; sourceTree = "<group>"; };
		783D29FC18F7F47800D5C0E5 /* resample_sse.h */ = {isa = PBXFileReference; fileEncoding = 4; lastKnownFileType = sourcecode.c.h; path = resample_sse.h; sourceTree = "<group>"; };
		783D29FD18F7F47800D5C0E5 /* sb_celp.c */ = {isa = PBXFileReference; fileEncoding = 4; lastKnownFileType = sourcecode.c.c; path = sb_celp.c; sourceTree = "<group>"; };
		783D29FE18F7F47800D5C0E5 /* sb_celp.h */ = {isa = PBXFileReference; fileEncoding = 4; lastKnownFileType = sourcecode.c.h; path = sb_celp.h; sourceTree = "<group>"; };
		783D29FF18F7F47800D5C0E5 /* scal.c */ = {isa = PBXFileReference; fileEncoding = 4; lastKnownFileType = sourcecode.c.c; path = scal.c; sourceTree = "<group>"; };
		783D2A0018F7F47800D5C0E5 /* smallft.c */ = {isa = PBXFileReference; fileEncoding = 4; lastKnownFileType = sourcecode.c.c; path = smallft.c; sourceTree = "<group>"; };
		783D2A0118F7F47800D5C0E5 /* smallft.h */ = {isa = PBXFileReference; fileEncoding = 4; lastKnownFileType = sourcecode.c.h; path = smallft.h; sourceTree = "<group>"; };
		783D2A0218F7F47800D5C0E5 /* speex.c */ = {isa = PBXFileReference; fileEncoding = 4; lastKnownFileType = sourcecode.c.c; path = speex.c; sourceTree = "<group>"; };
		783D2A0318F7F47800D5C0E5 /* speex_callbacks.c */ = {isa = PBXFileReference; fileEncoding = 4; lastKnownFileType = sourcecode.c.c; path = speex_callbacks.c; sourceTree = "<group>"; };
		783D2A0418F7F47800D5C0E5 /* speex_header.c */ = {isa = PBXFileReference; fileEncoding = 4; lastKnownFileType = sourcecode.c.c; path = speex_header.c; sourceTree = "<group>"; };
		783D2A0518F7F47800D5C0E5 /* stack_alloc.h */ = {isa = PBXFileReference; fileEncoding = 4; lastKnownFileType = sourcecode.c.h; path = stack_alloc.h; sourceTree = "<group>"; };
		783D2A0618F7F47800D5C0E5 /* stereo.c */ = {isa = PBXFileReference; fileEncoding = 4; lastKnownFileType = sourcecode.c.c; path = stereo.c; sourceTree = "<group>"; };
		783D2A0718F7F47800D5C0E5 /* vbr.c */ = {isa = PBXFileReference; fileEncoding = 4; lastKnownFileType = sourcecode.c.c; path = vbr.c; sourceTree = "<group>"; };
		783D2A0818F7F47800D5C0E5 /* vbr.h */ = {isa = PBXFileReference; fileEncoding = 4; lastKnownFileType = sourcecode.c.h; path = vbr.h; sourceTree = "<group>"; };
		783D2A0918F7F47800D5C0E5 /* vorbis_psy.h */ = {isa = PBXFileReference; fileEncoding = 4; lastKnownFileType = sourcecode.c.h; path = vorbis_psy.h; sourceTree = "<group>"; };
		783D2A0A18F7F47800D5C0E5 /* vq.c */ = {isa = PBXFileReference; fileEncoding = 4; lastKnownFileType = sourcecode.c.c; path = vq.c; sourceTree = "<group>"; };
		783D2A0B18F7F47800D5C0E5 /* vq.h */ = {isa = PBXFileReference; fileEncoding = 4; lastKnownFileType = sourcecode.c.h; path = vq.h; sourceTree = "<group>"; };
		783D2A0C18F7F47800D5C0E5 /* vq_arm4.h */ = {isa = PBXFileReference; fileEncoding = 4; lastKnownFileType = sourcecode.c.h; path = vq_arm4.h; sourceTree = "<group>"; };
		783D2A0D18F7F47800D5C0E5 /* vq_bfin.h */ = {isa = PBXFileReference; fileEncoding = 4; lastKnownFileType = sourcecode.c.h; path = vq_bfin.h; sourceTree = "<group>"; };
		783D2A0E18F7F47800D5C0E5 /* vq_sse.h */ = {isa = PBXFileReference; fileEncoding = 4; lastKnownFileType = sourcecode.c.h; path = vq_sse.h; sourceTree = "<group>"; };
		783D2A0F18F7F47800D5C0E5 /* window.c */ = {isa = PBXFileReference; fileEncoding = 4; lastKnownFileType = sourcecode.c.c; path = window.c; sourceTree = "<group>"; };
		783D2A1118F7F47800D5C0E5 /* speex.h */ = {isa = PBXFileReference; fileEncoding = 4; lastKnownFileType = sourcecode.c.h; path = speex.h; sourceTree = "<group>"; };
		783D2A1218F7F47800D5C0E5 /* speex_bits.h */ = {isa = PBXFileReference; fileEncoding = 4; lastKnownFileType = sourcecode.c.h; path = speex_bits.h; sourceTree = "<group>"; };
		783D2A1318F7F47800D5C0E5 /* speex_buffer.h */ = {isa = PBXFileReference; fileEncoding = 4; lastKnownFileType = sourcecode.c.h; path = speex_buffer.h; sourceTree = "<group>"; };
		783D2A1418F7F47800D5C0E5 /* speex_callbacks.h */ = {isa = PBXFileReference; fileEncoding = 4; lastKnownFileType = sourcecode.c.h; path = speex_callbacks.h; sourceTree = "<group>"; };
		783D2A1518F7F47800D5C0E5 /* speex_config_types.h.in */ = {isa = PBXFileReference; fileEncoding = 4; lastKnownFileType = text; path = speex_config_types.h.in; sourceTree = "<group>"; };
		783D2A1618F7F47800D5C0E5 /* speex_echo.h */ = {isa = PBXFileReference; fileEncoding = 4; lastKnownFileType = sourcecode.c.h; path = speex_echo.h; sourceTree = "<group>"; };
		783D2A1718F7F47800D5C0E5 /* speex_header.h */ = {isa = PBXFileReference; fileEncoding = 4; lastKnownFileType = sourcecode.c.h; path = speex_header.h; sourceTree = "<group>"; };
		783D2A1818F7F47800D5C0E5 /* speex_jitter.h */ = {isa = PBXFileReference; fileEncoding = 4; lastKnownFileType = sourcecode.c.h; path = speex_jitter.h; sourceTree = "<group>"; };
		783D2A1918F7F47800D5C0E5 /* speex_preprocess.h */ = {isa = PBXFileReference; fileEncoding = 4; lastKnownFileType = sourcecode.c.h; path = speex_preprocess.h; sourceTree = "<group>"; };
		783D2A1A18F7F47800D5C0E5 /* speex_resampler.h */ = {isa = PBXFileReference; fileEncoding = 4; lastKnownFileType = sourcecode.c.h; path = speex_resampler.h; sourceTree = "<group>"; };
		783D2A1B18F7F47800D5C0E5 /* speex_stereo.h */ = {isa = PBXFileReference; fileEncoding = 4; lastKnownFileType = sourcecode.c.h; path = speex_stereo.h; sourceTree = "<group>"; };
		783D2A1C18F7F47800D5C0E5 /* speex_types.h */ = {isa = PBXFileReference; fileEncoding = 4; lastKnownFileType = sourcecode.c.h; path = speex_types.h; sourceTree = "<group>"; };
		783D2A1D18F7F47800D5C0E5 /* RiffFile.cpp */ = {isa = PBXFileReference; fileEncoding = 4; lastKnownFileType = sourcecode.cpp.cpp; name = RiffFile.cpp; path = ../../../../../../SpeexLib/SPEEXConverter/SPEEXConverter/RiffFile.cpp; sourceTree = "<group>"; };
		783D2A1E18F7F47800D5C0E5 /* RiffFile.h */ = {isa = PBXFileReference; fileEncoding = 4; lastKnownFileType = sourcecode.c.h; name = RiffFile.h; path = ../../../../../../SpeexLib/SPEEXConverter/SPEEXConverter/RiffFile.h; sourceTree = "<group>"; };
		783D2A1F18F7F47800D5C0E5 /* SpeexACMConvert.cpp */ = {isa = PBXFileReference; fileEncoding = 4; lastKnownFileType = sourcecode.cpp.cpp; name = SpeexACMConvert.cpp; path = ../../../../../../SpeexLib/SPEEXConverter/SPEEXConverter/SpeexACMConvert.cpp; sourceTree = "<group>"; };
		783D2A2018F7F47800D5C0E5 /* SpeexACMConvert.h */ = {isa = PBXFileReference; fileEncoding = 4; lastKnownFileType = sourcecode.c.h; name = SpeexACMConvert.h; path = ../../../../../../SpeexLib/SPEEXConverter/SPEEXConverter/SpeexACMConvert.h; sourceTree = "<group>"; };
		783D2A2118F7F47800D5C0E5 /* WaveFile.cpp */ = {isa = PBXFileReference; fileEncoding = 4; lastKnownFileType = sourcecode.cpp.cpp; name = WaveFile.cpp; path = ../../../../../../SpeexLib/SPEEXConverter/SPEEXConverter/WaveFile.cpp; sourceTree = "<group>"; };
		783D2A2218F7F47800D5C0E5 /* WaveFile.h */ = {isa = PBXFileReference; fileEncoding = 4; lastKnownFileType = sourcecode.c.h; name = WaveFile.h; path = ../../../../../../SpeexLib/SPEEXConverter/SPEEXConverter/WaveFile.h; sourceTree = "<group>"; };
		783D2A2318F7F47800D5C0E5 /* WaveSpeexFile.cpp */ = {isa = PBXFileReference; fileEncoding = 4; lastKnownFileType = sourcecode.cpp.cpp; name = WaveSpeexFile.cpp; path = ../../../../../../SpeexLib/SPEEXConverter/SPEEXConverter/WaveSpeexFile.cpp; sourceTree = "<group>"; };
		783D2A2418F7F47800D5C0E5 /* WaveSpeexFile.h */ = {isa = PBXFileReference; fileEncoding = 4; lastKnownFileType = sourcecode.c.h; name = WaveSpeexFile.h; path = ../../../../../../SpeexLib/SPEEXConverter/SPEEXConverter/WaveSpeexFile.h; sourceTree = "<group>"; };
		783D2A5318F7F51C00D5C0E5 /* 1397141803000.wav */ = {isa = PBXFileReference; lastKnownFileType = audio.wav; path = 1397141803000.wav; sourceTree = "<group>"; };
		783D2A5418F7F51C00D5C0E5 /* 1397208728800-speex.wav */ = {isa = PBXFileReference; lastKnownFileType = audio.wav; path = "1397208728800-speex.wav"; sourceTree = "<group>"; };
		783F23FA18EB0FA30046520A /* SREditRecordViewController.h */ = {isa = PBXFileReference; fileEncoding = 4; lastKnownFileType = sourcecode.c.h; path = SREditRecordViewController.h; sourceTree = "<group>"; };
		783F23FB18EB0FA30046520A /* SREditRecordViewController.m */ = {isa = PBXFileReference; fileEncoding = 4; lastKnownFileType = sourcecode.c.objc; path = SREditRecordViewController.m; sourceTree = "<group>"; };
		783F23FC18EB0FA30046520A /* SREditRecordViewController.xib */ = {isa = PBXFileReference; fileEncoding = 4; lastKnownFileType = file.xib; path = SREditRecordViewController.xib; sourceTree = "<group>"; };
		783F23FD18EB0FA30046520A /* SRMainViewController.h */ = {isa = PBXFileReference; fileEncoding = 4; lastKnownFileType = sourcecode.c.h; path = SRMainViewController.h; sourceTree = "<group>"; };
		783F23FE18EB0FA30046520A /* SRMainViewController.m */ = {isa = PBXFileReference; fileEncoding = 4; lastKnownFileType = sourcecode.c.objc; path = SRMainViewController.m; sourceTree = "<group>"; };
		783F23FF18EB0FA30046520A /* SRMainViewController.xib */ = {isa = PBXFileReference; fileEncoding = 4; lastKnownFileType = file.xib; path = SRMainViewController.xib; sourceTree = "<group>"; };
		783F240018EB0FA30046520A /* SRAppDelegate.h */ = {isa = PBXFileReference; fileEncoding = 4; lastKnownFileType = sourcecode.c.h; path = SRAppDelegate.h; sourceTree = "<group>"; };
		783F240118EB0FA30046520A /* SRAppDelegate.mm */ = {isa = PBXFileReference; fileEncoding = 4; lastKnownFileType = sourcecode.cpp.objcpp; lineEnding = 2; path = SRAppDelegate.mm; sourceTree = "<group>"; xcLanguageSpecificationIdentifier = xcode.lang.objcpp; };
		783F240418EB0FA30046520A /* en */ = {isa = PBXFileReference; lastKnownFileType = text.plist.strings; name = en; path = en.lproj/InfoPlist.strings; sourceTree = "<group>"; };
		783F240A18EB0FA30046520A /* Images.xcassets */ = {isa = PBXFileReference; lastKnownFileType = folder.assetcatalog; path = Images.xcassets; sourceTree = "<group>"; };
		786941EF1859AF3500EA2D98 /* SoundRecorder.app */ = {isa = PBXFileReference; explicitFileType = wrapper.application; includeInIndex = 0; path = SoundRecorder.app; sourceTree = BUILT_PRODUCTS_DIR; };
		786941F21859AF3500EA2D98 /* Foundation.framework */ = {isa = PBXFileReference; lastKnownFileType = wrapper.framework; name = Foundation.framework; path = System/Library/Frameworks/Foundation.framework; sourceTree = SDKROOT; };
		786941F41859AF3500EA2D98 /* CoreGraphics.framework */ = {isa = PBXFileReference; lastKnownFileType = wrapper.framework; name = CoreGraphics.framework; path = System/Library/Frameworks/CoreGraphics.framework; sourceTree = SDKROOT; };
		786941F61859AF3500EA2D98 /* UIKit.framework */ = {isa = PBXFileReference; lastKnownFileType = wrapper.framework; name = UIKit.framework; path = System/Library/Frameworks/UIKit.framework; sourceTree = SDKROOT; };
		786941FA1859AF3500EA2D98 /* SoundRecorder-Info.plist */ = {isa = PBXFileReference; lastKnownFileType = text.plist.xml; path = "SoundRecorder-Info.plist"; sourceTree = "<group>"; };
		786941FE1859AF3500EA2D98 /* main.m */ = {isa = PBXFileReference; lastKnownFileType = sourcecode.c.objc; path = main.m; sourceTree = "<group>"; };
		786942001859AF3500EA2D98 /* SoundRecorder-Prefix.pch */ = {isa = PBXFileReference; lastKnownFileType = sourcecode.c.h; path = "SoundRecorder-Prefix.pch"; sourceTree = "<group>"; };
		786942101859AF3500EA2D98 /* SoundRecorderTests.xctest */ = {isa = PBXFileReference; explicitFileType = wrapper.cfbundle; includeInIndex = 0; path = SoundRecorderTests.xctest; sourceTree = BUILT_PRODUCTS_DIR; };
		786942111859AF3500EA2D98 /* XCTest.framework */ = {isa = PBXFileReference; lastKnownFileType = wrapper.framework; name = XCTest.framework; path = Library/Frameworks/XCTest.framework; sourceTree = DEVELOPER_DIR; };
		786942191859AF3500EA2D98 /* SoundRecorderTests-Info.plist */ = {isa = PBXFileReference; lastKnownFileType = text.plist.xml; path = "SoundRecorderTests-Info.plist"; sourceTree = "<group>"; };
		7869421B1859AF3500EA2D98 /* en */ = {isa = PBXFileReference; lastKnownFileType = text.plist.strings; name = en; path = en.lproj/InfoPlist.strings; sourceTree = "<group>"; };
		7869421D1859AF3500EA2D98 /* SoundRecorderTests.m */ = {isa = PBXFileReference; lastKnownFileType = sourcecode.c.objc; path = SoundRecorderTests.m; sourceTree = "<group>"; };
		786E7D80185B55210091731F /* AudioToolbox.framework */ = {isa = PBXFileReference; lastKnownFileType = wrapper.framework; name = AudioToolbox.framework; path = System/Library/Frameworks/AudioToolbox.framework; sourceTree = SDKROOT; };
		7876101318F6A58F00F17ACD /* button_pin01_0.png */ = {isa = PBXFileReference; lastKnownFileType = image.png; path = button_pin01_0.png; sourceTree = "<group>"; };
		7876101418F6A58F00F17ACD /* button_pin02_0.png */ = {isa = PBXFileReference; lastKnownFileType = image.png; path = button_pin02_0.png; sourceTree = "<group>"; };
		7876101518F6A58F00F17ACD /* button_pin03_0.png */ = {isa = PBXFileReference; lastKnownFileType = image.png; path = button_pin03_0.png; sourceTree = "<group>"; };
		7876101618F6A58F00F17ACD /* button_record02_0.png */ = {isa = PBXFileReference; lastKnownFileType = image.png; path = button_record02_0.png; sourceTree = "<group>"; };
		7876101718F6A58F00F17ACD /* button01_0.png */ = {isa = PBXFileReference; lastKnownFileType = image.png; path = button01_0.png; sourceTree = "<group>"; };
		7876101818F6A58F00F17ACD /* button01_1.png */ = {isa = PBXFileReference; lastKnownFileType = image.png; path = button01_1.png; sourceTree = "<group>"; };
		7876101918F6A58F00F17ACD /* button02_1.png */ = {isa = PBXFileReference; lastKnownFileType = image.png; path = button02_1.png; sourceTree = "<group>"; };
		7876101A18F6A58F00F17ACD /* button02_2.png */ = {isa = PBXFileReference; lastKnownFileType = image.png; path = button02_2.png; sourceTree = "<group>"; };
		7876101B18F6A58F00F17ACD /* button03_0.png */ = {isa = PBXFileReference; lastKnownFileType = image.png; path = button03_0.png; sourceTree = "<group>"; };
		7876101C18F6A58F00F17ACD /* button05_1.png */ = {isa = PBXFileReference; lastKnownFileType = image.png; path = button05_1.png; sourceTree = "<group>"; };
		7876101D18F6A58F00F17ACD /* button06_1.png */ = {isa = PBXFileReference; lastKnownFileType = image.png; path = button06_1.png; sourceTree = "<group>"; };
		7876101E18F6A58F00F17ACD /* button07_1.png */ = {isa = PBXFileReference; lastKnownFileType = image.png; path = button07_1.png; sourceTree = "<group>"; };
		7876101F18F6A58F00F17ACD /* button08_1.png */ = {isa = PBXFileReference; lastKnownFileType = image.png; path = button08_1.png; sourceTree = "<group>"; };
		7876102018F6A58F00F17ACD /* header.9.png */ = {isa = PBXFileReference; lastKnownFileType = image.png; path = header.9.png; sourceTree = "<group>"; };
		7876102118F6A58F00F17ACD /* ic_action_accept.png */ = {isa = PBXFileReference; lastKnownFileType = image.png; path = ic_action_accept.png; sourceTree = "<group>"; };
		7876102218F6A58F00F17ACD /* ic_action_edit.png */ = {isa = PBXFileReference; lastKnownFileType = image.png; path = ic_action_edit.png; sourceTree = "<group>"; };
		7876102318F6A58F00F17ACD /* ic_action_forward.png */ = {isa = PBXFileReference; lastKnownFileType = image.png; path = ic_action_forward.png; sourceTree = "<group>"; };
		7876102418F6A58F00F17ACD /* ic_action_mic.png */ = {isa = PBXFileReference; lastKnownFileType = image.png; path = ic_action_mic.png; sourceTree = "<group>"; };
		7876102518F6A58F00F17ACD /* ic_action_new.png */ = {isa = PBXFileReference; lastKnownFileType = image.png; path = ic_action_new.png; sourceTree = "<group>"; };
		7876102618F6A58F00F17ACD /* ic_action_overflow.png */ = {isa = PBXFileReference; lastKnownFileType = image.png; path = ic_action_overflow.png; sourceTree = "<group>"; };
		7876102718F6A58F00F17ACD /* ic_action_pause.png */ = {isa = PBXFileReference; lastKnownFileType = image.png; path = ic_action_pause.png; sourceTree = "<group>"; };
		7876102818F6A58F00F17ACD /* ic_action_play.png */ = {isa = PBXFileReference; lastKnownFileType = image.png; path = ic_action_play.png; sourceTree = "<group>"; };
		7876102918F6A58F00F17ACD /* ic_action_remove.png */ = {isa = PBXFileReference; lastKnownFileType = image.png; path = ic_action_remove.png; sourceTree = "<group>"; };
		7876102A18F6A58F00F17ACD /* ic_action_split.png */ = {isa = PBXFileReference; lastKnownFileType = image.png; path = ic_action_split.png; sourceTree = "<group>"; };
		7876102B18F6A58F00F17ACD /* ic_action_stop.png */ = {isa = PBXFileReference; lastKnownFileType = image.png; path = ic_action_stop.png; sourceTree = "<group>"; };
		7876102C18F6A58F00F17ACD /* ic_launcher.png */ = {isa = PBXFileReference; lastKnownFileType = image.png; path = ic_launcher.png; sourceTree = "<group>"; };
		7876102D18F6A58F00F17ACD /* list_header.9.png */ = {isa = PBXFileReference; lastKnownFileType = image.png; path = list_header.9.png; sourceTree = "<group>"; };
		7876102E18F6A58F00F17ACD /* list_item_bg.9.png */ = {isa = PBXFileReference; lastKnownFileType = image.png; path = list_item_bg.9.png; sourceTree = "<group>"; };
		7876102F18F6A58F00F17ACD /* pause.png */ = {isa = PBXFileReference; lastKnownFileType = image.png; path = pause.png; sourceTree = "<group>"; };
		7876103018F6A58F00F17ACD /* play.png */ = {isa = PBXFileReference; lastKnownFileType = image.png; path = play.png; sourceTree = "<group>"; };
		7876103118F6A58F00F17ACD /* record.png */ = {isa = PBXFileReference; lastKnownFileType = image.png; path = record.png; sourceTree = "<group>"; };
		7876103218F6A58F00F17ACD /* save_0.png */ = {isa = PBXFileReference; lastKnownFileType = image.png; path = save_0.png; sourceTree = "<group>"; };
		7876103318F6A58F00F17ACD /* scale_.png */ = {isa = PBXFileReference; lastKnownFileType = image.png; path = scale_.png; sourceTree = "<group>"; };
		7876103418F6A58F00F17ACD /* send_0.png */ = {isa = PBXFileReference; lastKnownFileType = image.png; path = send_0.png; sourceTree = "<group>"; };
		7876103518F6A58F00F17ACD /* stop.png */ = {isa = PBXFileReference; lastKnownFileType = image.png; path = stop.png; sourceTree = "<group>"; };
		7876103618F6A58F00F17ACD /* volume_0.9.png */ = {isa = PBXFileReference; lastKnownFileType = image.png; path = volume_0.9.png; sourceTree = "<group>"; };
		7876103718F6A58F00F17ACD /* volume_1.9.png */ = {isa = PBXFileReference; lastKnownFileType = image.png; path = volume_1.9.png; sourceTree = "<group>"; };
		7876103818F6A58F00F17ACD /* volume_cursor.png */ = {isa = PBXFileReference; lastKnownFileType = image.png; path = volume_cursor.png; sourceTree = "<group>"; };
		7876105F18F6A78600F17ACD /* play_pin-cursor.png */ = {isa = PBXFileReference; lastKnownFileType = image.png; path = "play_pin-cursor.png"; sourceTree = "<group>"; };
		7876106018F6A78600F17ACD /* rec_red-cursor.png */ = {isa = PBXFileReference; lastKnownFileType = image.png; path = "rec_red-cursor.png"; sourceTree = "<group>"; };
		7876106118F6A78600F17ACD /* stop_blue.png */ = {isa = PBXFileReference; lastKnownFileType = image.png; path = stop_blue.png; sourceTree = "<group>"; };
		7876106518F6AAFD00F17ACD /* send.png */ = {isa = PBXFileReference; lastKnownFileType = image.png; path = send.png; sourceTree = "<group>"; };
		7876106618F6AAFD00F17ACD /* send_disabled.png */ = {isa = PBXFileReference; lastKnownFileType = image.png; path = send_disabled.png; sourceTree = "<group>"; };
		7876106918F6AB2300F17ACD /* save.png */ = {isa = PBXFileReference; lastKnownFileType = image.png; path = save.png; sourceTree = "<group>"; };
		7876106A18F6AB2300F17ACD /* save_disabled.png */ = {isa = PBXFileReference; lastKnownFileType = image.png; path = save_disabled.png; sourceTree = "<group>"; };
		788CE50B18F8101C002746A7 /* SRSound.h */ = {isa = PBXFileReference; fileEncoding = 4; lastKnownFileType = sourcecode.c.h; path = SRSound.h; sourceTree = "<group>"; };
		788CE50C18F8101C002746A7 /* SRSound.m */ = {isa = PBXFileReference; fileEncoding = 4; lastKnownFileType = sourcecode.c.objc; path = SRSound.m; sourceTree = "<group>"; };
		788CE50E18F81105002746A7 /* SEProject.h */ = {isa = PBXFileReference; fileEncoding = 4; lastKnownFileType = sourcecode.c.h; path = SEProject.h; sourceTree = "<group>"; };
		788CE50F18F81105002746A7 /* SEProject.m */ = {isa = PBXFileReference; fileEncoding = 4; lastKnownFileType = sourcecode.c.objc; path = SEProject.m; sourceTree = "<group>"; };
		788CE51118F81122002746A7 /* SRAudioStreamPlayer.h */ = {isa = PBXFileReference; fileEncoding = 4; lastKnownFileType = sourcecode.c.h; path = SRAudioStreamPlayer.h; sourceTree = "<group>"; };
		788CE51218F81122002746A7 /* SRAudioStreamPlayer.m */ = {isa = PBXFileReference; fileEncoding = 4; lastKnownFileType = sourcecode.c.objc; path = SRAudioStreamPlayer.m; sourceTree = "<group>"; };
		788CE51418F8120D002746A7 /* SEProjectAudioStream.h */ = {isa = PBXFileReference; fileEncoding = 4; lastKnownFileType = sourcecode.c.h; path = SEProjectAudioStream.h; sourceTree = "<group>"; };
		788CE51518F8120D002746A7 /* SEProjectAudioStream.m */ = {isa = PBXFileReference; fileEncoding = 4; lastKnownFileType = sourcecode.c.objc; path = SEProjectAudioStream.m; sourceTree = "<group>"; };
		788CE51718F81363002746A7 /* SERecord.h */ = {isa = PBXFileReference; fileEncoding = 4; lastKnownFileType = sourcecode.c.h; path = SERecord.h; sourceTree = "<group>"; };
		788CE51818F81363002746A7 /* SERecord.m */ = {isa = PBXFileReference; fileEncoding = 4; lastKnownFileType = sourcecode.c.objc; path = SERecord.m; sourceTree = "<group>"; };
		788CE51A18F81823002746A7 /* SERecordAudioStream.h */ = {isa = PBXFileReference; fileEncoding = 4; lastKnownFileType = sourcecode.c.h; path = SERecordAudioStream.h; sourceTree = "<group>"; };
		788CE51B18F81823002746A7 /* SERecordAudioStream.m */ = {isa = PBXFileReference; fileEncoding = 4; lastKnownFileType = sourcecode.c.objc; path = SERecordAudioStream.m; sourceTree = "<group>"; };
		788CE52018F83BF2002746A7 /* SESpeexACMAudioStream.h */ = {isa = PBXFileReference; fileEncoding = 4; lastKnownFileType = sourcecode.c.h; path = SESpeexACMAudioStream.h; sourceTree = "<group>"; };
		788CE52118F83BF2002746A7 /* SESpeexACMAudioStream.m */ = {isa = PBXFileReference; fileEncoding = 4; lastKnownFileType = sourcecode.c.objc; path = SESpeexACMAudioStream.m; sourceTree = "<group>"; };
		789AADE318F3FB63008ECF92 /* rec1.wav */ = {isa = PBXFileReference; lastKnownFileType = audio.wav; path = rec1.wav; sourceTree = "<group>"; };
		789AAE9518F435B0008ECF92 /* SRProjectViewController.h */ = {isa = PBXFileReference; fileEncoding = 4; lastKnownFileType = sourcecode.c.h; lineEnding = 0; path = SRProjectViewController.h; sourceTree = "<group>"; xcLanguageSpecificationIdentifier = xcode.lang.objcpp; };
		789AAE9618F435B0008ECF92 /* SRProjectViewController.m */ = {isa = PBXFileReference; fileEncoding = 4; lastKnownFileType = sourcecode.c.objc; lineEnding = 0; path = SRProjectViewController.m; sourceTree = "<group>"; xcLanguageSpecificationIdentifier = xcode.lang.objc; };
		789AAE9718F435B0008ECF92 /* SRProjectViewController.xib */ = {isa = PBXFileReference; fileEncoding = 4; lastKnownFileType = file.xib; path = SRProjectViewController.xib; sourceTree = "<group>"; };
		789B83A5185B1B2D00E6B5CD /* AVFoundation.framework */ = {isa = PBXFileReference; lastKnownFileType = wrapper.framework; name = AVFoundation.framework; path = System/Library/Frameworks/AVFoundation.framework; sourceTree = SDKROOT; };
		789CBDB118F2A0E90091D85A /* SRPlayerViewController.h */ = {isa = PBXFileReference; fileEncoding = 4; lastKnownFileType = sourcecode.c.h; path = SRPlayerViewController.h; sourceTree = "<group>"; };
		789CBDB218F2A0E90091D85A /* SRPlayerViewController.mm */ = {isa = PBXFileReference; fileEncoding = 4; lastKnownFileType = sourcecode.cpp.objcpp; path = SRPlayerViewController.mm; sourceTree = "<group>"; };
		789CBDB318F2A0E90091D85A /* SRPlayerViewController.xib */ = {isa = PBXFileReference; fileEncoding = 4; lastKnownFileType = file.xib; path = SRPlayerViewController.xib; sourceTree = "<group>"; };
		789CBDB618F2A14D0091D85A /* rec_spx.wav */ = {isa = PBXFileReference; lastKnownFileType = audio.wav; path = rec_spx.wav; sourceTree = "<group>"; };
		789CBDB718F2A14D0091D85A /* rec.wav */ = {isa = PBXFileReference; lastKnownFileType = audio.wav; path = rec.wav; sourceTree = "<group>"; };
/* End PBXFileReference section */

/* Begin PBXFrameworksBuildPhase section */
		786941EC1859AF3500EA2D98 /* Frameworks */ = {
			isa = PBXFrameworksBuildPhase;
			buildActionMask = 2147483647;
			files = (
				786E7D81185B55210091731F /* AudioToolbox.framework in Frameworks */,
				789B83A6185B1B2D00E6B5CD /* AVFoundation.framework in Frameworks */,
				786941F51859AF3500EA2D98 /* CoreGraphics.framework in Frameworks */,
				786941F71859AF3500EA2D98 /* UIKit.framework in Frameworks */,
				786941F31859AF3500EA2D98 /* Foundation.framework in Frameworks */,
			);
			runOnlyForDeploymentPostprocessing = 0;
		};
		7869420D1859AF3500EA2D98 /* Frameworks */ = {
			isa = PBXFrameworksBuildPhase;
			buildActionMask = 2147483647;
			files = (
				786942121859AF3500EA2D98 /* XCTest.framework in Frameworks */,
				786942141859AF3500EA2D98 /* UIKit.framework in Frameworks */,
				786942131859AF3500EA2D98 /* Foundation.framework in Frameworks */,
			);
			runOnlyForDeploymentPostprocessing = 0;
		};
/* End PBXFrameworksBuildPhase section */

/* Begin PBXGroup section */
		7810F1D118F7F74000B22370 /* Speex */ = {
			isa = PBXGroup;
			children = (
				783D29B718F7F47800D5C0E5 /* CSource */,
				783D2A1D18F7F47800D5C0E5 /* RiffFile.cpp */,
				783D2A1E18F7F47800D5C0E5 /* RiffFile.h */,
				783D2A1F18F7F47800D5C0E5 /* SpeexACMConvert.cpp */,
				783D2A2018F7F47800D5C0E5 /* SpeexACMConvert.h */,
				783D2A2118F7F47800D5C0E5 /* WaveFile.cpp */,
				783D2A2218F7F47800D5C0E5 /* WaveFile.h */,
				783D2A2318F7F47800D5C0E5 /* WaveSpeexFile.cpp */,
				783D2A2418F7F47800D5C0E5 /* WaveSpeexFile.h */,
			);
			name = Speex;
			sourceTree = "<group>";
		};
		7810F1DB18F80F8E00B22370 /* Temp */ = {
			isa = PBXGroup;
			children = (
				788CE51118F81122002746A7 /* SRAudioStreamPlayer.h */,
				788CE51218F81122002746A7 /* SRAudioStreamPlayer.m */,
				7810F1DC18F80F8E00B22370 /* SRRecord.h */,
				7810F1DD18F80F8E00B22370 /* SRRecord.m */,
				7810F1DF18F80FAB00B22370 /* SRProject.h */,
				7810F1E018F80FAB00B22370 /* SRProject.mm */,
				788CE50B18F8101C002746A7 /* SRSound.h */,
				788CE50C18F8101C002746A7 /* SRSound.m */,
			);
			path = Temp;
			sourceTree = "<group>";
		};
		7835601818EBEC9900A65447 /* Views */ = {
			isa = PBXGroup;
			children = (
				7835601918EBEC9900A65447 /* IBKAlertView.h */,
				7835601A18EBEC9900A65447 /* IBKAlertView.m */,
			);
			path = Views;
			sourceTree = "<group>";
		};
		783D286C18F7F32900D5C0E5 /* SoundEditor */ = {
			isa = PBXGroup;
			children = (
				788CE50E18F81105002746A7 /* SEProject.h */,
				788CE50F18F81105002746A7 /* SEProject.m */,
				788CE51418F8120D002746A7 /* SEProjectAudioStream.h */,
				788CE51518F8120D002746A7 /* SEProjectAudioStream.m */,
				788CE51718F81363002746A7 /* SERecord.h */,
				788CE51818F81363002746A7 /* SERecord.m */,
				788CE51A18F81823002746A7 /* SERecordAudioStream.h */,
				788CE51B18F81823002746A7 /* SERecordAudioStream.m */,
				7810F1D218F7FC4600B22370 /* SEAudioStream.h */,
				7810F1D318F7FC4600B22370 /* SEAudioStream.m */,
				7810F1D818F800D700B22370 /* SEAudioStreamPlayer.h */,
				7810F1D918F800D700B22370 /* SEAudioStreamPlayer.m */,
				788CE52018F83BF2002746A7 /* SESpeexACMAudioStream.h */,
				788CE52118F83BF2002746A7 /* SESpeexACMAudioStream.m */,
				783D288318F7F35C00D5C0E5 /* Internal */,
			);
			path = SoundEditor;
			sourceTree = "<group>";
		};
		783D288318F7F35C00D5C0E5 /* Internal */ = {
			isa = PBXGroup;
			children = (
				7810F1D118F7F74000B22370 /* Speex */,
				783D288618F7F35C00D5C0E5 /* SEModel.h */,
				783D288718F7F35C00D5C0E5 /* SEModel.m */,
			);
			path = Internal;
			sourceTree = "<group>";
		};
		783D29B718F7F47800D5C0E5 /* CSource */ = {
			isa = PBXGroup;
			children = (
				783D29B818F7F47800D5C0E5 /* config.h */,
				783D29B918F7F47800D5C0E5 /* libspeex */,
				783D2A1018F7F47800D5C0E5 /* speex */,
			);
			name = CSource;
			path = ../../../../../../SpeexLib/SPEEXConverter/SPEEXConverter/CSource;
			sourceTree = "<group>";
		};
		783D29B918F7F47800D5C0E5 /* libspeex */ = {
			isa = PBXGroup;
			children = (
				783D29BA18F7F47800D5C0E5 /* _kiss_fft_guts.h */,
				783D29BB18F7F47800D5C0E5 /* arch.h */,
				783D29BC18F7F47800D5C0E5 /* bits.c */,
				783D29BD18F7F47800D5C0E5 /* buffer.c */,
				783D29BE18F7F47800D5C0E5 /* cb_search.c */,
				783D29BF18F7F47800D5C0E5 /* cb_search.h */,
				783D29C018F7F47800D5C0E5 /* cb_search_arm4.h */,
				783D29C118F7F47800D5C0E5 /* cb_search_bfin.h */,
				783D29C218F7F47800D5C0E5 /* cb_search_sse.h */,
				783D29C318F7F47800D5C0E5 /* exc_10_16_table.c */,
				783D29C418F7F47800D5C0E5 /* exc_10_32_table.c */,
				783D29C518F7F47800D5C0E5 /* exc_20_32_table.c */,
				783D29C618F7F47800D5C0E5 /* exc_5_256_table.c */,
				783D29C718F7F47800D5C0E5 /* exc_5_64_table.c */,
				783D29C818F7F47800D5C0E5 /* exc_8_128_table.c */,
				783D29C918F7F47800D5C0E5 /* fftwrap.c */,
				783D29CA18F7F47800D5C0E5 /* fftwrap.h */,
				783D29CB18F7F47800D5C0E5 /* filterbank.c */,
				783D29CC18F7F47800D5C0E5 /* filterbank.h */,
				783D29CD18F7F47800D5C0E5 /* filters.c */,
				783D29CE18F7F47800D5C0E5 /* filters.h */,
				783D29CF18F7F47800D5C0E5 /* filters_arm4.h */,
				783D29D018F7F47800D5C0E5 /* filters_bfin.h */,
				783D29D118F7F47800D5C0E5 /* filters_sse.h */,
				783D29D218F7F47800D5C0E5 /* fixed_arm4.h */,
				783D29D318F7F47800D5C0E5 /* fixed_arm5e.h */,
				783D29D418F7F47800D5C0E5 /* fixed_bfin.h */,
				783D29D518F7F47800D5C0E5 /* fixed_debug.h */,
				783D29D618F7F47800D5C0E5 /* fixed_generic.h */,
				783D29D718F7F47800D5C0E5 /* gain_table.c */,
				783D29D818F7F47800D5C0E5 /* gain_table_lbr.c */,
				783D29D918F7F47800D5C0E5 /* hexc_10_32_table.c */,
				783D29DA18F7F47800D5C0E5 /* hexc_table.c */,
				783D29DB18F7F47800D5C0E5 /* high_lsp_tables.c */,
				783D29DC18F7F47800D5C0E5 /* jitter.c */,
				783D29DD18F7F47800D5C0E5 /* kiss_fft.c */,
				783D29DE18F7F47800D5C0E5 /* kiss_fft.h */,
				783D29DF18F7F47800D5C0E5 /* kiss_fftr.c */,
				783D29E018F7F47800D5C0E5 /* kiss_fftr.h */,
				783D29E118F7F47800D5C0E5 /* lpc.c */,
				783D29E218F7F47800D5C0E5 /* lpc.h */,
				783D29E318F7F47800D5C0E5 /* lpc_bfin.h */,
				783D29E418F7F47800D5C0E5 /* lsp.c */,
				783D29E518F7F47800D5C0E5 /* lsp.h */,
				783D29E618F7F47800D5C0E5 /* lsp_bfin.h */,
				783D29E718F7F47800D5C0E5 /* lsp_tables_nb.c */,
				783D29E818F7F47800D5C0E5 /* ltp.c */,
				783D29E918F7F47800D5C0E5 /* ltp.h */,
				783D29EA18F7F47800D5C0E5 /* ltp_arm4.h */,
				783D29EB18F7F47800D5C0E5 /* ltp_bfin.h */,
				783D29EC18F7F47800D5C0E5 /* ltp_sse.h */,
				783D29ED18F7F47800D5C0E5 /* math_approx.h */,
				783D29EE18F7F47800D5C0E5 /* mdf.c */,
				783D29EF18F7F47800D5C0E5 /* misc_bfin.h */,
				783D29F018F7F47800D5C0E5 /* modes.c */,
				783D29F118F7F47800D5C0E5 /* modes.h */,
				783D29F218F7F47800D5C0E5 /* modes_wb.c */,
				783D29F318F7F47800D5C0E5 /* nb_celp.c */,
				783D29F418F7F47800D5C0E5 /* nb_celp.h */,
				783D29F518F7F47800D5C0E5 /* os_support.h */,
				783D29F618F7F47800D5C0E5 /* preprocess.c */,
				783D29F718F7F47800D5C0E5 /* pseudofloat.h */,
				783D29F818F7F47800D5C0E5 /* quant_lsp.c */,
				783D29F918F7F47800D5C0E5 /* quant_lsp.h */,
				783D29FA18F7F47800D5C0E5 /* quant_lsp_bfin.h */,
				783D29FB18F7F47800D5C0E5 /* resample.c */,
				783D29FC18F7F47800D5C0E5 /* resample_sse.h */,
				783D29FD18F7F47800D5C0E5 /* sb_celp.c */,
				783D29FE18F7F47800D5C0E5 /* sb_celp.h */,
				783D29FF18F7F47800D5C0E5 /* scal.c */,
				783D2A0018F7F47800D5C0E5 /* smallft.c */,
				783D2A0118F7F47800D5C0E5 /* smallft.h */,
				783D2A0218F7F47800D5C0E5 /* speex.c */,
				783D2A0318F7F47800D5C0E5 /* speex_callbacks.c */,
				783D2A0418F7F47800D5C0E5 /* speex_header.c */,
				783D2A0518F7F47800D5C0E5 /* stack_alloc.h */,
				783D2A0618F7F47800D5C0E5 /* stereo.c */,
				783D2A0718F7F47800D5C0E5 /* vbr.c */,
				783D2A0818F7F47800D5C0E5 /* vbr.h */,
				783D2A0918F7F47800D5C0E5 /* vorbis_psy.h */,
				783D2A0A18F7F47800D5C0E5 /* vq.c */,
				783D2A0B18F7F47800D5C0E5 /* vq.h */,
				783D2A0C18F7F47800D5C0E5 /* vq_arm4.h */,
				783D2A0D18F7F47800D5C0E5 /* vq_bfin.h */,
				783D2A0E18F7F47800D5C0E5 /* vq_sse.h */,
				783D2A0F18F7F47800D5C0E5 /* window.c */,
			);
			path = libspeex;
			sourceTree = "<group>";
		};
		783D2A1018F7F47800D5C0E5 /* speex */ = {
			isa = PBXGroup;
			children = (
				783D2A1118F7F47800D5C0E5 /* speex.h */,
				783D2A1218F7F47800D5C0E5 /* speex_bits.h */,
				783D2A1318F7F47800D5C0E5 /* speex_buffer.h */,
				783D2A1418F7F47800D5C0E5 /* speex_callbacks.h */,
				783D2A1518F7F47800D5C0E5 /* speex_config_types.h.in */,
				783D2A1618F7F47800D5C0E5 /* speex_echo.h */,
				783D2A1718F7F47800D5C0E5 /* speex_header.h */,
				783D2A1818F7F47800D5C0E5 /* speex_jitter.h */,
				783D2A1918F7F47800D5C0E5 /* speex_preprocess.h */,
				783D2A1A18F7F47800D5C0E5 /* speex_resampler.h */,
				783D2A1B18F7F47800D5C0E5 /* speex_stereo.h */,
				783D2A1C18F7F47800D5C0E5 /* speex_types.h */,
			);
			path = speex;
			sourceTree = "<group>";
		};
		783F23F118EB0FA30046520A /* Classes */ = {
			isa = PBXGroup;
			children = (
				783F240018EB0FA30046520A /* SRAppDelegate.h */,
				783F240118EB0FA30046520A /* SRAppDelegate.mm */,
				783F23F218EB0FA30046520A /* Core */,
				783F23F818EB0FA30046520A /* GUI */,
			);
			path = Classes;
			sourceTree = "<group>";
		};
		783F23F218EB0FA30046520A /* Core */ = {
			isa = PBXGroup;
			children = (
				7810F1DB18F80F8E00B22370 /* Temp */,
				783D286C18F7F32900D5C0E5 /* SoundEditor */,
			);
			path = Core;
			sourceTree = "<group>";
		};
		783F23F818EB0FA30046520A /* GUI */ = {
			isa = PBXGroup;
			children = (
				7835601818EBEC9900A65447 /* Views */,
				783F23F918EB0FA30046520A /* Controllers */,
			);
			path = GUI;
			sourceTree = "<group>";
		};
		783F23F918EB0FA30046520A /* Controllers */ = {
			isa = PBXGroup;
			children = (
				783F23FA18EB0FA30046520A /* SREditRecordViewController.h */,
				783F23FB18EB0FA30046520A /* SREditRecordViewController.m */,
				783F23FC18EB0FA30046520A /* SREditRecordViewController.xib */,
				783F23FD18EB0FA30046520A /* SRMainViewController.h */,
				783F23FE18EB0FA30046520A /* SRMainViewController.m */,
				783F23FF18EB0FA30046520A /* SRMainViewController.xib */,
				789CBDB118F2A0E90091D85A /* SRPlayerViewController.h */,
				789CBDB218F2A0E90091D85A /* SRPlayerViewController.mm */,
				789CBDB318F2A0E90091D85A /* SRPlayerViewController.xib */,
				789AAE9518F435B0008ECF92 /* SRProjectViewController.h */,
				789AAE9618F435B0008ECF92 /* SRProjectViewController.m */,
				789AAE9718F435B0008ECF92 /* SRProjectViewController.xib */,
			);
			path = Controllers;
			sourceTree = "<group>";
		};
		783F240218EB0FA30046520A /* Resources */ = {
			isa = PBXGroup;
			children = (
				789CBDB618F2A14D0091D85A /* rec_spx.wav */,
				789CBDB718F2A14D0091D85A /* rec.wav */,
				789AADE318F3FB63008ECF92 /* rec1.wav */,
				783D2A5318F7F51C00D5C0E5 /* 1397141803000.wav */,
				783D2A5418F7F51C00D5C0E5 /* 1397208728800-speex.wav */,
				783F240318EB0FA30046520A /* InfoPlist.strings */,
				783F240518EB0FA30046520A /* Images */,
				783F240A18EB0FA30046520A /* Images.xcassets */,
			);
			path = Resources;
			sourceTree = "<group>";
		};
		783F240518EB0FA30046520A /* Images */ = {
			isa = PBXGroup;
			children = (
				7876106918F6AB2300F17ACD /* save.png */,
				7876106A18F6AB2300F17ACD /* save_disabled.png */,
				7876106518F6AAFD00F17ACD /* send.png */,
				7876106618F6AAFD00F17ACD /* send_disabled.png */,
				7876105F18F6A78600F17ACD /* play_pin-cursor.png */,
				7876106018F6A78600F17ACD /* rec_red-cursor.png */,
				7876106118F6A78600F17ACD /* stop_blue.png */,
				7876101318F6A58F00F17ACD /* button_pin01_0.png */,
				7876101418F6A58F00F17ACD /* button_pin02_0.png */,
				7876101518F6A58F00F17ACD /* button_pin03_0.png */,
				7876101618F6A58F00F17ACD /* button_record02_0.png */,
				7876101718F6A58F00F17ACD /* button01_0.png */,
				7876101818F6A58F00F17ACD /* button01_1.png */,
				7876101918F6A58F00F17ACD /* button02_1.png */,
				7876101A18F6A58F00F17ACD /* button02_2.png */,
				7876101B18F6A58F00F17ACD /* button03_0.png */,
				7876101C18F6A58F00F17ACD /* button05_1.png */,
				7876101D18F6A58F00F17ACD /* button06_1.png */,
				7876101E18F6A58F00F17ACD /* button07_1.png */,
				7876101F18F6A58F00F17ACD /* button08_1.png */,
				7876102018F6A58F00F17ACD /* header.9.png */,
				7876102118F6A58F00F17ACD /* ic_action_accept.png */,
				7876102218F6A58F00F17ACD /* ic_action_edit.png */,
				7876102318F6A58F00F17ACD /* ic_action_forward.png */,
				7876102418F6A58F00F17ACD /* ic_action_mic.png */,
				7876102518F6A58F00F17ACD /* ic_action_new.png */,
				7876102618F6A58F00F17ACD /* ic_action_overflow.png */,
				7876102718F6A58F00F17ACD /* ic_action_pause.png */,
				7876102818F6A58F00F17ACD /* ic_action_play.png */,
				7876102918F6A58F00F17ACD /* ic_action_remove.png */,
				7876102A18F6A58F00F17ACD /* ic_action_split.png */,
				7876102B18F6A58F00F17ACD /* ic_action_stop.png */,
				7876102C18F6A58F00F17ACD /* ic_launcher.png */,
				7876102D18F6A58F00F17ACD /* list_header.9.png */,
				7876102E18F6A58F00F17ACD /* list_item_bg.9.png */,
				7876102F18F6A58F00F17ACD /* pause.png */,
				7876103018F6A58F00F17ACD /* play.png */,
				7876103118F6A58F00F17ACD /* record.png */,
				7876103218F6A58F00F17ACD /* save_0.png */,
				7876103318F6A58F00F17ACD /* scale_.png */,
				7876103418F6A58F00F17ACD /* send_0.png */,
				7876103518F6A58F00F17ACD /* stop.png */,
				7876103618F6A58F00F17ACD /* volume_0.9.png */,
				7876103718F6A58F00F17ACD /* volume_1.9.png */,
				7876103818F6A58F00F17ACD /* volume_cursor.png */,
			);
			path = Images;
			sourceTree = "<group>";
		};
		786941E61859AF3500EA2D98 = {
			isa = PBXGroup;
			children = (
				786941F81859AF3500EA2D98 /* SoundRecorder */,
				786942171859AF3500EA2D98 /* SoundRecorderTests */,
				786941F11859AF3500EA2D98 /* Frameworks */,
				786941F01859AF3500EA2D98 /* Products */,
			);
			sourceTree = "<group>";
		};
		786941F01859AF3500EA2D98 /* Products */ = {
			isa = PBXGroup;
			children = (
				786941EF1859AF3500EA2D98 /* SoundRecorder.app */,
				786942101859AF3500EA2D98 /* SoundRecorderTests.xctest */,
			);
			name = Products;
			sourceTree = "<group>";
		};
		786941F11859AF3500EA2D98 /* Frameworks */ = {
			isa = PBXGroup;
			children = (
				786E7D80185B55210091731F /* AudioToolbox.framework */,
				789B83A5185B1B2D00E6B5CD /* AVFoundation.framework */,
				786941F21859AF3500EA2D98 /* Foundation.framework */,
				786941F41859AF3500EA2D98 /* CoreGraphics.framework */,
				786941F61859AF3500EA2D98 /* UIKit.framework */,
				786942111859AF3500EA2D98 /* XCTest.framework */,
			);
			name = Frameworks;
			sourceTree = "<group>";
		};
		786941F81859AF3500EA2D98 /* SoundRecorder */ = {
			isa = PBXGroup;
			children = (
				783F23F118EB0FA30046520A /* Classes */,
				783F240218EB0FA30046520A /* Resources */,
				786941F91859AF3500EA2D98 /* Supporting Files */,
			);
			path = SoundRecorder;
			sourceTree = "<group>";
		};
		786941F91859AF3500EA2D98 /* Supporting Files */ = {
			isa = PBXGroup;
			children = (
				786941FA1859AF3500EA2D98 /* SoundRecorder-Info.plist */,
				786941FE1859AF3500EA2D98 /* main.m */,
				786942001859AF3500EA2D98 /* SoundRecorder-Prefix.pch */,
			);
			name = "Supporting Files";
			sourceTree = "<group>";
		};
		786942171859AF3500EA2D98 /* SoundRecorderTests */ = {
			isa = PBXGroup;
			children = (
				7869421D1859AF3500EA2D98 /* SoundRecorderTests.m */,
				786942181859AF3500EA2D98 /* Supporting Files */,
			);
			path = SoundRecorderTests;
			sourceTree = "<group>";
		};
		786942181859AF3500EA2D98 /* Supporting Files */ = {
			isa = PBXGroup;
			children = (
				786942191859AF3500EA2D98 /* SoundRecorderTests-Info.plist */,
				7869421A1859AF3500EA2D98 /* InfoPlist.strings */,
			);
			name = "Supporting Files";
			sourceTree = "<group>";
		};
/* End PBXGroup section */

/* Begin PBXNativeTarget section */
		786941EE1859AF3500EA2D98 /* SoundRecorder */ = {
			isa = PBXNativeTarget;
			buildConfigurationList = 786942211859AF3500EA2D98 /* Build configuration list for PBXNativeTarget "SoundRecorder" */;
			buildPhases = (
				786941EB1859AF3500EA2D98 /* Sources */,
				786941EC1859AF3500EA2D98 /* Frameworks */,
				786941ED1859AF3500EA2D98 /* Resources */,
			);
			buildRules = (
			);
			dependencies = (
			);
			name = SoundRecorder;
			productName = SoundRecorder;
			productReference = 786941EF1859AF3500EA2D98 /* SoundRecorder.app */;
			productType = "com.apple.product-type.application";
		};
		7869420F1859AF3500EA2D98 /* SoundRecorderTests */ = {
			isa = PBXNativeTarget;
			buildConfigurationList = 786942241859AF3500EA2D98 /* Build configuration list for PBXNativeTarget "SoundRecorderTests" */;
			buildPhases = (
				7869420C1859AF3500EA2D98 /* Sources */,
				7869420D1859AF3500EA2D98 /* Frameworks */,
				7869420E1859AF3500EA2D98 /* Resources */,
			);
			buildRules = (
			);
			dependencies = (
				786942161859AF3500EA2D98 /* PBXTargetDependency */,
			);
			name = SoundRecorderTests;
			productName = SoundRecorderTests;
			productReference = 786942101859AF3500EA2D98 /* SoundRecorderTests.xctest */;
			productType = "com.apple.product-type.bundle.unit-test";
		};
/* End PBXNativeTarget section */

/* Begin PBXProject section */
		786941E71859AF3500EA2D98 /* Project object */ = {
			isa = PBXProject;
			attributes = {
				CLASSPREFIX = SR;
				LastUpgradeCheck = 0510;
				ORGANIZATIONNAME = "Wise-Apps";
				TargetAttributes = {
					7869420F1859AF3500EA2D98 = {
						TestTargetID = 786941EE1859AF3500EA2D98;
					};
				};
			};
			buildConfigurationList = 786941EA1859AF3500EA2D98 /* Build configuration list for PBXProject "SoundRecorder" */;
			compatibilityVersion = "Xcode 3.2";
			developmentRegion = English;
			hasScannedForEncodings = 0;
			knownRegions = (
				en,
				Base,
			);
			mainGroup = 786941E61859AF3500EA2D98;
			productRefGroup = 786941F01859AF3500EA2D98 /* Products */;
			projectDirPath = "";
			projectRoot = "";
			targets = (
				786941EE1859AF3500EA2D98 /* SoundRecorder */,
				7869420F1859AF3500EA2D98 /* SoundRecorderTests */,
			);
		};
/* End PBXProject section */

/* Begin PBXResourcesBuildPhase section */
		786941ED1859AF3500EA2D98 /* Resources */ = {
			isa = PBXResourcesBuildPhase;
			buildActionMask = 2147483647;
			files = (
				7876105918F6A58F00F17ACD /* scale_.png in Resources */,
				783F241018EB0FA30046520A /* SRMainViewController.xib in Resources */,
				7876106B18F6AB2300F17ACD /* save.png in Resources */,
				7876106218F6A78600F17ACD /* play_pin-cursor.png in Resources */,
				7876105618F6A58F00F17ACD /* play.png in Resources */,
				7876103C18F6A58F00F17ACD /* button_record02_0.png in Resources */,
				7876106718F6AAFD00F17ACD /* send.png in Resources */,
				7876104718F6A58F00F17ACD /* ic_action_accept.png in Resources */,
				7876104E18F6A58F00F17ACD /* ic_action_play.png in Resources */,
				7876104218F6A58F00F17ACD /* button05_1.png in Resources */,
				783D2A5518F7F51C00D5C0E5 /* 1397141803000.wav in Resources */,
				7876103F18F6A58F00F17ACD /* button02_1.png in Resources */,
				7876104818F6A58F00F17ACD /* ic_action_edit.png in Resources */,
				7876103D18F6A58F00F17ACD /* button01_0.png in Resources */,
				7876104C18F6A58F00F17ACD /* ic_action_overflow.png in Resources */,
				7876105B18F6A58F00F17ACD /* stop.png in Resources */,
				783F241718EB0FA30046520A /* Images.xcassets in Resources */,
				7876104118F6A58F00F17ACD /* button03_0.png in Resources */,
				7876104F18F6A58F00F17ACD /* ic_action_remove.png in Resources */,
				789AAE9918F435B0008ECF92 /* SRProjectViewController.xib in Resources */,
				7876104918F6A58F00F17ACD /* ic_action_forward.png in Resources */,
				7876106C18F6AB2300F17ACD /* save_disabled.png in Resources */,
				7876105518F6A58F00F17ACD /* pause.png in Resources */,
				783F241218EB0FA30046520A /* InfoPlist.strings in Resources */,
				789CBDB818F2A14D0091D85A /* rec_spx.wav in Resources */,
				7876105018F6A58F00F17ACD /* ic_action_split.png in Resources */,
				7876106418F6A78600F17ACD /* stop_blue.png in Resources */,
				7876103B18F6A58F00F17ACD /* button_pin03_0.png in Resources */,
				7876106318F6A78600F17ACD /* rec_red-cursor.png in Resources */,
				7876105818F6A58F00F17ACD /* save_0.png in Resources */,
				7876105218F6A58F00F17ACD /* ic_launcher.png in Resources */,
				7876105418F6A58F00F17ACD /* list_item_bg.9.png in Resources */,
				7876104B18F6A58F00F17ACD /* ic_action_new.png in Resources */,
				7876105A18F6A58F00F17ACD /* send_0.png in Resources */,
				7876104D18F6A58F00F17ACD /* ic_action_pause.png in Resources */,
				789CBDB518F2A0E90091D85A /* SRPlayerViewController.xib in Resources */,
				7876104518F6A58F00F17ACD /* button08_1.png in Resources */,
				7876105C18F6A58F00F17ACD /* volume_0.9.png in Resources */,
				7876104A18F6A58F00F17ACD /* ic_action_mic.png in Resources */,
				789CBDB918F2A14D0091D85A /* rec.wav in Resources */,
				7876105D18F6A58F00F17ACD /* volume_1.9.png in Resources */,
				7876104618F6A58F00F17ACD /* header.9.png in Resources */,
				7876104018F6A58F00F17ACD /* button02_2.png in Resources */,
				7876103A18F6A58F00F17ACD /* button_pin02_0.png in Resources */,
				7876105718F6A58F00F17ACD /* record.png in Resources */,
				7876104318F6A58F00F17ACD /* button06_1.png in Resources */,
				789AADE418F3FB63008ECF92 /* rec1.wav in Resources */,
				7876105E18F6A58F00F17ACD /* volume_cursor.png in Resources */,
				7876106818F6AAFD00F17ACD /* send_disabled.png in Resources */,
				7876105318F6A58F00F17ACD /* list_header.9.png in Resources */,
				7876104418F6A58F00F17ACD /* button07_1.png in Resources */,
				783D2A5618F7F51C00D5C0E5 /* 1397208728800-speex.wav in Resources */,
				7876105118F6A58F00F17ACD /* ic_action_stop.png in Resources */,
				7876103918F6A58F00F17ACD /* button_pin01_0.png in Resources */,
				7876103E18F6A58F00F17ACD /* button01_1.png in Resources */,
				783F240E18EB0FA30046520A /* SREditRecordViewController.xib in Resources */,
				783D2A4E18F7F47800D5C0E5 /* speex_config_types.h.in in Resources */,
			);
			runOnlyForDeploymentPostprocessing = 0;
		};
		7869420E1859AF3500EA2D98 /* Resources */ = {
			isa = PBXResourcesBuildPhase;
			buildActionMask = 2147483647;
			files = (
				7869421C1859AF3500EA2D98 /* InfoPlist.strings in Resources */,
			);
			runOnlyForDeploymentPostprocessing = 0;
		};
/* End PBXResourcesBuildPhase section */

/* Begin PBXSourcesBuildPhase section */
		786941EB1859AF3500EA2D98 /* Sources */ = {
			isa = PBXSourcesBuildPhase;
			buildActionMask = 2147483647;
			files = (
				783D2A3918F7F47800D5C0E5 /* lpc.c in Sources */,
				783D2A4218F7F47800D5C0E5 /* quant_lsp.c in Sources */,
				783D2A3F18F7F47800D5C0E5 /* modes_wb.c in Sources */,
				783D2A2518F7F47800D5C0E5 /* bits.c in Sources */,
				783D2A4318F7F47800D5C0E5 /* resample.c in Sources */,
				788CE51018F81105002746A7 /* SEProject.m in Sources */,
				788CE52218F83BF2002746A7 /* SESpeexACMAudioStream.m in Sources */,
				7810F1DA18F800D700B22370 /* SEAudioStreamPlayer.m in Sources */,
				783D2A3118F7F47800D5C0E5 /* gain_table.c in Sources */,
				788CE51318F81122002746A7 /* SRAudioStreamPlayer.m in Sources */,
				783D2A4618F7F47800D5C0E5 /* smallft.c in Sources */,
				783D2A4018F7F47800D5C0E5 /* nb_celp.c in Sources */,
				788CE50D18F8101C002746A7 /* SRSound.m in Sources */,
				783D2A4718F7F47800D5C0E5 /* speex.c in Sources */,
				789AAE9818F435B0008ECF92 /* SRProjectViewController.m in Sources */,
				788CE51918F81363002746A7 /* SERecord.m in Sources */,
				783D2A3018F7F47800D5C0E5 /* filters.c in Sources */,
				783D2A4418F7F47800D5C0E5 /* sb_celp.c in Sources */,
				783D2A3C18F7F47800D5C0E5 /* ltp.c in Sources */,
				789CBDB418F2A0E90091D85A /* SRPlayerViewController.mm in Sources */,
				7810F1D418F7FC4600B22370 /* SEAudioStream.m in Sources */,
				783D2A4C18F7F47800D5C0E5 /* vq.c in Sources */,
				783D2A3818F7F47800D5C0E5 /* kiss_fftr.c in Sources */,
				788CE51618F8120D002746A7 /* SEProjectAudioStream.m in Sources */,
				783D2A4518F7F47800D5C0E5 /* scal.c in Sources */,
				783D2A4918F7F47800D5C0E5 /* speex_header.c in Sources */,
				7835601B18EBEC9900A65447 /* IBKAlertView.m in Sources */,
				783D2A3B18F7F47800D5C0E5 /* lsp_tables_nb.c in Sources */,
				783D2A2E18F7F47800D5C0E5 /* fftwrap.c in Sources */,
				783F241118EB0FA30046520A /* SRAppDelegate.mm in Sources */,
				7810F1DE18F80F8E00B22370 /* SRRecord.m in Sources */,
				783D2A2618F7F47800D5C0E5 /* buffer.c in Sources */,
				783D2A2A18F7F47800D5C0E5 /* exc_20_32_table.c in Sources */,
				783D2A5218F7F47800D5C0E5 /* WaveSpeexFile.cpp in Sources */,
				783D2A3518F7F47800D5C0E5 /* high_lsp_tables.c in Sources */,
				783D2A3618F7F47800D5C0E5 /* jitter.c in Sources */,
				783D2A4D18F7F47800D5C0E5 /* window.c in Sources */,
				783D288918F7F35C00D5C0E5 /* SEModel.m in Sources */,
				783D2A4118F7F47800D5C0E5 /* preprocess.c in Sources */,
				7810F1E118F80FAB00B22370 /* SRProject.mm in Sources */,
				783D2A2F18F7F47800D5C0E5 /* filterbank.c in Sources */,
				783D2A5018F7F47800D5C0E5 /* SpeexACMConvert.cpp in Sources */,
				783F240F18EB0FA30046520A /* SRMainViewController.m in Sources */,
				783D2A3418F7F47800D5C0E5 /* hexc_table.c in Sources */,
				783D2A4B18F7F47800D5C0E5 /* vbr.c in Sources */,
				783D2A2718F7F47800D5C0E5 /* cb_search.c in Sources */,
				783D2A3E18F7F47800D5C0E5 /* modes.c in Sources */,
				786941FF1859AF3500EA2D98 /* main.m in Sources */,
				783D2A2B18F7F47800D5C0E5 /* exc_5_256_table.c in Sources */,
				783F240D18EB0FA30046520A /* SREditRecordViewController.m in Sources */,
				783D2A4A18F7F47800D5C0E5 /* stereo.c in Sources */,
				783D2A4818F7F47800D5C0E5 /* speex_callbacks.c in Sources */,
				788CE51C18F81823002746A7 /* SERecordAudioStream.m in Sources */,
				783D2A4F18F7F47800D5C0E5 /* RiffFile.cpp in Sources */,
				783D2A3718F7F47800D5C0E5 /* kiss_fft.c in Sources */,
				783D2A2C18F7F47800D5C0E5 /* exc_5_64_table.c in Sources */,
				783D2A5118F7F47800D5C0E5 /* WaveFile.cpp in Sources */,
				783D2A3D18F7F47800D5C0E5 /* mdf.c in Sources */,
				783D2A2918F7F47800D5C0E5 /* exc_10_32_table.c in Sources */,
				783D2A2D18F7F47800D5C0E5 /* exc_8_128_table.c in Sources */,
				783D2A3218F7F47800D5C0E5 /* gain_table_lbr.c in Sources */,
				783D2A3A18F7F47800D5C0E5 /* lsp.c in Sources */,
				783D2A2818F7F47800D5C0E5 /* exc_10_16_table.c in Sources */,
				783D2A3318F7F47800D5C0E5 /* hexc_10_32_table.c in Sources */,
			);
			runOnlyForDeploymentPostprocessing = 0;
		};
		7869420C1859AF3500EA2D98 /* Sources */ = {
			isa = PBXSourcesBuildPhase;
			buildActionMask = 2147483647;
			files = (
				7869421E1859AF3500EA2D98 /* SoundRecorderTests.m in Sources */,
			);
			runOnlyForDeploymentPostprocessing = 0;
		};
/* End PBXSourcesBuildPhase section */

/* Begin PBXTargetDependency section */
		786942161859AF3500EA2D98 /* PBXTargetDependency */ = {
			isa = PBXTargetDependency;
			target = 786941EE1859AF3500EA2D98 /* SoundRecorder */;
			targetProxy = 786942151859AF3500EA2D98 /* PBXContainerItemProxy */;
		};
/* End PBXTargetDependency section */

/* Begin PBXVariantGroup section */
		783F240318EB0FA30046520A /* InfoPlist.strings */ = {
			isa = PBXVariantGroup;
			children = (
				783F240418EB0FA30046520A /* en */,
			);
			name = InfoPlist.strings;
			sourceTree = "<group>";
		};
		7869421A1859AF3500EA2D98 /* InfoPlist.strings */ = {
			isa = PBXVariantGroup;
			children = (
				7869421B1859AF3500EA2D98 /* en */,
			);
			name = InfoPlist.strings;
			sourceTree = "<group>";
		};
/* End PBXVariantGroup section */

/* Begin XCBuildConfiguration section */
		7869421F1859AF3500EA2D98 /* Debug */ = {
			isa = XCBuildConfiguration;
			buildSettings = {
				ALWAYS_SEARCH_USER_PATHS = NO;
				CLANG_CXX_LANGUAGE_STANDARD = "gnu++0x";
				CLANG_CXX_LIBRARY = "libc++";
				CLANG_ENABLE_MODULES = YES;
				CLANG_ENABLE_OBJC_ARC = YES;
				CLANG_WARN_BOOL_CONVERSION = YES;
				CLANG_WARN_CONSTANT_CONVERSION = YES;
				CLANG_WARN_DIRECT_OBJC_ISA_USAGE = YES_ERROR;
				CLANG_WARN_EMPTY_BODY = YES;
				CLANG_WARN_ENUM_CONVERSION = YES;
				CLANG_WARN_INT_CONVERSION = YES;
				CLANG_WARN_OBJC_ROOT_CLASS = YES_ERROR;
				CLANG_WARN__DUPLICATE_METHOD_MATCH = YES;
				"CODE_SIGN_IDENTITY[sdk=iphoneos*]" = "iPhone Developer";
				COPY_PHASE_STRIP = NO;
				GCC_C_LANGUAGE_STANDARD = gnu99;
				GCC_DYNAMIC_NO_PIC = NO;
				GCC_OPTIMIZATION_LEVEL = 0;
				GCC_PREPROCESSOR_DEFINITIONS = (
					"DEBUG=1",
					"$(inherited)",
				);
				GCC_SYMBOLS_PRIVATE_EXTERN = NO;
				GCC_WARN_64_TO_32_BIT_CONVERSION = YES;
				GCC_WARN_ABOUT_RETURN_TYPE = YES_ERROR;
				GCC_WARN_UNDECLARED_SELECTOR = YES;
				GCC_WARN_UNINITIALIZED_AUTOS = YES;
				GCC_WARN_UNUSED_FUNCTION = YES;
				GCC_WARN_UNUSED_VARIABLE = YES;
				IPHONEOS_DEPLOYMENT_TARGET = 7.0;
				ONLY_ACTIVE_ARCH = YES;
				SDKROOT = iphoneos;
			};
			name = Debug;
		};
		786942201859AF3500EA2D98 /* Release */ = {
			isa = XCBuildConfiguration;
			buildSettings = {
				ALWAYS_SEARCH_USER_PATHS = NO;
				CLANG_CXX_LANGUAGE_STANDARD = "gnu++0x";
				CLANG_CXX_LIBRARY = "libc++";
				CLANG_ENABLE_MODULES = YES;
				CLANG_ENABLE_OBJC_ARC = YES;
				CLANG_WARN_BOOL_CONVERSION = YES;
				CLANG_WARN_CONSTANT_CONVERSION = YES;
				CLANG_WARN_DIRECT_OBJC_ISA_USAGE = YES_ERROR;
				CLANG_WARN_EMPTY_BODY = YES;
				CLANG_WARN_ENUM_CONVERSION = YES;
				CLANG_WARN_INT_CONVERSION = YES;
				CLANG_WARN_OBJC_ROOT_CLASS = YES_ERROR;
				CLANG_WARN__DUPLICATE_METHOD_MATCH = YES;
				"CODE_SIGN_IDENTITY[sdk=iphoneos*]" = "iPhone Developer";
				COPY_PHASE_STRIP = YES;
				ENABLE_NS_ASSERTIONS = NO;
				GCC_C_LANGUAGE_STANDARD = gnu99;
				GCC_WARN_64_TO_32_BIT_CONVERSION = YES;
				GCC_WARN_ABOUT_RETURN_TYPE = YES_ERROR;
				GCC_WARN_UNDECLARED_SELECTOR = YES;
				GCC_WARN_UNINITIALIZED_AUTOS = YES;
				GCC_WARN_UNUSED_FUNCTION = YES;
				GCC_WARN_UNUSED_VARIABLE = YES;
				IPHONEOS_DEPLOYMENT_TARGET = 7.0;
				SDKROOT = iphoneos;
				VALIDATE_PRODUCT = YES;
			};
			name = Release;
		};
		786942221859AF3500EA2D98 /* Debug */ = {
			isa = XCBuildConfiguration;
			buildSettings = {
				ALWAYS_SEARCH_USER_PATHS = YES;
				ASSETCATALOG_COMPILER_APPICON_NAME = AppIcon;
				ASSETCATALOG_COMPILER_LAUNCHIMAGE_NAME = LaunchImage;
				GCC_PRECOMPILE_PREFIX_HEADER = YES;
				GCC_PREFIX_HEADER = "SoundRecorder/SoundRecorder-Prefix.pch";
				INFOPLIST_FILE = "SoundRecorder/SoundRecorder-Info.plist";
				LIBRARY_SEARCH_PATHS = "$(inherited)";
				PRODUCT_NAME = "$(TARGET_NAME)";
				USER_HEADER_SEARCH_PATHS = "$(SRCROOT)/Classes/Core/Utils/Speex/CSource/speex $(SRCROOT)/Classes/Core/Utils/Speex/CSource";
				WRAPPER_EXTENSION = app;
			};
			name = Debug;
		};
		786942231859AF3500EA2D98 /* Release */ = {
			isa = XCBuildConfiguration;
			buildSettings = {
				ALWAYS_SEARCH_USER_PATHS = YES;
				ASSETCATALOG_COMPILER_APPICON_NAME = AppIcon;
				ASSETCATALOG_COMPILER_LAUNCHIMAGE_NAME = LaunchImage;
				GCC_PRECOMPILE_PREFIX_HEADER = YES;
				GCC_PREFIX_HEADER = "SoundRecorder/SoundRecorder-Prefix.pch";
				INFOPLIST_FILE = "SoundRecorder/SoundRecorder-Info.plist";
				LIBRARY_SEARCH_PATHS = "$(inherited)";
				PRODUCT_NAME = "$(TARGET_NAME)";
				USER_HEADER_SEARCH_PATHS = "$(SRCROOT)/Classes/Core/Utils/Speex/CSource/speex $(SRCROOT)/Classes/Core/Utils/Speex/CSource";
				WRAPPER_EXTENSION = app;
			};
			name = Release;
		};
		786942251859AF3500EA2D98 /* Debug */ = {
			isa = XCBuildConfiguration;
			buildSettings = {
				BUNDLE_LOADER = "$(BUILT_PRODUCTS_DIR)/SoundRecorder.app/SoundRecorder";
				FRAMEWORK_SEARCH_PATHS = (
					"$(SDKROOT)/Developer/Library/Frameworks",
					"$(inherited)",
					"$(DEVELOPER_FRAMEWORKS_DIR)",
				);
				GCC_PRECOMPILE_PREFIX_HEADER = YES;
				GCC_PREFIX_HEADER = "SoundRecorder/SoundRecorder-Prefix.pch";
				GCC_PREPROCESSOR_DEFINITIONS = (
					"DEBUG=1",
					"$(inherited)",
				);
				INFOPLIST_FILE = "SoundRecorderTests/SoundRecorderTests-Info.plist";
				PRODUCT_NAME = "$(TARGET_NAME)";
				TEST_HOST = "$(BUNDLE_LOADER)";
				WRAPPER_EXTENSION = xctest;
			};
			name = Debug;
		};
		786942261859AF3500EA2D98 /* Release */ = {
			isa = XCBuildConfiguration;
			buildSettings = {
				BUNDLE_LOADER = "$(BUILT_PRODUCTS_DIR)/SoundRecorder.app/SoundRecorder";
				FRAMEWORK_SEARCH_PATHS = (
					"$(SDKROOT)/Developer/Library/Frameworks",
					"$(inherited)",
					"$(DEVELOPER_FRAMEWORKS_DIR)",
				);
				GCC_PRECOMPILE_PREFIX_HEADER = YES;
				GCC_PREFIX_HEADER = "SoundRecorder/SoundRecorder-Prefix.pch";
				INFOPLIST_FILE = "SoundRecorderTests/SoundRecorderTests-Info.plist";
				PRODUCT_NAME = "$(TARGET_NAME)";
				TEST_HOST = "$(BUNDLE_LOADER)";
				WRAPPER_EXTENSION = xctest;
			};
			name = Release;
		};
/* End XCBuildConfiguration section */

/* Begin XCConfigurationList section */
		786941EA1859AF3500EA2D98 /* Build configuration list for PBXProject "SoundRecorder" */ = {
			isa = XCConfigurationList;
			buildConfigurations = (
				7869421F1859AF3500EA2D98 /* Debug */,
				786942201859AF3500EA2D98 /* Release */,
			);
			defaultConfigurationIsVisible = 0;
			defaultConfigurationName = Release;
		};
		786942211859AF3500EA2D98 /* Build configuration list for PBXNativeTarget "SoundRecorder" */ = {
			isa = XCConfigurationList;
			buildConfigurations = (
				786942221859AF3500EA2D98 /* Debug */,
				786942231859AF3500EA2D98 /* Release */,
			);
			defaultConfigurationIsVisible = 0;
			defaultConfigurationName = Release;
		};
		786942241859AF3500EA2D98 /* Build configuration list for PBXNativeTarget "SoundRecorderTests" */ = {
			isa = XCConfigurationList;
			buildConfigurations = (
				786942251859AF3500EA2D98 /* Debug */,
				786942261859AF3500EA2D98 /* Release */,
			);
			defaultConfigurationIsVisible = 0;
			defaultConfigurationName = Release;
		};
/* End XCConfigurationList section */
	};
	rootObject = 786941E71859AF3500EA2D98 /* Project object */;
}
