// !$*UTF8*$!
{
	archiveVersion = 1;
	classes = {
	};
	objectVersion = 46;
	objects = {

/* Begin PBXBuildFile section */
		7835601B18EBEC9900A65447 /* IBKAlertView.m in Sources */ = {isa = PBXBuildFile; fileRef = 7835601A18EBEC9900A65447 /* IBKAlertView.m */; };
		7835618518EC37BC00A65447 /* bits.c in Sources */ = {isa = PBXBuildFile; fileRef = 7835611C18EC37BC00A65447 /* bits.c */; };
		7835618618EC37BC00A65447 /* buffer.c in Sources */ = {isa = PBXBuildFile; fileRef = 7835611D18EC37BC00A65447 /* buffer.c */; };
		7835618718EC37BC00A65447 /* cb_search.c in Sources */ = {isa = PBXBuildFile; fileRef = 7835611E18EC37BC00A65447 /* cb_search.c */; };
		7835618818EC37BC00A65447 /* exc_10_16_table.c in Sources */ = {isa = PBXBuildFile; fileRef = 7835612318EC37BC00A65447 /* exc_10_16_table.c */; };
		7835618918EC37BC00A65447 /* exc_10_32_table.c in Sources */ = {isa = PBXBuildFile; fileRef = 7835612418EC37BC00A65447 /* exc_10_32_table.c */; };
		7835618A18EC37BC00A65447 /* exc_20_32_table.c in Sources */ = {isa = PBXBuildFile; fileRef = 7835612518EC37BC00A65447 /* exc_20_32_table.c */; };
		7835618B18EC37BC00A65447 /* exc_5_256_table.c in Sources */ = {isa = PBXBuildFile; fileRef = 7835612618EC37BC00A65447 /* exc_5_256_table.c */; };
		7835618C18EC37BC00A65447 /* exc_5_64_table.c in Sources */ = {isa = PBXBuildFile; fileRef = 7835612718EC37BC00A65447 /* exc_5_64_table.c */; };
		7835618D18EC37BC00A65447 /* exc_8_128_table.c in Sources */ = {isa = PBXBuildFile; fileRef = 7835612818EC37BC00A65447 /* exc_8_128_table.c */; };
		7835618E18EC37BC00A65447 /* fftwrap.c in Sources */ = {isa = PBXBuildFile; fileRef = 7835612918EC37BC00A65447 /* fftwrap.c */; };
		7835618F18EC37BC00A65447 /* filterbank.c in Sources */ = {isa = PBXBuildFile; fileRef = 7835612B18EC37BC00A65447 /* filterbank.c */; };
		7835619018EC37BC00A65447 /* filters.c in Sources */ = {isa = PBXBuildFile; fileRef = 7835612D18EC37BC00A65447 /* filters.c */; };
		7835619118EC37BC00A65447 /* gain_table.c in Sources */ = {isa = PBXBuildFile; fileRef = 7835613718EC37BC00A65447 /* gain_table.c */; };
		7835619218EC37BC00A65447 /* gain_table_lbr.c in Sources */ = {isa = PBXBuildFile; fileRef = 7835613818EC37BC00A65447 /* gain_table_lbr.c */; };
		7835619318EC37BC00A65447 /* hexc_10_32_table.c in Sources */ = {isa = PBXBuildFile; fileRef = 7835613918EC37BC00A65447 /* hexc_10_32_table.c */; };
		7835619418EC37BC00A65447 /* hexc_table.c in Sources */ = {isa = PBXBuildFile; fileRef = 7835613A18EC37BC00A65447 /* hexc_table.c */; };
		7835619518EC37BC00A65447 /* high_lsp_tables.c in Sources */ = {isa = PBXBuildFile; fileRef = 7835613B18EC37BC00A65447 /* high_lsp_tables.c */; };
		7835619618EC37BC00A65447 /* jitter.c in Sources */ = {isa = PBXBuildFile; fileRef = 7835613C18EC37BC00A65447 /* jitter.c */; };
		7835619718EC37BC00A65447 /* kiss_fft.c in Sources */ = {isa = PBXBuildFile; fileRef = 7835613D18EC37BC00A65447 /* kiss_fft.c */; };
		7835619818EC37BC00A65447 /* kiss_fftr.c in Sources */ = {isa = PBXBuildFile; fileRef = 7835613F18EC37BC00A65447 /* kiss_fftr.c */; };
		7835619918EC37BC00A65447 /* lpc.c in Sources */ = {isa = PBXBuildFile; fileRef = 7835614118EC37BC00A65447 /* lpc.c */; };
		7835619A18EC37BC00A65447 /* lsp.c in Sources */ = {isa = PBXBuildFile; fileRef = 7835614418EC37BC00A65447 /* lsp.c */; };
		7835619B18EC37BC00A65447 /* lsp_tables_nb.c in Sources */ = {isa = PBXBuildFile; fileRef = 7835614718EC37BC00A65447 /* lsp_tables_nb.c */; };
		7835619C18EC37BC00A65447 /* ltp.c in Sources */ = {isa = PBXBuildFile; fileRef = 7835614818EC37BC00A65447 /* ltp.c */; };
		7835619D18EC37BC00A65447 /* mdf.c in Sources */ = {isa = PBXBuildFile; fileRef = 7835614E18EC37BC00A65447 /* mdf.c */; };
		7835619E18EC37BC00A65447 /* modes.c in Sources */ = {isa = PBXBuildFile; fileRef = 7835615018EC37BC00A65447 /* modes.c */; };
		7835619F18EC37BC00A65447 /* modes_wb.c in Sources */ = {isa = PBXBuildFile; fileRef = 7835615218EC37BC00A65447 /* modes_wb.c */; };
		783561A018EC37BC00A65447 /* nb_celp.c in Sources */ = {isa = PBXBuildFile; fileRef = 7835615318EC37BC00A65447 /* nb_celp.c */; };
		783561A118EC37BC00A65447 /* preprocess.c in Sources */ = {isa = PBXBuildFile; fileRef = 7835615618EC37BC00A65447 /* preprocess.c */; };
		783561A218EC37BC00A65447 /* quant_lsp.c in Sources */ = {isa = PBXBuildFile; fileRef = 7835615818EC37BC00A65447 /* quant_lsp.c */; };
		783561A318EC37BC00A65447 /* resample.c in Sources */ = {isa = PBXBuildFile; fileRef = 7835615B18EC37BC00A65447 /* resample.c */; };
		783561A418EC37BC00A65447 /* sb_celp.c in Sources */ = {isa = PBXBuildFile; fileRef = 7835615D18EC37BC00A65447 /* sb_celp.c */; };
		783561A518EC37BC00A65447 /* scal.c in Sources */ = {isa = PBXBuildFile; fileRef = 7835615F18EC37BC00A65447 /* scal.c */; };
		783561A618EC37BC00A65447 /* smallft.c in Sources */ = {isa = PBXBuildFile; fileRef = 7835616018EC37BC00A65447 /* smallft.c */; };
		783561A718EC37BC00A65447 /* speex.c in Sources */ = {isa = PBXBuildFile; fileRef = 7835616218EC37BC00A65447 /* speex.c */; };
		783561A818EC37BC00A65447 /* speex_callbacks.c in Sources */ = {isa = PBXBuildFile; fileRef = 7835616318EC37BC00A65447 /* speex_callbacks.c */; };
		783561A918EC37BC00A65447 /* speex_header.c in Sources */ = {isa = PBXBuildFile; fileRef = 7835616418EC37BC00A65447 /* speex_header.c */; };
		783561AA18EC37BC00A65447 /* stereo.c in Sources */ = {isa = PBXBuildFile; fileRef = 7835616618EC37BC00A65447 /* stereo.c */; };
		783561AB18EC37BC00A65447 /* vbr.c in Sources */ = {isa = PBXBuildFile; fileRef = 7835616718EC37BC00A65447 /* vbr.c */; };
		783561AC18EC37BC00A65447 /* vq.c in Sources */ = {isa = PBXBuildFile; fileRef = 7835616A18EC37BC00A65447 /* vq.c */; };
		783561AD18EC37BC00A65447 /* window.c in Sources */ = {isa = PBXBuildFile; fileRef = 7835616F18EC37BC00A65447 /* window.c */; };
		783561AE18EC37BC00A65447 /* speex_config_types.h.in in Resources */ = {isa = PBXBuildFile; fileRef = 7835617518EC37BC00A65447 /* speex_config_types.h.in */; };
		783561AF18EC37BC00A65447 /* RiffFile.cpp in Sources */ = {isa = PBXBuildFile; fileRef = 7835617D18EC37BC00A65447 /* RiffFile.cpp */; };
		783561B018EC37BC00A65447 /* SpeexACMConvert.cpp in Sources */ = {isa = PBXBuildFile; fileRef = 7835617F18EC37BC00A65447 /* SpeexACMConvert.cpp */; };
		783561B118EC37BC00A65447 /* WaveFile.cpp in Sources */ = {isa = PBXBuildFile; fileRef = 7835618118EC37BC00A65447 /* WaveFile.cpp */; };
		783561B218EC37BC00A65447 /* WaveSpeexFile.cpp in Sources */ = {isa = PBXBuildFile; fileRef = 7835618318EC37BC00A65447 /* WaveSpeexFile.cpp */; };
		783F240B18EB0FA30046520A /* SRSound.m in Sources */ = {isa = PBXBuildFile; fileRef = 783F23F518EB0FA30046520A /* SRSound.m */; };
		783F240D18EB0FA30046520A /* SREditRecordViewController.m in Sources */ = {isa = PBXBuildFile; fileRef = 783F23FB18EB0FA30046520A /* SREditRecordViewController.m */; };
		783F240E18EB0FA30046520A /* SREditRecordViewController.xib in Resources */ = {isa = PBXBuildFile; fileRef = 783F23FC18EB0FA30046520A /* SREditRecordViewController.xib */; };
		783F240F18EB0FA30046520A /* SRMainViewController.m in Sources */ = {isa = PBXBuildFile; fileRef = 783F23FE18EB0FA30046520A /* SRMainViewController.m */; };
		783F241018EB0FA30046520A /* SRMainViewController.xib in Resources */ = {isa = PBXBuildFile; fileRef = 783F23FF18EB0FA30046520A /* SRMainViewController.xib */; };
		783F241118EB0FA30046520A /* SRAppDelegate.mm in Sources */ = {isa = PBXBuildFile; fileRef = 783F240118EB0FA30046520A /* SRAppDelegate.mm */; };
		783F241218EB0FA30046520A /* InfoPlist.strings in Resources */ = {isa = PBXBuildFile; fileRef = 783F240318EB0FA30046520A /* InfoPlist.strings */; };
		783F241318EB0FA30046520A /* pause.png in Resources */ = {isa = PBXBuildFile; fileRef = 783F240618EB0FA30046520A /* pause.png */; };
		783F241418EB0FA30046520A /* play.png in Resources */ = {isa = PBXBuildFile; fileRef = 783F240718EB0FA30046520A /* play.png */; };
		783F241518EB0FA30046520A /* record.png in Resources */ = {isa = PBXBuildFile; fileRef = 783F240818EB0FA30046520A /* record.png */; };
		783F241618EB0FA30046520A /* stop.png in Resources */ = {isa = PBXBuildFile; fileRef = 783F240918EB0FA30046520A /* stop.png */; };
		783F241718EB0FA30046520A /* Images.xcassets in Resources */ = {isa = PBXBuildFile; fileRef = 783F240A18EB0FA30046520A /* Images.xcassets */; };
		783F241A18EB0FBF0046520A /* SRRecord.m in Sources */ = {isa = PBXBuildFile; fileRef = 783F241918EB0FBF0046520A /* SRRecord.m */; };
		783F241D18EB0FC90046520A /* SRModel.m in Sources */ = {isa = PBXBuildFile; fileRef = 783F241C18EB0FC90046520A /* SRModel.m */; };
		783F242018EB12EE0046520A /* SRProject.mm in Sources */ = {isa = PBXBuildFile; fileRef = 783F241F18EB12EE0046520A /* SRProject.mm */; };
		786941F31859AF3500EA2D98 /* Foundation.framework in Frameworks */ = {isa = PBXBuildFile; fileRef = 786941F21859AF3500EA2D98 /* Foundation.framework */; };
		786941F51859AF3500EA2D98 /* CoreGraphics.framework in Frameworks */ = {isa = PBXBuildFile; fileRef = 786941F41859AF3500EA2D98 /* CoreGraphics.framework */; };
		786941F71859AF3500EA2D98 /* UIKit.framework in Frameworks */ = {isa = PBXBuildFile; fileRef = 786941F61859AF3500EA2D98 /* UIKit.framework */; };
		786941FF1859AF3500EA2D98 /* main.m in Sources */ = {isa = PBXBuildFile; fileRef = 786941FE1859AF3500EA2D98 /* main.m */; };
		786942121859AF3500EA2D98 /* XCTest.framework in Frameworks */ = {isa = PBXBuildFile; fileRef = 786942111859AF3500EA2D98 /* XCTest.framework */; };
		786942131859AF3500EA2D98 /* Foundation.framework in Frameworks */ = {isa = PBXBuildFile; fileRef = 786941F21859AF3500EA2D98 /* Foundation.framework */; };
		786942141859AF3500EA2D98 /* UIKit.framework in Frameworks */ = {isa = PBXBuildFile; fileRef = 786941F61859AF3500EA2D98 /* UIKit.framework */; };
		7869421C1859AF3500EA2D98 /* InfoPlist.strings in Resources */ = {isa = PBXBuildFile; fileRef = 7869421A1859AF3500EA2D98 /* InfoPlist.strings */; };
		7869421E1859AF3500EA2D98 /* SoundRecorderTests.m in Sources */ = {isa = PBXBuildFile; fileRef = 7869421D1859AF3500EA2D98 /* SoundRecorderTests.m */; };
		786E7D81185B55210091731F /* AudioToolbox.framework in Frameworks */ = {isa = PBXBuildFile; fileRef = 786E7D80185B55210091731F /* AudioToolbox.framework */; };
		789B83A6185B1B2D00E6B5CD /* AVFoundation.framework in Frameworks */ = {isa = PBXBuildFile; fileRef = 789B83A5185B1B2D00E6B5CD /* AVFoundation.framework */; };
/* End PBXBuildFile section */

/* Begin PBXContainerItemProxy section */
		786942151859AF3500EA2D98 /* PBXContainerItemProxy */ = {
			isa = PBXContainerItemProxy;
			containerPortal = 786941E71859AF3500EA2D98 /* Project object */;
			proxyType = 1;
			remoteGlobalIDString = 786941EE1859AF3500EA2D98;
			remoteInfo = SoundRecorder;
		};
/* End PBXContainerItemProxy section */

/* Begin PBXFileReference section */
		7835601918EBEC9900A65447 /* IBKAlertView.h */ = {isa = PBXFileReference; fileEncoding = 4; lastKnownFileType = sourcecode.c.h; path = IBKAlertView.h; sourceTree = "<group>"; };
		7835601A18EBEC9900A65447 /* IBKAlertView.m */ = {isa = PBXFileReference; fileEncoding = 4; lastKnownFileType = sourcecode.c.objc; path = IBKAlertView.m; sourceTree = "<group>"; };
		7835611818EC37BC00A65447 /* config.h */ = {isa = PBXFileReference; fileEncoding = 4; lastKnownFileType = sourcecode.c.h; path = config.h; sourceTree = "<group>"; };
		7835611A18EC37BC00A65447 /* _kiss_fft_guts.h */ = {isa = PBXFileReference; fileEncoding = 4; lastKnownFileType = sourcecode.c.h; path = _kiss_fft_guts.h; sourceTree = "<group>"; };
		7835611B18EC37BC00A65447 /* arch.h */ = {isa = PBXFileReference; fileEncoding = 4; lastKnownFileType = sourcecode.c.h; path = arch.h; sourceTree = "<group>"; };
		7835611C18EC37BC00A65447 /* bits.c */ = {isa = PBXFileReference; fileEncoding = 4; lastKnownFileType = sourcecode.c.c; path = bits.c; sourceTree = "<group>"; };
		7835611D18EC37BC00A65447 /* buffer.c */ = {isa = PBXFileReference; fileEncoding = 4; lastKnownFileType = sourcecode.c.c; path = buffer.c; sourceTree = "<group>"; };
		7835611E18EC37BC00A65447 /* cb_search.c */ = {isa = PBXFileReference; fileEncoding = 4; lastKnownFileType = sourcecode.c.c; path = cb_search.c; sourceTree = "<group>"; };
		7835611F18EC37BC00A65447 /* cb_search.h */ = {isa = PBXFileReference; fileEncoding = 4; lastKnownFileType = sourcecode.c.h; path = cb_search.h; sourceTree = "<group>"; };
		7835612018EC37BC00A65447 /* cb_search_arm4.h */ = {isa = PBXFileReference; fileEncoding = 4; lastKnownFileType = sourcecode.c.h; path = cb_search_arm4.h; sourceTree = "<group>"; };
		7835612118EC37BC00A65447 /* cb_search_bfin.h */ = {isa = PBXFileReference; fileEncoding = 4; lastKnownFileType = sourcecode.c.h; path = cb_search_bfin.h; sourceTree = "<group>"; };
		7835612218EC37BC00A65447 /* cb_search_sse.h */ = {isa = PBXFileReference; fileEncoding = 4; lastKnownFileType = sourcecode.c.h; path = cb_search_sse.h; sourceTree = "<group>"; };
		7835612318EC37BC00A65447 /* exc_10_16_table.c */ = {isa = PBXFileReference; fileEncoding = 4; lastKnownFileType = sourcecode.c.c; path = exc_10_16_table.c; sourceTree = "<group>"; };
		7835612418EC37BC00A65447 /* exc_10_32_table.c */ = {isa = PBXFileReference; fileEncoding = 4; lastKnownFileType = sourcecode.c.c; path = exc_10_32_table.c; sourceTree = "<group>"; };
		7835612518EC37BC00A65447 /* exc_20_32_table.c */ = {isa = PBXFileReference; fileEncoding = 4; lastKnownFileType = sourcecode.c.c; path = exc_20_32_table.c; sourceTree = "<group>"; };
		7835612618EC37BC00A65447 /* exc_5_256_table.c */ = {isa = PBXFileReference; fileEncoding = 4; lastKnownFileType = sourcecode.c.c; path = exc_5_256_table.c; sourceTree = "<group>"; };
		7835612718EC37BC00A65447 /* exc_5_64_table.c */ = {isa = PBXFileReference; fileEncoding = 4; lastKnownFileType = sourcecode.c.c; path = exc_5_64_table.c; sourceTree = "<group>"; };
		7835612818EC37BC00A65447 /* exc_8_128_table.c */ = {isa = PBXFileReference; fileEncoding = 4; lastKnownFileType = sourcecode.c.c; path = exc_8_128_table.c; sourceTree = "<group>"; };
		7835612918EC37BC00A65447 /* fftwrap.c */ = {isa = PBXFileReference; fileEncoding = 4; lastKnownFileType = sourcecode.c.c; path = fftwrap.c; sourceTree = "<group>"; };
		7835612A18EC37BC00A65447 /* fftwrap.h */ = {isa = PBXFileReference; fileEncoding = 4; lastKnownFileType = sourcecode.c.h; path = fftwrap.h; sourceTree = "<group>"; };
		7835612B18EC37BC00A65447 /* filterbank.c */ = {isa = PBXFileReference; fileEncoding = 4; lastKnownFileType = sourcecode.c.c; path = filterbank.c; sourceTree = "<group>"; };
		7835612C18EC37BC00A65447 /* filterbank.h */ = {isa = PBXFileReference; fileEncoding = 4; lastKnownFileType = sourcecode.c.h; path = filterbank.h; sourceTree = "<group>"; };
		7835612D18EC37BC00A65447 /* filters.c */ = {isa = PBXFileReference; fileEncoding = 4; lastKnownFileType = sourcecode.c.c; path = filters.c; sourceTree = "<group>"; };
		7835612E18EC37BC00A65447 /* filters.h */ = {isa = PBXFileReference; fileEncoding = 4; lastKnownFileType = sourcecode.c.h; path = filters.h; sourceTree = "<group>"; };
		7835612F18EC37BC00A65447 /* filters_arm4.h */ = {isa = PBXFileReference; fileEncoding = 4; lastKnownFileType = sourcecode.c.h; path = filters_arm4.h; sourceTree = "<group>"; };
		7835613018EC37BC00A65447 /* filters_bfin.h */ = {isa = PBXFileReference; fileEncoding = 4; lastKnownFileType = sourcecode.c.h; path = filters_bfin.h; sourceTree = "<group>"; };
		7835613118EC37BC00A65447 /* filters_sse.h */ = {isa = PBXFileReference; fileEncoding = 4; lastKnownFileType = sourcecode.c.h; path = filters_sse.h; sourceTree = "<group>"; };
		7835613218EC37BC00A65447 /* fixed_arm4.h */ = {isa = PBXFileReference; fileEncoding = 4; lastKnownFileType = sourcecode.c.h; path = fixed_arm4.h; sourceTree = "<group>"; };
		7835613318EC37BC00A65447 /* fixed_arm5e.h */ = {isa = PBXFileReference; fileEncoding = 4; lastKnownFileType = sourcecode.c.h; path = fixed_arm5e.h; sourceTree = "<group>"; };
		7835613418EC37BC00A65447 /* fixed_bfin.h */ = {isa = PBXFileReference; fileEncoding = 4; lastKnownFileType = sourcecode.c.h; path = fixed_bfin.h; sourceTree = "<group>"; };
		7835613518EC37BC00A65447 /* fixed_debug.h */ = {isa = PBXFileReference; fileEncoding = 4; lastKnownFileType = sourcecode.c.h; path = fixed_debug.h; sourceTree = "<group>"; };
		7835613618EC37BC00A65447 /* fixed_generic.h */ = {isa = PBXFileReference; fileEncoding = 4; lastKnownFileType = sourcecode.c.h; path = fixed_generic.h; sourceTree = "<group>"; };
		7835613718EC37BC00A65447 /* gain_table.c */ = {isa = PBXFileReference; fileEncoding = 4; lastKnownFileType = sourcecode.c.c; path = gain_table.c; sourceTree = "<group>"; };
		7835613818EC37BC00A65447 /* gain_table_lbr.c */ = {isa = PBXFileReference; fileEncoding = 4; lastKnownFileType = sourcecode.c.c; path = gain_table_lbr.c; sourceTree = "<group>"; };
		7835613918EC37BC00A65447 /* hexc_10_32_table.c */ = {isa = PBXFileReference; fileEncoding = 4; lastKnownFileType = sourcecode.c.c; path = hexc_10_32_table.c; sourceTree = "<group>"; };
		7835613A18EC37BC00A65447 /* hexc_table.c */ = {isa = PBXFileReference; fileEncoding = 4; lastKnownFileType = sourcecode.c.c; path = hexc_table.c; sourceTree = "<group>"; };
		7835613B18EC37BC00A65447 /* high_lsp_tables.c */ = {isa = PBXFileReference; fileEncoding = 4; lastKnownFileType = sourcecode.c.c; path = high_lsp_tables.c; sourceTree = "<group>"; };
		7835613C18EC37BC00A65447 /* jitter.c */ = {isa = PBXFileReference; fileEncoding = 4; lastKnownFileType = sourcecode.c.c; path = jitter.c; sourceTree = "<group>"; };
		7835613D18EC37BC00A65447 /* kiss_fft.c */ = {isa = PBXFileReference; fileEncoding = 4; lastKnownFileType = sourcecode.c.c; path = kiss_fft.c; sourceTree = "<group>"; };
		7835613E18EC37BC00A65447 /* kiss_fft.h */ = {isa = PBXFileReference; fileEncoding = 4; lastKnownFileType = sourcecode.c.h; path = kiss_fft.h; sourceTree = "<group>"; };
		7835613F18EC37BC00A65447 /* kiss_fftr.c */ = {isa = PBXFileReference; fileEncoding = 4; lastKnownFileType = sourcecode.c.c; path = kiss_fftr.c; sourceTree = "<group>"; };
		7835614018EC37BC00A65447 /* kiss_fftr.h */ = {isa = PBXFileReference; fileEncoding = 4; lastKnownFileType = sourcecode.c.h; path = kiss_fftr.h; sourceTree = "<group>"; };
		7835614118EC37BC00A65447 /* lpc.c */ = {isa = PBXFileReference; fileEncoding = 4; lastKnownFileType = sourcecode.c.c; path = lpc.c; sourceTree = "<group>"; };
		7835614218EC37BC00A65447 /* lpc.h */ = {isa = PBXFileReference; fileEncoding = 4; lastKnownFileType = sourcecode.c.h; path = lpc.h; sourceTree = "<group>"; };
		7835614318EC37BC00A65447 /* lpc_bfin.h */ = {isa = PBXFileReference; fileEncoding = 4; lastKnownFileType = sourcecode.c.h; path = lpc_bfin.h; sourceTree = "<group>"; };
		7835614418EC37BC00A65447 /* lsp.c */ = {isa = PBXFileReference; fileEncoding = 4; lastKnownFileType = sourcecode.c.c; path = lsp.c; sourceTree = "<group>"; };
		7835614518EC37BC00A65447 /* lsp.h */ = {isa = PBXFileReference; fileEncoding = 4; lastKnownFileType = sourcecode.c.h; path = lsp.h; sourceTree = "<group>"; };
		7835614618EC37BC00A65447 /* lsp_bfin.h */ = {isa = PBXFileReference; fileEncoding = 4; lastKnownFileType = sourcecode.c.h; path = lsp_bfin.h; sourceTree = "<group>"; };
		7835614718EC37BC00A65447 /* lsp_tables_nb.c */ = {isa = PBXFileReference; fileEncoding = 4; lastKnownFileType = sourcecode.c.c; path = lsp_tables_nb.c; sourceTree = "<group>"; };
		7835614818EC37BC00A65447 /* ltp.c */ = {isa = PBXFileReference; fileEncoding = 4; lastKnownFileType = sourcecode.c.c; path = ltp.c; sourceTree = "<group>"; };
		7835614918EC37BC00A65447 /* ltp.h */ = {isa = PBXFileReference; fileEncoding = 4; lastKnownFileType = sourcecode.c.h; path = ltp.h; sourceTree = "<group>"; };
		7835614A18EC37BC00A65447 /* ltp_arm4.h */ = {isa = PBXFileReference; fileEncoding = 4; lastKnownFileType = sourcecode.c.h; path = ltp_arm4.h; sourceTree = "<group>"; };
		7835614B18EC37BC00A65447 /* ltp_bfin.h */ = {isa = PBXFileReference; fileEncoding = 4; lastKnownFileType = sourcecode.c.h; path = ltp_bfin.h; sourceTree = "<group>"; };
		7835614C18EC37BC00A65447 /* ltp_sse.h */ = {isa = PBXFileReference; fileEncoding = 4; lastKnownFileType = sourcecode.c.h; path = ltp_sse.h; sourceTree = "<group>"; };
		7835614D18EC37BC00A65447 /* math_approx.h */ = {isa = PBXFileReference; fileEncoding = 4; lastKnownFileType = sourcecode.c.h; path = math_approx.h; sourceTree = "<group>"; };
		7835614E18EC37BC00A65447 /* mdf.c */ = {isa = PBXFileReference; fileEncoding = 4; lastKnownFileType = sourcecode.c.c; path = mdf.c; sourceTree = "<group>"; };
		7835614F18EC37BC00A65447 /* misc_bfin.h */ = {isa = PBXFileReference; fileEncoding = 4; lastKnownFileType = sourcecode.c.h; path = misc_bfin.h; sourceTree = "<group>"; };
		7835615018EC37BC00A65447 /* modes.c */ = {isa = PBXFileReference; fileEncoding = 4; lastKnownFileType = sourcecode.c.c; path = modes.c; sourceTree = "<group>"; };
		7835615118EC37BC00A65447 /* modes.h */ = {isa = PBXFileReference; fileEncoding = 4; lastKnownFileType = sourcecode.c.h; path = modes.h; sourceTree = "<group>"; };
		7835615218EC37BC00A65447 /* modes_wb.c */ = {isa = PBXFileReference; fileEncoding = 4; lastKnownFileType = sourcecode.c.c; path = modes_wb.c; sourceTree = "<group>"; };
		7835615318EC37BC00A65447 /* nb_celp.c */ = {isa = PBXFileReference; fileEncoding = 4; lastKnownFileType = sourcecode.c.c; path = nb_celp.c; sourceTree = "<group>"; };
		7835615418EC37BC00A65447 /* nb_celp.h */ = {isa = PBXFileReference; fileEncoding = 4; lastKnownFileType = sourcecode.c.h; path = nb_celp.h; sourceTree = "<group>"; };
		7835615518EC37BC00A65447 /* os_support.h */ = {isa = PBXFileReference; fileEncoding = 4; lastKnownFileType = sourcecode.c.h; path = os_support.h; sourceTree = "<group>"; };
		7835615618EC37BC00A65447 /* preprocess.c */ = {isa = PBXFileReference; fileEncoding = 4; lastKnownFileType = sourcecode.c.c; path = preprocess.c; sourceTree = "<group>"; };
		7835615718EC37BC00A65447 /* pseudofloat.h */ = {isa = PBXFileReference; fileEncoding = 4; lastKnownFileType = sourcecode.c.h; path = pseudofloat.h; sourceTree = "<group>"; };
		7835615818EC37BC00A65447 /* quant_lsp.c */ = {isa = PBXFileReference; fileEncoding = 4; lastKnownFileType = sourcecode.c.c; path = quant_lsp.c; sourceTree = "<group>"; };
		7835615918EC37BC00A65447 /* quant_lsp.h */ = {isa = PBXFileReference; fileEncoding = 4; lastKnownFileType = sourcecode.c.h; path = quant_lsp.h; sourceTree = "<group>"; };
		7835615A18EC37BC00A65447 /* quant_lsp_bfin.h */ = {isa = PBXFileReference; fileEncoding = 4; lastKnownFileType = sourcecode.c.h; path = quant_lsp_bfin.h; sourceTree = "<group>"; };
		7835615B18EC37BC00A65447 /* resample.c */ = {isa = PBXFileReference; fileEncoding = 4; lastKnownFileType = sourcecode.c.c; path = resample.c; sourceTree = "<group>"; };
		7835615C18EC37BC00A65447 /* resample_sse.h */ = {isa = PBXFileReference; fileEncoding = 4; lastKnownFileType = sourcecode.c.h; path = resample_sse.h; sourceTree = "<group>"; };
		7835615D18EC37BC00A65447 /* sb_celp.c */ = {isa = PBXFileReference; fileEncoding = 4; lastKnownFileType = sourcecode.c.c; path = sb_celp.c; sourceTree = "<group>"; };
		7835615E18EC37BC00A65447 /* sb_celp.h */ = {isa = PBXFileReference; fileEncoding = 4; lastKnownFileType = sourcecode.c.h; path = sb_celp.h; sourceTree = "<group>"; };
		7835615F18EC37BC00A65447 /* scal.c */ = {isa = PBXFileReference; fileEncoding = 4; lastKnownFileType = sourcecode.c.c; path = scal.c; sourceTree = "<group>"; };
		7835616018EC37BC00A65447 /* smallft.c */ = {isa = PBXFileReference; fileEncoding = 4; lastKnownFileType = sourcecode.c.c; path = smallft.c; sourceTree = "<group>"; };
		7835616118EC37BC00A65447 /* smallft.h */ = {isa = PBXFileReference; fileEncoding = 4; lastKnownFileType = sourcecode.c.h; path = smallft.h; sourceTree = "<group>"; };
		7835616218EC37BC00A65447 /* speex.c */ = {isa = PBXFileReference; fileEncoding = 4; lastKnownFileType = sourcecode.c.c; path = speex.c; sourceTree = "<group>"; };
		7835616318EC37BC00A65447 /* speex_callbacks.c */ = {isa = PBXFileReference; fileEncoding = 4; lastKnownFileType = sourcecode.c.c; path = speex_callbacks.c; sourceTree = "<group>"; };
		7835616418EC37BC00A65447 /* speex_header.c */ = {isa = PBXFileReference; fileEncoding = 4; lastKnownFileType = sourcecode.c.c; path = speex_header.c; sourceTree = "<group>"; };
		7835616518EC37BC00A65447 /* stack_alloc.h */ = {isa = PBXFileReference; fileEncoding = 4; lastKnownFileType = sourcecode.c.h; path = stack_alloc.h; sourceTree = "<group>"; };
		7835616618EC37BC00A65447 /* stereo.c */ = {isa = PBXFileReference; fileEncoding = 4; lastKnownFileType = sourcecode.c.c; path = stereo.c; sourceTree = "<group>"; };
		7835616718EC37BC00A65447 /* vbr.c */ = {isa = PBXFileReference; fileEncoding = 4; lastKnownFileType = sourcecode.c.c; path = vbr.c; sourceTree = "<group>"; };
		7835616818EC37BC00A65447 /* vbr.h */ = {isa = PBXFileReference; fileEncoding = 4; lastKnownFileType = sourcecode.c.h; path = vbr.h; sourceTree = "<group>"; };
		7835616918EC37BC00A65447 /* vorbis_psy.h */ = {isa = PBXFileReference; fileEncoding = 4; lastKnownFileType = sourcecode.c.h; path = vorbis_psy.h; sourceTree = "<group>"; };
		7835616A18EC37BC00A65447 /* vq.c */ = {isa = PBXFileReference; fileEncoding = 4; lastKnownFileType = sourcecode.c.c; path = vq.c; sourceTree = "<group>"; };
		7835616B18EC37BC00A65447 /* vq.h */ = {isa = PBXFileReference; fileEncoding = 4; lastKnownFileType = sourcecode.c.h; path = vq.h; sourceTree = "<group>"; };
		7835616C18EC37BC00A65447 /* vq_arm4.h */ = {isa = PBXFileReference; fileEncoding = 4; lastKnownFileType = sourcecode.c.h; path = vq_arm4.h; sourceTree = "<group>"; };
		7835616D18EC37BC00A65447 /* vq_bfin.h */ = {isa = PBXFileReference; fileEncoding = 4; lastKnownFileType = sourcecode.c.h; path = vq_bfin.h; sourceTree = "<group>"; };
		7835616E18EC37BC00A65447 /* vq_sse.h */ = {isa = PBXFileReference; fileEncoding = 4; lastKnownFileType = sourcecode.c.h; path = vq_sse.h; sourceTree = "<group>"; };
		7835616F18EC37BC00A65447 /* window.c */ = {isa = PBXFileReference; fileEncoding = 4; lastKnownFileType = sourcecode.c.c; path = window.c; sourceTree = "<group>"; };
		7835617118EC37BC00A65447 /* speex.h */ = {isa = PBXFileReference; fileEncoding = 4; lastKnownFileType = sourcecode.c.h; path = speex.h; sourceTree = "<group>"; };
		7835617218EC37BC00A65447 /* speex_bits.h */ = {isa = PBXFileReference; fileEncoding = 4; lastKnownFileType = sourcecode.c.h; path = speex_bits.h; sourceTree = "<group>"; };
		7835617318EC37BC00A65447 /* speex_buffer.h */ = {isa = PBXFileReference; fileEncoding = 4; lastKnownFileType = sourcecode.c.h; path = speex_buffer.h; sourceTree = "<group>"; };
		7835617418EC37BC00A65447 /* speex_callbacks.h */ = {isa = PBXFileReference; fileEncoding = 4; lastKnownFileType = sourcecode.c.h; path = speex_callbacks.h; sourceTree = "<group>"; };
		7835617518EC37BC00A65447 /* speex_config_types.h.in */ = {isa = PBXFileReference; fileEncoding = 4; lastKnownFileType = text; path = speex_config_types.h.in; sourceTree = "<group>"; };
		7835617618EC37BC00A65447 /* speex_echo.h */ = {isa = PBXFileReference; fileEncoding = 4; lastKnownFileType = sourcecode.c.h; path = speex_echo.h; sourceTree = "<group>"; };
		7835617718EC37BC00A65447 /* speex_header.h */ = {isa = PBXFileReference; fileEncoding = 4; lastKnownFileType = sourcecode.c.h; path = speex_header.h; sourceTree = "<group>"; };
		7835617818EC37BC00A65447 /* speex_jitter.h */ = {isa = PBXFileReference; fileEncoding = 4; lastKnownFileType = sourcecode.c.h; path = speex_jitter.h; sourceTree = "<group>"; };
		7835617918EC37BC00A65447 /* speex_preprocess.h */ = {isa = PBXFileReference; fileEncoding = 4; lastKnownFileType = sourcecode.c.h; path = speex_preprocess.h; sourceTree = "<group>"; };
		7835617A18EC37BC00A65447 /* speex_resampler.h */ = {isa = PBXFileReference; fileEncoding = 4; lastKnownFileType = sourcecode.c.h; path = speex_resampler.h; sourceTree = "<group>"; };
		7835617B18EC37BC00A65447 /* speex_stereo.h */ = {isa = PBXFileReference; fileEncoding = 4; lastKnownFileType = sourcecode.c.h; path = speex_stereo.h; sourceTree = "<group>"; };
		7835617C18EC37BC00A65447 /* speex_types.h */ = {isa = PBXFileReference; fileEncoding = 4; lastKnownFileType = sourcecode.c.h; path = speex_types.h; sourceTree = "<group>"; };
		7835617D18EC37BC00A65447 /* RiffFile.cpp */ = {isa = PBXFileReference; fileEncoding = 4; lastKnownFileType = sourcecode.cpp.cpp; path = RiffFile.cpp; sourceTree = "<group>"; };
		7835617E18EC37BC00A65447 /* RiffFile.h */ = {isa = PBXFileReference; fileEncoding = 4; lastKnownFileType = sourcecode.c.h; path = RiffFile.h; sourceTree = "<group>"; };
		7835617F18EC37BC00A65447 /* SpeexACMConvert.cpp */ = {isa = PBXFileReference; fileEncoding = 4; lastKnownFileType = sourcecode.cpp.cpp; path = SpeexACMConvert.cpp; sourceTree = "<group>"; };
		7835618018EC37BC00A65447 /* SpeexACMConvert.h */ = {isa = PBXFileReference; fileEncoding = 4; lastKnownFileType = sourcecode.c.h; path = SpeexACMConvert.h; sourceTree = "<group>"; };
		7835618118EC37BC00A65447 /* WaveFile.cpp */ = {isa = PBXFileReference; fileEncoding = 4; lastKnownFileType = sourcecode.cpp.cpp; path = WaveFile.cpp; sourceTree = "<group>"; };
		7835618218EC37BC00A65447 /* WaveFile.h */ = {isa = PBXFileReference; fileEncoding = 4; lastKnownFileType = sourcecode.c.h; path = WaveFile.h; sourceTree = "<group>"; };
		7835618318EC37BC00A65447 /* WaveSpeexFile.cpp */ = {isa = PBXFileReference; fileEncoding = 4; lastKnownFileType = sourcecode.cpp.cpp; path = WaveSpeexFile.cpp; sourceTree = "<group>"; };
		7835618418EC37BC00A65447 /* WaveSpeexFile.h */ = {isa = PBXFileReference; fileEncoding = 4; lastKnownFileType = sourcecode.c.h; path = WaveSpeexFile.h; sourceTree = "<group>"; };
		783F23F418EB0FA30046520A /* SRSound.h */ = {isa = PBXFileReference; fileEncoding = 4; lastKnownFileType = sourcecode.c.h; path = SRSound.h; sourceTree = "<group>"; };
		783F23F518EB0FA30046520A /* SRSound.m */ = {isa = PBXFileReference; fileEncoding = 4; lastKnownFileType = sourcecode.c.objc; path = SRSound.m; sourceTree = "<group>"; };
		783F23FA18EB0FA30046520A /* SREditRecordViewController.h */ = {isa = PBXFileReference; fileEncoding = 4; lastKnownFileType = sourcecode.c.h; path = SREditRecordViewController.h; sourceTree = "<group>"; };
		783F23FB18EB0FA30046520A /* SREditRecordViewController.m */ = {isa = PBXFileReference; fileEncoding = 4; lastKnownFileType = sourcecode.c.objc; path = SREditRecordViewController.m; sourceTree = "<group>"; };
		783F23FC18EB0FA30046520A /* SREditRecordViewController.xib */ = {isa = PBXFileReference; fileEncoding = 4; lastKnownFileType = file.xib; path = SREditRecordViewController.xib; sourceTree = "<group>"; };
		783F23FD18EB0FA30046520A /* SRMainViewController.h */ = {isa = PBXFileReference; fileEncoding = 4; lastKnownFileType = sourcecode.c.h; path = SRMainViewController.h; sourceTree = "<group>"; };
		783F23FE18EB0FA30046520A /* SRMainViewController.m */ = {isa = PBXFileReference; fileEncoding = 4; lastKnownFileType = sourcecode.c.objc; path = SRMainViewController.m; sourceTree = "<group>"; };
		783F23FF18EB0FA30046520A /* SRMainViewController.xib */ = {isa = PBXFileReference; fileEncoding = 4; lastKnownFileType = file.xib; path = SRMainViewController.xib; sourceTree = "<group>"; };
		783F240018EB0FA30046520A /* SRAppDelegate.h */ = {isa = PBXFileReference; fileEncoding = 4; lastKnownFileType = sourcecode.c.h; path = SRAppDelegate.h; sourceTree = "<group>"; };
		783F240118EB0FA30046520A /* SRAppDelegate.mm */ = {isa = PBXFileReference; fileEncoding = 4; lastKnownFileType = sourcecode.cpp.objcpp; path = SRAppDelegate.mm; sourceTree = "<group>"; };
		783F240418EB0FA30046520A /* en */ = {isa = PBXFileReference; lastKnownFileType = text.plist.strings; name = en; path = en.lproj/InfoPlist.strings; sourceTree = "<group>"; };
		783F240618EB0FA30046520A /* pause.png */ = {isa = PBXFileReference; lastKnownFileType = image.png; path = pause.png; sourceTree = "<group>"; };
		783F240718EB0FA30046520A /* play.png */ = {isa = PBXFileReference; lastKnownFileType = image.png; path = play.png; sourceTree = "<group>"; };
		783F240818EB0FA30046520A /* record.png */ = {isa = PBXFileReference; lastKnownFileType = image.png; path = record.png; sourceTree = "<group>"; };
		783F240918EB0FA30046520A /* stop.png */ = {isa = PBXFileReference; lastKnownFileType = image.png; path = stop.png; sourceTree = "<group>"; };
		783F240A18EB0FA30046520A /* Images.xcassets */ = {isa = PBXFileReference; lastKnownFileType = folder.assetcatalog; path = Images.xcassets; sourceTree = "<group>"; };
		783F241818EB0FBF0046520A /* SRRecord.h */ = {isa = PBXFileReference; fileEncoding = 4; lastKnownFileType = sourcecode.c.h; path = SRRecord.h; sourceTree = "<group>"; };
		783F241918EB0FBF0046520A /* SRRecord.m */ = {isa = PBXFileReference; fileEncoding = 4; lastKnownFileType = sourcecode.c.objc; path = SRRecord.m; sourceTree = "<group>"; };
		783F241B18EB0FC90046520A /* SRModel.h */ = {isa = PBXFileReference; fileEncoding = 4; lastKnownFileType = sourcecode.c.h; path = SRModel.h; sourceTree = "<group>"; };
		783F241C18EB0FC90046520A /* SRModel.m */ = {isa = PBXFileReference; fileEncoding = 4; lastKnownFileType = sourcecode.c.objc; path = SRModel.m; sourceTree = "<group>"; };
		783F241E18EB12EE0046520A /* SRProject.h */ = {isa = PBXFileReference; fileEncoding = 4; lastKnownFileType = sourcecode.c.h; path = SRProject.h; sourceTree = "<group>"; };
		783F241F18EB12EE0046520A /* SRProject.mm */ = {isa = PBXFileReference; fileEncoding = 4; lastKnownFileType = sourcecode.cpp.objcpp; path = SRProject.mm; sourceTree = "<group>"; };
		786941EF1859AF3500EA2D98 /* SoundRecorder.app */ = {isa = PBXFileReference; explicitFileType = wrapper.application; includeInIndex = 0; path = SoundRecorder.app; sourceTree = BUILT_PRODUCTS_DIR; };
		786941F21859AF3500EA2D98 /* Foundation.framework */ = {isa = PBXFileReference; lastKnownFileType = wrapper.framework; name = Foundation.framework; path = System/Library/Frameworks/Foundation.framework; sourceTree = SDKROOT; };
		786941F41859AF3500EA2D98 /* CoreGraphics.framework */ = {isa = PBXFileReference; lastKnownFileType = wrapper.framework; name = CoreGraphics.framework; path = System/Library/Frameworks/CoreGraphics.framework; sourceTree = SDKROOT; };
		786941F61859AF3500EA2D98 /* UIKit.framework */ = {isa = PBXFileReference; lastKnownFileType = wrapper.framework; name = UIKit.framework; path = System/Library/Frameworks/UIKit.framework; sourceTree = SDKROOT; };
		786941FA1859AF3500EA2D98 /* SoundRecorder-Info.plist */ = {isa = PBXFileReference; lastKnownFileType = text.plist.xml; path = "SoundRecorder-Info.plist"; sourceTree = "<group>"; };
		786941FE1859AF3500EA2D98 /* main.m */ = {isa = PBXFileReference; lastKnownFileType = sourcecode.c.objc; path = main.m; sourceTree = "<group>"; };
		786942001859AF3500EA2D98 /* SoundRecorder-Prefix.pch */ = {isa = PBXFileReference; lastKnownFileType = sourcecode.c.h; path = "SoundRecorder-Prefix.pch"; sourceTree = "<group>"; };
		786942101859AF3500EA2D98 /* SoundRecorderTests.xctest */ = {isa = PBXFileReference; explicitFileType = wrapper.cfbundle; includeInIndex = 0; path = SoundRecorderTests.xctest; sourceTree = BUILT_PRODUCTS_DIR; };
		786942111859AF3500EA2D98 /* XCTest.framework */ = {isa = PBXFileReference; lastKnownFileType = wrapper.framework; name = XCTest.framework; path = Library/Frameworks/XCTest.framework; sourceTree = DEVELOPER_DIR; };
		786942191859AF3500EA2D98 /* SoundRecorderTests-Info.plist */ = {isa = PBXFileReference; lastKnownFileType = text.plist.xml; path = "SoundRecorderTests-Info.plist"; sourceTree = "<group>"; };
		7869421B1859AF3500EA2D98 /* en */ = {isa = PBXFileReference; lastKnownFileType = text.plist.strings; name = en; path = en.lproj/InfoPlist.strings; sourceTree = "<group>"; };
		7869421D1859AF3500EA2D98 /* SoundRecorderTests.m */ = {isa = PBXFileReference; lastKnownFileType = sourcecode.c.objc; path = SoundRecorderTests.m; sourceTree = "<group>"; };
		786E7D80185B55210091731F /* AudioToolbox.framework */ = {isa = PBXFileReference; lastKnownFileType = wrapper.framework; name = AudioToolbox.framework; path = System/Library/Frameworks/AudioToolbox.framework; sourceTree = SDKROOT; };
		789B83A5185B1B2D00E6B5CD /* AVFoundation.framework */ = {isa = PBXFileReference; lastKnownFileType = wrapper.framework; name = AVFoundation.framework; path = System/Library/Frameworks/AVFoundation.framework; sourceTree = SDKROOT; };
/* End PBXFileReference section */

/* Begin PBXFrameworksBuildPhase section */
		786941EC1859AF3500EA2D98 /* Frameworks */ = {
			isa = PBXFrameworksBuildPhase;
			buildActionMask = 2147483647;
			files = (
				786E7D81185B55210091731F /* AudioToolbox.framework in Frameworks */,
				789B83A6185B1B2D00E6B5CD /* AVFoundation.framework in Frameworks */,
				786941F51859AF3500EA2D98 /* CoreGraphics.framework in Frameworks */,
				786941F71859AF3500EA2D98 /* UIKit.framework in Frameworks */,
				786941F31859AF3500EA2D98 /* Foundation.framework in Frameworks */,
			);
			runOnlyForDeploymentPostprocessing = 0;
		};
		7869420D1859AF3500EA2D98 /* Frameworks */ = {
			isa = PBXFrameworksBuildPhase;
			buildActionMask = 2147483647;
			files = (
				786942121859AF3500EA2D98 /* XCTest.framework in Frameworks */,
				786942141859AF3500EA2D98 /* UIKit.framework in Frameworks */,
				786942131859AF3500EA2D98 /* Foundation.framework in Frameworks */,
			);
			runOnlyForDeploymentPostprocessing = 0;
		};
/* End PBXFrameworksBuildPhase section */

/* Begin PBXGroup section */
		7835601818EBEC9900A65447 /* Views */ = {
			isa = PBXGroup;
			children = (
				7835601918EBEC9900A65447 /* IBKAlertView.h */,
				7835601A18EBEC9900A65447 /* IBKAlertView.m */,
			);
			path = Views;
			sourceTree = "<group>";
		};
		7835611518EC37BC00A65447 /* Utils */ = {
			isa = PBXGroup;
			children = (
				7835611618EC37BC00A65447 /* Speex */,
			);
			path = Utils;
			sourceTree = "<group>";
		};
		7835611618EC37BC00A65447 /* Speex */ = {
			isa = PBXGroup;
			children = (
				7835611718EC37BC00A65447 /* CSource */,
				7835617D18EC37BC00A65447 /* RiffFile.cpp */,
				7835617E18EC37BC00A65447 /* RiffFile.h */,
				7835617F18EC37BC00A65447 /* SpeexACMConvert.cpp */,
				7835618018EC37BC00A65447 /* SpeexACMConvert.h */,
				7835618118EC37BC00A65447 /* WaveFile.cpp */,
				7835618218EC37BC00A65447 /* WaveFile.h */,
				7835618318EC37BC00A65447 /* WaveSpeexFile.cpp */,
				7835618418EC37BC00A65447 /* WaveSpeexFile.h */,
			);
			path = Speex;
			sourceTree = "<group>";
		};
		7835611718EC37BC00A65447 /* CSource */ = {
			isa = PBXGroup;
			children = (
				7835611818EC37BC00A65447 /* config.h */,
				7835611918EC37BC00A65447 /* libspeex */,
				7835617018EC37BC00A65447 /* speex */,
			);
			path = CSource;
			sourceTree = "<group>";
		};
		7835611918EC37BC00A65447 /* libspeex */ = {
			isa = PBXGroup;
			children = (
				7835611A18EC37BC00A65447 /* _kiss_fft_guts.h */,
				7835611B18EC37BC00A65447 /* arch.h */,
				7835611C18EC37BC00A65447 /* bits.c */,
				7835611D18EC37BC00A65447 /* buffer.c */,
				7835611E18EC37BC00A65447 /* cb_search.c */,
				7835611F18EC37BC00A65447 /* cb_search.h */,
				7835612018EC37BC00A65447 /* cb_search_arm4.h */,
				7835612118EC37BC00A65447 /* cb_search_bfin.h */,
				7835612218EC37BC00A65447 /* cb_search_sse.h */,
				7835612318EC37BC00A65447 /* exc_10_16_table.c */,
				7835612418EC37BC00A65447 /* exc_10_32_table.c */,
				7835612518EC37BC00A65447 /* exc_20_32_table.c */,
				7835612618EC37BC00A65447 /* exc_5_256_table.c */,
				7835612718EC37BC00A65447 /* exc_5_64_table.c */,
				7835612818EC37BC00A65447 /* exc_8_128_table.c */,
				7835612918EC37BC00A65447 /* fftwrap.c */,
				7835612A18EC37BC00A65447 /* fftwrap.h */,
				7835612B18EC37BC00A65447 /* filterbank.c */,
				7835612C18EC37BC00A65447 /* filterbank.h */,
				7835612D18EC37BC00A65447 /* filters.c */,
				7835612E18EC37BC00A65447 /* filters.h */,
				7835612F18EC37BC00A65447 /* filters_arm4.h */,
				7835613018EC37BC00A65447 /* filters_bfin.h */,
				7835613118EC37BC00A65447 /* filters_sse.h */,
				7835613218EC37BC00A65447 /* fixed_arm4.h */,
				7835613318EC37BC00A65447 /* fixed_arm5e.h */,
				7835613418EC37BC00A65447 /* fixed_bfin.h */,
				7835613518EC37BC00A65447 /* fixed_debug.h */,
				7835613618EC37BC00A65447 /* fixed_generic.h */,
				7835613718EC37BC00A65447 /* gain_table.c */,
				7835613818EC37BC00A65447 /* gain_table_lbr.c */,
				7835613918EC37BC00A65447 /* hexc_10_32_table.c */,
				7835613A18EC37BC00A65447 /* hexc_table.c */,
				7835613B18EC37BC00A65447 /* high_lsp_tables.c */,
				7835613C18EC37BC00A65447 /* jitter.c */,
				7835613D18EC37BC00A65447 /* kiss_fft.c */,
				7835613E18EC37BC00A65447 /* kiss_fft.h */,
				7835613F18EC37BC00A65447 /* kiss_fftr.c */,
				7835614018EC37BC00A65447 /* kiss_fftr.h */,
				7835614118EC37BC00A65447 /* lpc.c */,
				7835614218EC37BC00A65447 /* lpc.h */,
				7835614318EC37BC00A65447 /* lpc_bfin.h */,
				7835614418EC37BC00A65447 /* lsp.c */,
				7835614518EC37BC00A65447 /* lsp.h */,
				7835614618EC37BC00A65447 /* lsp_bfin.h */,
				7835614718EC37BC00A65447 /* lsp_tables_nb.c */,
				7835614818EC37BC00A65447 /* ltp.c */,
				7835614918EC37BC00A65447 /* ltp.h */,
				7835614A18EC37BC00A65447 /* ltp_arm4.h */,
				7835614B18EC37BC00A65447 /* ltp_bfin.h */,
				7835614C18EC37BC00A65447 /* ltp_sse.h */,
				7835614D18EC37BC00A65447 /* math_approx.h */,
				7835614E18EC37BC00A65447 /* mdf.c */,
				7835614F18EC37BC00A65447 /* misc_bfin.h */,
				7835615018EC37BC00A65447 /* modes.c */,
				7835615118EC37BC00A65447 /* modes.h */,
				7835615218EC37BC00A65447 /* modes_wb.c */,
				7835615318EC37BC00A65447 /* nb_celp.c */,
				7835615418EC37BC00A65447 /* nb_celp.h */,
				7835615518EC37BC00A65447 /* os_support.h */,
				7835615618EC37BC00A65447 /* preprocess.c */,
				7835615718EC37BC00A65447 /* pseudofloat.h */,
				7835615818EC37BC00A65447 /* quant_lsp.c */,
				7835615918EC37BC00A65447 /* quant_lsp.h */,
				7835615A18EC37BC00A65447 /* quant_lsp_bfin.h */,
				7835615B18EC37BC00A65447 /* resample.c */,
				7835615C18EC37BC00A65447 /* resample_sse.h */,
				7835615D18EC37BC00A65447 /* sb_celp.c */,
				7835615E18EC37BC00A65447 /* sb_celp.h */,
				7835615F18EC37BC00A65447 /* scal.c */,
				7835616018EC37BC00A65447 /* smallft.c */,
				7835616118EC37BC00A65447 /* smallft.h */,
				7835616218EC37BC00A65447 /* speex.c */,
				7835616318EC37BC00A65447 /* speex_callbacks.c */,
				7835616418EC37BC00A65447 /* speex_header.c */,
				7835616518EC37BC00A65447 /* stack_alloc.h */,
				7835616618EC37BC00A65447 /* stereo.c */,
				7835616718EC37BC00A65447 /* vbr.c */,
				7835616818EC37BC00A65447 /* vbr.h */,
				7835616918EC37BC00A65447 /* vorbis_psy.h */,
				7835616A18EC37BC00A65447 /* vq.c */,
				7835616B18EC37BC00A65447 /* vq.h */,
				7835616C18EC37BC00A65447 /* vq_arm4.h */,
				7835616D18EC37BC00A65447 /* vq_bfin.h */,
				7835616E18EC37BC00A65447 /* vq_sse.h */,
				7835616F18EC37BC00A65447 /* window.c */,
			);
			path = libspeex;
			sourceTree = "<group>";
		};
		7835617018EC37BC00A65447 /* speex */ = {
			isa = PBXGroup;
			children = (
				7835617118EC37BC00A65447 /* speex.h */,
				7835617218EC37BC00A65447 /* speex_bits.h */,
				7835617318EC37BC00A65447 /* speex_buffer.h */,
				7835617418EC37BC00A65447 /* speex_callbacks.h */,
				7835617518EC37BC00A65447 /* speex_config_types.h.in */,
				7835617618EC37BC00A65447 /* speex_echo.h */,
				7835617718EC37BC00A65447 /* speex_header.h */,
				7835617818EC37BC00A65447 /* speex_jitter.h */,
				7835617918EC37BC00A65447 /* speex_preprocess.h */,
				7835617A18EC37BC00A65447 /* speex_resampler.h */,
				7835617B18EC37BC00A65447 /* speex_stereo.h */,
				7835617C18EC37BC00A65447 /* speex_types.h */,
			);
			path = speex;
			sourceTree = "<group>";
		};
		783F23F118EB0FA30046520A /* Classes */ = {
			isa = PBXGroup;
			children = (
				783F240018EB0FA30046520A /* SRAppDelegate.h */,
				783F240118EB0FA30046520A /* SRAppDelegate.mm */,
				783F23F218EB0FA30046520A /* Core */,
				783F23F818EB0FA30046520A /* GUI */,
			);
			path = Classes;
			sourceTree = "<group>";
		};
		783F23F218EB0FA30046520A /* Core */ = {
			isa = PBXGroup;
			children = (
				7835611518EC37BC00A65447 /* Utils */,
				783F23F318EB0FA30046520A /* Models */,
			);
			path = Core;
			sourceTree = "<group>";
		};
		783F23F318EB0FA30046520A /* Models */ = {
			isa = PBXGroup;
			children = (
				783F241B18EB0FC90046520A /* SRModel.h */,
				783F241C18EB0FC90046520A /* SRModel.m */,
				783F241E18EB12EE0046520A /* SRProject.h */,
				783F241F18EB12EE0046520A /* SRProject.mm */,
				783F241818EB0FBF0046520A /* SRRecord.h */,
				783F241918EB0FBF0046520A /* SRRecord.m */,
				783F23F418EB0FA30046520A /* SRSound.h */,
				783F23F518EB0FA30046520A /* SRSound.m */,
			);
			path = Models;
			sourceTree = "<group>";
		};
		783F23F818EB0FA30046520A /* GUI */ = {
			isa = PBXGroup;
			children = (
				7835601818EBEC9900A65447 /* Views */,
				783F23F918EB0FA30046520A /* Controllers */,
			);
			path = GUI;
			sourceTree = "<group>";
		};
		783F23F918EB0FA30046520A /* Controllers */ = {
			isa = PBXGroup;
			children = (
				783F23FA18EB0FA30046520A /* SREditRecordViewController.h */,
				783F23FB18EB0FA30046520A /* SREditRecordViewController.m */,
				783F23FC18EB0FA30046520A /* SREditRecordViewController.xib */,
				783F23FD18EB0FA30046520A /* SRMainViewController.h */,
				783F23FE18EB0FA30046520A /* SRMainViewController.m */,
				783F23FF18EB0FA30046520A /* SRMainViewController.xib */,
			);
			path = Controllers;
			sourceTree = "<group>";
		};
		783F240218EB0FA30046520A /* Resources */ = {
			isa = PBXGroup;
			children = (
				783F240318EB0FA30046520A /* InfoPlist.strings */,
				783F240518EB0FA30046520A /* Images */,
				783F240A18EB0FA30046520A /* Images.xcassets */,
			);
			path = Resources;
			sourceTree = "<group>";
		};
		783F240518EB0FA30046520A /* Images */ = {
			isa = PBXGroup;
			children = (
				783F240618EB0FA30046520A /* pause.png */,
				783F240718EB0FA30046520A /* play.png */,
				783F240818EB0FA30046520A /* record.png */,
				783F240918EB0FA30046520A /* stop.png */,
			);
			path = Images;
			sourceTree = "<group>";
		};
		786941E61859AF3500EA2D98 = {
			isa = PBXGroup;
			children = (
				786941F81859AF3500EA2D98 /* SoundRecorder */,
				786942171859AF3500EA2D98 /* SoundRecorderTests */,
				786941F11859AF3500EA2D98 /* Frameworks */,
				786941F01859AF3500EA2D98 /* Products */,
			);
			sourceTree = "<group>";
		};
		786941F01859AF3500EA2D98 /* Products */ = {
			isa = PBXGroup;
			children = (
				786941EF1859AF3500EA2D98 /* SoundRecorder.app */,
				786942101859AF3500EA2D98 /* SoundRecorderTests.xctest */,
			);
			name = Products;
			sourceTree = "<group>";
		};
		786941F11859AF3500EA2D98 /* Frameworks */ = {
			isa = PBXGroup;
			children = (
				786E7D80185B55210091731F /* AudioToolbox.framework */,
				789B83A5185B1B2D00E6B5CD /* AVFoundation.framework */,
				786941F21859AF3500EA2D98 /* Foundation.framework */,
				786941F41859AF3500EA2D98 /* CoreGraphics.framework */,
				786941F61859AF3500EA2D98 /* UIKit.framework */,
				786942111859AF3500EA2D98 /* XCTest.framework */,
			);
			name = Frameworks;
			sourceTree = "<group>";
		};
		786941F81859AF3500EA2D98 /* SoundRecorder */ = {
			isa = PBXGroup;
			children = (
				783F23F118EB0FA30046520A /* Classes */,
				783F240218EB0FA30046520A /* Resources */,
				786941F91859AF3500EA2D98 /* Supporting Files */,
			);
			path = SoundRecorder;
			sourceTree = "<group>";
		};
		786941F91859AF3500EA2D98 /* Supporting Files */ = {
			isa = PBXGroup;
			children = (
				786941FA1859AF3500EA2D98 /* SoundRecorder-Info.plist */,
				786941FE1859AF3500EA2D98 /* main.m */,
				786942001859AF3500EA2D98 /* SoundRecorder-Prefix.pch */,
			);
			name = "Supporting Files";
			sourceTree = "<group>";
		};
		786942171859AF3500EA2D98 /* SoundRecorderTests */ = {
			isa = PBXGroup;
			children = (
				7869421D1859AF3500EA2D98 /* SoundRecorderTests.m */,
				786942181859AF3500EA2D98 /* Supporting Files */,
			);
			path = SoundRecorderTests;
			sourceTree = "<group>";
		};
		786942181859AF3500EA2D98 /* Supporting Files */ = {
			isa = PBXGroup;
			children = (
				786942191859AF3500EA2D98 /* SoundRecorderTests-Info.plist */,
				7869421A1859AF3500EA2D98 /* InfoPlist.strings */,
			);
			name = "Supporting Files";
			sourceTree = "<group>";
		};
/* End PBXGroup section */

/* Begin PBXNativeTarget section */
		786941EE1859AF3500EA2D98 /* SoundRecorder */ = {
			isa = PBXNativeTarget;
			buildConfigurationList = 786942211859AF3500EA2D98 /* Build configuration list for PBXNativeTarget "SoundRecorder" */;
			buildPhases = (
				786941EB1859AF3500EA2D98 /* Sources */,
				786941EC1859AF3500EA2D98 /* Frameworks */,
				786941ED1859AF3500EA2D98 /* Resources */,
			);
			buildRules = (
			);
			dependencies = (
			);
			name = SoundRecorder;
			productName = SoundRecorder;
			productReference = 786941EF1859AF3500EA2D98 /* SoundRecorder.app */;
			productType = "com.apple.product-type.application";
		};
		7869420F1859AF3500EA2D98 /* SoundRecorderTests */ = {
			isa = PBXNativeTarget;
			buildConfigurationList = 786942241859AF3500EA2D98 /* Build configuration list for PBXNativeTarget "SoundRecorderTests" */;
			buildPhases = (
				7869420C1859AF3500EA2D98 /* Sources */,
				7869420D1859AF3500EA2D98 /* Frameworks */,
				7869420E1859AF3500EA2D98 /* Resources */,
			);
			buildRules = (
			);
			dependencies = (
				786942161859AF3500EA2D98 /* PBXTargetDependency */,
			);
			name = SoundRecorderTests;
			productName = SoundRecorderTests;
			productReference = 786942101859AF3500EA2D98 /* SoundRecorderTests.xctest */;
			productType = "com.apple.product-type.bundle.unit-test";
		};
/* End PBXNativeTarget section */

/* Begin PBXProject section */
		786941E71859AF3500EA2D98 /* Project object */ = {
			isa = PBXProject;
			attributes = {
				CLASSPREFIX = SR;
				LastUpgradeCheck = 0510;
				ORGANIZATIONNAME = "Wise-Apps";
				TargetAttributes = {
					7869420F1859AF3500EA2D98 = {
						TestTargetID = 786941EE1859AF3500EA2D98;
					};
				};
			};
			buildConfigurationList = 786941EA1859AF3500EA2D98 /* Build configuration list for PBXProject "SoundRecorder" */;
			compatibilityVersion = "Xcode 3.2";
			developmentRegion = English;
			hasScannedForEncodings = 0;
			knownRegions = (
				en,
				Base,
			);
			mainGroup = 786941E61859AF3500EA2D98;
			productRefGroup = 786941F01859AF3500EA2D98 /* Products */;
			projectDirPath = "";
			projectRoot = "";
			targets = (
				786941EE1859AF3500EA2D98 /* SoundRecorder */,
				7869420F1859AF3500EA2D98 /* SoundRecorderTests */,
			);
		};
/* End PBXProject section */

/* Begin PBXResourcesBuildPhase section */
		786941ED1859AF3500EA2D98 /* Resources */ = {
			isa = PBXResourcesBuildPhase;
			buildActionMask = 2147483647;
			files = (
				783F241018EB0FA30046520A /* SRMainViewController.xib in Resources */,
				783F241718EB0FA30046520A /* Images.xcassets in Resources */,
				783561AE18EC37BC00A65447 /* speex_config_types.h.in in Resources */,
				783F241418EB0FA30046520A /* play.png in Resources */,
				783F241218EB0FA30046520A /* InfoPlist.strings in Resources */,
				783F241618EB0FA30046520A /* stop.png in Resources */,
				783F241318EB0FA30046520A /* pause.png in Resources */,
				783F241518EB0FA30046520A /* record.png in Resources */,
				783F240E18EB0FA30046520A /* SREditRecordViewController.xib in Resources */,
			);
			runOnlyForDeploymentPostprocessing = 0;
		};
		7869420E1859AF3500EA2D98 /* Resources */ = {
			isa = PBXResourcesBuildPhase;
			buildActionMask = 2147483647;
			files = (
				7869421C1859AF3500EA2D98 /* InfoPlist.strings in Resources */,
			);
			runOnlyForDeploymentPostprocessing = 0;
		};
/* End PBXResourcesBuildPhase section */

/* Begin PBXSourcesBuildPhase section */
		786941EB1859AF3500EA2D98 /* Sources */ = {
			isa = PBXSourcesBuildPhase;
			buildActionMask = 2147483647;
			files = (
				7835619E18EC37BC00A65447 /* modes.c in Sources */,
				7835619118EC37BC00A65447 /* gain_table.c in Sources */,
				7835619318EC37BC00A65447 /* hexc_10_32_table.c in Sources */,
				783561A218EC37BC00A65447 /* quant_lsp.c in Sources */,
				783561AB18EC37BC00A65447 /* vbr.c in Sources */,
				7835618718EC37BC00A65447 /* cb_search.c in Sources */,
				7835618B18EC37BC00A65447 /* exc_5_256_table.c in Sources */,
				783561A718EC37BC00A65447 /* speex.c in Sources */,
				7835601B18EBEC9900A65447 /* IBKAlertView.m in Sources */,
				7835619A18EC37BC00A65447 /* lsp.c in Sources */,
				783561B218EC37BC00A65447 /* WaveSpeexFile.cpp in Sources */,
				7835619C18EC37BC00A65447 /* ltp.c in Sources */,
				783F240B18EB0FA30046520A /* SRSound.m in Sources */,
				783F241118EB0FA30046520A /* SRAppDelegate.mm in Sources */,
				7835619618EC37BC00A65447 /* jitter.c in Sources */,
				783561A118EC37BC00A65447 /* preprocess.c in Sources */,
				7835618518EC37BC00A65447 /* bits.c in Sources */,
				7835618F18EC37BC00A65447 /* filterbank.c in Sources */,
				7835618818EC37BC00A65447 /* exc_10_16_table.c in Sources */,
				783561A318EC37BC00A65447 /* resample.c in Sources */,
				7835619818EC37BC00A65447 /* kiss_fftr.c in Sources */,
				7835619D18EC37BC00A65447 /* mdf.c in Sources */,
				783561B018EC37BC00A65447 /* SpeexACMConvert.cpp in Sources */,
				783561A818EC37BC00A65447 /* speex_callbacks.c in Sources */,
				7835619418EC37BC00A65447 /* hexc_table.c in Sources */,
				783F241D18EB0FC90046520A /* SRModel.m in Sources */,
				7835619F18EC37BC00A65447 /* modes_wb.c in Sources */,
				783561A518EC37BC00A65447 /* scal.c in Sources */,
				783561A418EC37BC00A65447 /* sb_celp.c in Sources */,
				783561A018EC37BC00A65447 /* nb_celp.c in Sources */,
				783F240F18EB0FA30046520A /* SRMainViewController.m in Sources */,
				7835618618EC37BC00A65447 /* buffer.c in Sources */,
				7835618D18EC37BC00A65447 /* exc_8_128_table.c in Sources */,
				783561A918EC37BC00A65447 /* speex_header.c in Sources */,
				7835619518EC37BC00A65447 /* high_lsp_tables.c in Sources */,
				783561AC18EC37BC00A65447 /* vq.c in Sources */,
				783F242018EB12EE0046520A /* SRProject.mm in Sources */,
				786941FF1859AF3500EA2D98 /* main.m in Sources */,
				783F240D18EB0FA30046520A /* SREditRecordViewController.m in Sources */,
				783F241A18EB0FBF0046520A /* SRRecord.m in Sources */,
				783561B118EC37BC00A65447 /* WaveFile.cpp in Sources */,
				7835619018EC37BC00A65447 /* filters.c in Sources */,
				783561AF18EC37BC00A65447 /* RiffFile.cpp in Sources */,
				7835618E18EC37BC00A65447 /* fftwrap.c in Sources */,
				7835618C18EC37BC00A65447 /* exc_5_64_table.c in Sources */,
				783561AD18EC37BC00A65447 /* window.c in Sources */,
				783561A618EC37BC00A65447 /* smallft.c in Sources */,
				7835618A18EC37BC00A65447 /* exc_20_32_table.c in Sources */,
				7835619918EC37BC00A65447 /* lpc.c in Sources */,
				783561AA18EC37BC00A65447 /* stereo.c in Sources */,
				7835619218EC37BC00A65447 /* gain_table_lbr.c in Sources */,
				7835619718EC37BC00A65447 /* kiss_fft.c in Sources */,
				7835619B18EC37BC00A65447 /* lsp_tables_nb.c in Sources */,
				7835618918EC37BC00A65447 /* exc_10_32_table.c in Sources */,
			);
			runOnlyForDeploymentPostprocessing = 0;
		};
		7869420C1859AF3500EA2D98 /* Sources */ = {
			isa = PBXSourcesBuildPhase;
			buildActionMask = 2147483647;
			files = (
				7869421E1859AF3500EA2D98 /* SoundRecorderTests.m in Sources */,
			);
			runOnlyForDeploymentPostprocessing = 0;
		};
/* End PBXSourcesBuildPhase section */

/* Begin PBXTargetDependency section */
		786942161859AF3500EA2D98 /* PBXTargetDependency */ = {
			isa = PBXTargetDependency;
			target = 786941EE1859AF3500EA2D98 /* SoundRecorder */;
			targetProxy = 786942151859AF3500EA2D98 /* PBXContainerItemProxy */;
		};
/* End PBXTargetDependency section */

/* Begin PBXVariantGroup section */
		783F240318EB0FA30046520A /* InfoPlist.strings */ = {
			isa = PBXVariantGroup;
			children = (
				783F240418EB0FA30046520A /* en */,
			);
			name = InfoPlist.strings;
			sourceTree = "<group>";
		};
		7869421A1859AF3500EA2D98 /* InfoPlist.strings */ = {
			isa = PBXVariantGroup;
			children = (
				7869421B1859AF3500EA2D98 /* en */,
			);
			name = InfoPlist.strings;
			sourceTree = "<group>";
		};
/* End PBXVariantGroup section */

/* Begin XCBuildConfiguration section */
		7869421F1859AF3500EA2D98 /* Debug */ = {
			isa = XCBuildConfiguration;
			buildSettings = {
				ALWAYS_SEARCH_USER_PATHS = NO;
				CLANG_CXX_LANGUAGE_STANDARD = "gnu++0x";
				CLANG_CXX_LIBRARY = "libc++";
				CLANG_ENABLE_MODULES = YES;
				CLANG_ENABLE_OBJC_ARC = YES;
				CLANG_WARN_BOOL_CONVERSION = YES;
				CLANG_WARN_CONSTANT_CONVERSION = YES;
				CLANG_WARN_DIRECT_OBJC_ISA_USAGE = YES_ERROR;
				CLANG_WARN_EMPTY_BODY = YES;
				CLANG_WARN_ENUM_CONVERSION = YES;
				CLANG_WARN_INT_CONVERSION = YES;
				CLANG_WARN_OBJC_ROOT_CLASS = YES_ERROR;
				CLANG_WARN__DUPLICATE_METHOD_MATCH = YES;
				"CODE_SIGN_IDENTITY[sdk=iphoneos*]" = "iPhone Developer";
				COPY_PHASE_STRIP = NO;
				GCC_C_LANGUAGE_STANDARD = gnu99;
				GCC_DYNAMIC_NO_PIC = NO;
				GCC_OPTIMIZATION_LEVEL = 0;
				GCC_PREPROCESSOR_DEFINITIONS = (
					"DEBUG=1",
					"$(inherited)",
				);
				GCC_SYMBOLS_PRIVATE_EXTERN = NO;
				GCC_WARN_64_TO_32_BIT_CONVERSION = YES;
				GCC_WARN_ABOUT_RETURN_TYPE = YES_ERROR;
				GCC_WARN_UNDECLARED_SELECTOR = YES;
				GCC_WARN_UNINITIALIZED_AUTOS = YES;
				GCC_WARN_UNUSED_FUNCTION = YES;
				GCC_WARN_UNUSED_VARIABLE = YES;
				IPHONEOS_DEPLOYMENT_TARGET = 7.0;
				ONLY_ACTIVE_ARCH = YES;
				SDKROOT = iphoneos;
			};
			name = Debug;
		};
		786942201859AF3500EA2D98 /* Release */ = {
			isa = XCBuildConfiguration;
			buildSettings = {
				ALWAYS_SEARCH_USER_PATHS = NO;
				CLANG_CXX_LANGUAGE_STANDARD = "gnu++0x";
				CLANG_CXX_LIBRARY = "libc++";
				CLANG_ENABLE_MODULES = YES;
				CLANG_ENABLE_OBJC_ARC = YES;
				CLANG_WARN_BOOL_CONVERSION = YES;
				CLANG_WARN_CONSTANT_CONVERSION = YES;
				CLANG_WARN_DIRECT_OBJC_ISA_USAGE = YES_ERROR;
				CLANG_WARN_EMPTY_BODY = YES;
				CLANG_WARN_ENUM_CONVERSION = YES;
				CLANG_WARN_INT_CONVERSION = YES;
				CLANG_WARN_OBJC_ROOT_CLASS = YES_ERROR;
				CLANG_WARN__DUPLICATE_METHOD_MATCH = YES;
				"CODE_SIGN_IDENTITY[sdk=iphoneos*]" = "iPhone Developer";
				COPY_PHASE_STRIP = YES;
				ENABLE_NS_ASSERTIONS = NO;
				GCC_C_LANGUAGE_STANDARD = gnu99;
				GCC_WARN_64_TO_32_BIT_CONVERSION = YES;
				GCC_WARN_ABOUT_RETURN_TYPE = YES_ERROR;
				GCC_WARN_UNDECLARED_SELECTOR = YES;
				GCC_WARN_UNINITIALIZED_AUTOS = YES;
				GCC_WARN_UNUSED_FUNCTION = YES;
				GCC_WARN_UNUSED_VARIABLE = YES;
				IPHONEOS_DEPLOYMENT_TARGET = 7.0;
				SDKROOT = iphoneos;
				VALIDATE_PRODUCT = YES;
			};
			name = Release;
		};
		786942221859AF3500EA2D98 /* Debug */ = {
			isa = XCBuildConfiguration;
			buildSettings = {
				ALWAYS_SEARCH_USER_PATHS = YES;
				ASSETCATALOG_COMPILER_APPICON_NAME = AppIcon;
				ASSETCATALOG_COMPILER_LAUNCHIMAGE_NAME = LaunchImage;
				GCC_PRECOMPILE_PREFIX_HEADER = YES;
				GCC_PREFIX_HEADER = "SoundRecorder/SoundRecorder-Prefix.pch";
				INFOPLIST_FILE = "SoundRecorder/SoundRecorder-Info.plist";
				LIBRARY_SEARCH_PATHS = "$(inherited)";
				PRODUCT_NAME = "$(TARGET_NAME)";
				USER_HEADER_SEARCH_PATHS = "$(SRCROOT)/Classes/Core/Utils/Speex/CSource/speex $(SRCROOT)/Classes/Core/Utils/Speex/CSource";
				WRAPPER_EXTENSION = app;
			};
			name = Debug;
		};
		786942231859AF3500EA2D98 /* Release */ = {
			isa = XCBuildConfiguration;
			buildSettings = {
				ALWAYS_SEARCH_USER_PATHS = YES;
				ASSETCATALOG_COMPILER_APPICON_NAME = AppIcon;
				ASSETCATALOG_COMPILER_LAUNCHIMAGE_NAME = LaunchImage;
				GCC_PRECOMPILE_PREFIX_HEADER = YES;
				GCC_PREFIX_HEADER = "SoundRecorder/SoundRecorder-Prefix.pch";
				INFOPLIST_FILE = "SoundRecorder/SoundRecorder-Info.plist";
				LIBRARY_SEARCH_PATHS = "$(inherited)";
				PRODUCT_NAME = "$(TARGET_NAME)";
				USER_HEADER_SEARCH_PATHS = "$(SRCROOT)/Classes/Core/Utils/Speex/CSource/speex $(SRCROOT)/Classes/Core/Utils/Speex/CSource";
				WRAPPER_EXTENSION = app;
			};
			name = Release;
		};
		786942251859AF3500EA2D98 /* Debug */ = {
			isa = XCBuildConfiguration;
			buildSettings = {
				BUNDLE_LOADER = "$(BUILT_PRODUCTS_DIR)/SoundRecorder.app/SoundRecorder";
				FRAMEWORK_SEARCH_PATHS = (
					"$(SDKROOT)/Developer/Library/Frameworks",
					"$(inherited)",
					"$(DEVELOPER_FRAMEWORKS_DIR)",
				);
				GCC_PRECOMPILE_PREFIX_HEADER = YES;
				GCC_PREFIX_HEADER = "SoundRecorder/SoundRecorder-Prefix.pch";
				GCC_PREPROCESSOR_DEFINITIONS = (
					"DEBUG=1",
					"$(inherited)",
				);
				INFOPLIST_FILE = "SoundRecorderTests/SoundRecorderTests-Info.plist";
				PRODUCT_NAME = "$(TARGET_NAME)";
				TEST_HOST = "$(BUNDLE_LOADER)";
				WRAPPER_EXTENSION = xctest;
			};
			name = Debug;
		};
		786942261859AF3500EA2D98 /* Release */ = {
			isa = XCBuildConfiguration;
			buildSettings = {
				BUNDLE_LOADER = "$(BUILT_PRODUCTS_DIR)/SoundRecorder.app/SoundRecorder";
				FRAMEWORK_SEARCH_PATHS = (
					"$(SDKROOT)/Developer/Library/Frameworks",
					"$(inherited)",
					"$(DEVELOPER_FRAMEWORKS_DIR)",
				);
				GCC_PRECOMPILE_PREFIX_HEADER = YES;
				GCC_PREFIX_HEADER = "SoundRecorder/SoundRecorder-Prefix.pch";
				INFOPLIST_FILE = "SoundRecorderTests/SoundRecorderTests-Info.plist";
				PRODUCT_NAME = "$(TARGET_NAME)";
				TEST_HOST = "$(BUNDLE_LOADER)";
				WRAPPER_EXTENSION = xctest;
			};
			name = Release;
		};
/* End XCBuildConfiguration section */

/* Begin XCConfigurationList section */
		786941EA1859AF3500EA2D98 /* Build configuration list for PBXProject "SoundRecorder" */ = {
			isa = XCConfigurationList;
			buildConfigurations = (
				7869421F1859AF3500EA2D98 /* Debug */,
				786942201859AF3500EA2D98 /* Release */,
			);
			defaultConfigurationIsVisible = 0;
			defaultConfigurationName = Release;
		};
		786942211859AF3500EA2D98 /* Build configuration list for PBXNativeTarget "SoundRecorder" */ = {
			isa = XCConfigurationList;
			buildConfigurations = (
				786942221859AF3500EA2D98 /* Debug */,
				786942231859AF3500EA2D98 /* Release */,
			);
			defaultConfigurationIsVisible = 0;
			defaultConfigurationName = Release;
		};
		786942241859AF3500EA2D98 /* Build configuration list for PBXNativeTarget "SoundRecorderTests" */ = {
			isa = XCConfigurationList;
			buildConfigurations = (
				786942251859AF3500EA2D98 /* Debug */,
				786942261859AF3500EA2D98 /* Release */,
			);
			defaultConfigurationIsVisible = 0;
			defaultConfigurationName = Release;
		};
/* End XCConfigurationList section */
	};
	rootObject = 786941E71859AF3500EA2D98 /* Project object */;
}
