// !$*UTF8*$!
{
	archiveVersion = 1;
	classes = {
	};
	objectVersion = 46;
	objects = {

/* Begin PBXBuildFile section */
		787342B919080E33004EEEB7 /* Foundation.framework in Frameworks */ = {isa = PBXBuildFile; fileRef = 787342B819080E33004EEEB7 /* Foundation.framework */; };
		787342BB19080E33004EEEB7 /* CoreGraphics.framework in Frameworks */ = {isa = PBXBuildFile; fileRef = 787342BA19080E33004EEEB7 /* CoreGraphics.framework */; };
		787342BD19080E33004EEEB7 /* UIKit.framework in Frameworks */ = {isa = PBXBuildFile; fileRef = 787342BC19080E33004EEEB7 /* UIKit.framework */; };
		787342C319080E33004EEEB7 /* InfoPlist.strings in Resources */ = {isa = PBXBuildFile; fileRef = 787342C119080E33004EEEB7 /* InfoPlist.strings */; };
		787342C519080E33004EEEB7 /* main.m in Sources */ = {isa = PBXBuildFile; fileRef = 787342C419080E33004EEEB7 /* main.m */; };
		787342C919080E33004EEEB7 /* STAppDelegate.m in Sources */ = {isa = PBXBuildFile; fileRef = 787342C819080E33004EEEB7 /* STAppDelegate.m */; };
		787342CB19080E33004EEEB7 /* Images.xcassets in Resources */ = {isa = PBXBuildFile; fileRef = 787342CA19080E33004EEEB7 /* Images.xcassets */; };
		787342D219080E34004EEEB7 /* XCTest.framework in Frameworks */ = {isa = PBXBuildFile; fileRef = 787342D119080E34004EEEB7 /* XCTest.framework */; };
		787342D319080E34004EEEB7 /* Foundation.framework in Frameworks */ = {isa = PBXBuildFile; fileRef = 787342B819080E33004EEEB7 /* Foundation.framework */; };
		787342D419080E34004EEEB7 /* UIKit.framework in Frameworks */ = {isa = PBXBuildFile; fileRef = 787342BC19080E33004EEEB7 /* UIKit.framework */; };
		787342DC19080E34004EEEB7 /* InfoPlist.strings in Resources */ = {isa = PBXBuildFile; fileRef = 787342DA19080E34004EEEB7 /* InfoPlist.strings */; };
		787342DE19080E34004EEEB7 /* SEKitTestTests.m in Sources */ = {isa = PBXBuildFile; fileRef = 787342DD19080E34004EEEB7 /* SEKitTestTests.m */; };
		787342F7190810E5004EEEB7 /* STViewController.m in Sources */ = {isa = PBXBuildFile; fileRef = 787342F5190810E5004EEEB7 /* STViewController.m */; };
		787342F8190810E5004EEEB7 /* STViewController.xib in Resources */ = {isa = PBXBuildFile; fileRef = 787342F6190810E5004EEEB7 /* STViewController.xib */; };
		787342FC190815D5004EEEB7 /* AudioToolbox.framework in Frameworks */ = {isa = PBXBuildFile; fileRef = 787342FA190815D5004EEEB7 /* AudioToolbox.framework */; };
		787342FD190815D5004EEEB7 /* CoreAudio.framework in Frameworks */ = {isa = PBXBuildFile; fileRef = 787342FB190815D5004EEEB7 /* CoreAudio.framework */; };
		787342FF1908161A004EEEB7 /* SEKit.framework in Frameworks */ = {isa = PBXBuildFile; fileRef = 787342FE1908161A004EEEB7 /* SEKit.framework */; };
		787343011908162E004EEEB7 /* AVFoundation.framework in Frameworks */ = {isa = PBXBuildFile; fileRef = 787343001908162E004EEEB7 /* AVFoundation.framework */; };
/* End PBXBuildFile section */

/* Begin PBXContainerItemProxy section */
		787342D519080E34004EEEB7 /* PBXContainerItemProxy */ = {
			isa = PBXContainerItemProxy;
			containerPortal = 787342AD19080E33004EEEB7 /* Project object */;
			proxyType = 1;
			remoteGlobalIDString = 787342B419080E33004EEEB7;
			remoteInfo = SEKitTest;
		};
/* End PBXContainerItemProxy section */

/* Begin PBXFileReference section */
		787342B519080E33004EEEB7 /* SEKitTest.app */ = {isa = PBXFileReference; explicitFileType = wrapper.application; includeInIndex = 0; path = SEKitTest.app; sourceTree = BUILT_PRODUCTS_DIR; };
		787342B819080E33004EEEB7 /* Foundation.framework */ = {isa = PBXFileReference; lastKnownFileType = wrapper.framework; name = Foundation.framework; path = System/Library/Frameworks/Foundation.framework; sourceTree = SDKROOT; };
		787342BA19080E33004EEEB7 /* CoreGraphics.framework */ = {isa = PBXFileReference; lastKnownFileType = wrapper.framework; name = CoreGraphics.framework; path = System/Library/Frameworks/CoreGraphics.framework; sourceTree = SDKROOT; };
		787342BC19080E33004EEEB7 /* UIKit.framework */ = {isa = PBXFileReference; lastKnownFileType = wrapper.framework; name = UIKit.framework; path = System/Library/Frameworks/UIKit.framework; sourceTree = SDKROOT; };
		787342C019080E33004EEEB7 /* SEKitTest-Info.plist */ = {isa = PBXFileReference; lastKnownFileType = text.plist.xml; path = "SEKitTest-Info.plist"; sourceTree = "<group>"; };
		787342C219080E33004EEEB7 /* en */ = {isa = PBXFileReference; lastKnownFileType = text.plist.strings; name = en; path = en.lproj/InfoPlist.strings; sourceTree = "<group>"; };
		787342C419080E33004EEEB7 /* main.m */ = {isa = PBXFileReference; lastKnownFileType = sourcecode.c.objc; path = main.m; sourceTree = "<group>"; };
		787342C619080E33004EEEB7 /* SEKitTest-Prefix.pch */ = {isa = PBXFileReference; lastKnownFileType = sourcecode.c.h; path = "SEKitTest-Prefix.pch"; sourceTree = "<group>"; };
		787342C719080E33004EEEB7 /* STAppDelegate.h */ = {isa = PBXFileReference; lastKnownFileType = sourcecode.c.h; path = STAppDelegate.h; sourceTree = "<group>"; };
		787342C819080E33004EEEB7 /* STAppDelegate.m */ = {isa = PBXFileReference; lastKnownFileType = sourcecode.c.objc; path = STAppDelegate.m; sourceTree = "<group>"; };
		787342CA19080E33004EEEB7 /* Images.xcassets */ = {isa = PBXFileReference; lastKnownFileType = folder.assetcatalog; path = Images.xcassets; sourceTree = "<group>"; };
		787342D019080E34004EEEB7 /* SEKitTestTests.xctest */ = {isa = PBXFileReference; explicitFileType = wrapper.cfbundle; includeInIndex = 0; path = SEKitTestTests.xctest; sourceTree = BUILT_PRODUCTS_DIR; };
		787342D119080E34004EEEB7 /* XCTest.framework */ = {isa = PBXFileReference; lastKnownFileType = wrapper.framework; name = XCTest.framework; path = Library/Frameworks/XCTest.framework; sourceTree = DEVELOPER_DIR; };
		787342D919080E34004EEEB7 /* SEKitTestTests-Info.plist */ = {isa = PBXFileReference; lastKnownFileType = text.plist.xml; path = "SEKitTestTests-Info.plist"; sourceTree = "<group>"; };
		787342DB19080E34004EEEB7 /* en */ = {isa = PBXFileReference; lastKnownFileType = text.plist.strings; name = en; path = en.lproj/InfoPlist.strings; sourceTree = "<group>"; };
		787342DD19080E34004EEEB7 /* SEKitTestTests.m */ = {isa = PBXFileReference; lastKnownFileType = sourcecode.c.objc; path = SEKitTestTests.m; sourceTree = "<group>"; };
		787342F4190810E5004EEEB7 /* STViewController.h */ = {isa = PBXFileReference; fileEncoding = 4; lastKnownFileType = sourcecode.c.h; path = STViewController.h; sourceTree = "<group>"; };
		787342F5190810E5004EEEB7 /* STViewController.m */ = {isa = PBXFileReference; fileEncoding = 4; lastKnownFileType = sourcecode.c.objc; path = STViewController.m; sourceTree = "<group>"; };
		787342F6190810E5004EEEB7 /* STViewController.xib */ = {isa = PBXFileReference; fileEncoding = 4; lastKnownFileType = file.xib; path = STViewController.xib; sourceTree = "<group>"; };
		787342FA190815D5004EEEB7 /* AudioToolbox.framework */ = {isa = PBXFileReference; lastKnownFileType = wrapper.framework; name = AudioToolbox.framework; path = System/Library/Frameworks/AudioToolbox.framework; sourceTree = SDKROOT; };
		787342FB190815D5004EEEB7 /* CoreAudio.framework */ = {isa = PBXFileReference; lastKnownFileType = wrapper.framework; name = CoreAudio.framework; path = System/Library/Frameworks/CoreAudio.framework; sourceTree = SDKROOT; };
		787342FE1908161A004EEEB7 /* SEKit.framework */ = {isa = PBXFileReference; lastKnownFileType = wrapper.framework; name = SEKit.framework; path = SEKitTest/SEKit.framework; sourceTree = "<group>"; };
		787343001908162E004EEEB7 /* AVFoundation.framework */ = {isa = PBXFileReference; lastKnownFileType = wrapper.framework; name = AVFoundation.framework; path = System/Library/Frameworks/AVFoundation.framework; sourceTree = SDKROOT; };
/* End PBXFileReference section */

/* Begin PBXFrameworksBuildPhase section */
		787342B219080E33004EEEB7 /* Frameworks */ = {
			isa = PBXFrameworksBuildPhase;
			buildActionMask = 2147483647;
			files = (
				787343011908162E004EEEB7 /* AVFoundation.framework in Frameworks */,
				787342FC190815D5004EEEB7 /* AudioToolbox.framework in Frameworks */,
				787342FD190815D5004EEEB7 /* CoreAudio.framework in Frameworks */,
				787342BB19080E33004EEEB7 /* CoreGraphics.framework in Frameworks */,
				787342BD19080E33004EEEB7 /* UIKit.framework in Frameworks */,
				787342B919080E33004EEEB7 /* Foundation.framework in Frameworks */,
				787342FF1908161A004EEEB7 /* SEKit.framework in Frameworks */,
			);
			runOnlyForDeploymentPostprocessing = 0;
		};
		787342CD19080E34004EEEB7 /* Frameworks */ = {
			isa = PBXFrameworksBuildPhase;
			buildActionMask = 2147483647;
			files = (
				787342D219080E34004EEEB7 /* XCTest.framework in Frameworks */,
				787342D419080E34004EEEB7 /* UIKit.framework in Frameworks */,
				787342D319080E34004EEEB7 /* Foundation.framework in Frameworks */,
			);
			runOnlyForDeploymentPostprocessing = 0;
		};
/* End PBXFrameworksBuildPhase section */

/* Begin PBXGroup section */
		787342AC19080E33004EEEB7 = {
			isa = PBXGroup;
			children = (
				787342BE19080E33004EEEB7 /* SEKitTest */,
				787342D719080E34004EEEB7 /* SEKitTestTests */,
				787342B719080E33004EEEB7 /* Frameworks */,
				787342B619080E33004EEEB7 /* Products */,
			);
			sourceTree = "<group>";
		};
		787342B619080E33004EEEB7 /* Products */ = {
			isa = PBXGroup;
			children = (
				787342B519080E33004EEEB7 /* SEKitTest.app */,
				787342D019080E34004EEEB7 /* SEKitTestTests.xctest */,
			);
			name = Products;
			sourceTree = "<group>";
		};
		787342B719080E33004EEEB7 /* Frameworks */ = {
			isa = PBXGroup;
			children = (
				787343001908162E004EEEB7 /* AVFoundation.framework */,
				787342FE1908161A004EEEB7 /* SEKit.framework */,
				787342FA190815D5004EEEB7 /* AudioToolbox.framework */,
				787342FB190815D5004EEEB7 /* CoreAudio.framework */,
				787342B819080E33004EEEB7 /* Foundation.framework */,
				787342BA19080E33004EEEB7 /* CoreGraphics.framework */,
				787342BC19080E33004EEEB7 /* UIKit.framework */,
				787342D119080E34004EEEB7 /* XCTest.framework */,
			);
			name = Frameworks;
			sourceTree = "<group>";
		};
		787342BE19080E33004EEEB7 /* SEKitTest */ = {
			isa = PBXGroup;
			children = (
				787342C719080E33004EEEB7 /* STAppDelegate.h */,
				787342C819080E33004EEEB7 /* STAppDelegate.m */,
				787342CA19080E33004EEEB7 /* Images.xcassets */,
				787342BF19080E33004EEEB7 /* Supporting Files */,
				787342F4190810E5004EEEB7 /* STViewController.h */,
				787342F5190810E5004EEEB7 /* STViewController.m */,
				787342F6190810E5004EEEB7 /* STViewController.xib */,
			);
			path = SEKitTest;
			sourceTree = "<group>";
		};
		787342BF19080E33004EEEB7 /* Supporting Files */ = {
			isa = PBXGroup;
			children = (
				787342C019080E33004EEEB7 /* SEKitTest-Info.plist */,
				787342C119080E33004EEEB7 /* InfoPlist.strings */,
				787342C419080E33004EEEB7 /* main.m */,
				787342C619080E33004EEEB7 /* SEKitTest-Prefix.pch */,
			);
			name = "Supporting Files";
			sourceTree = "<group>";
		};
		787342D719080E34004EEEB7 /* SEKitTestTests */ = {
			isa = PBXGroup;
			children = (
				787342DD19080E34004EEEB7 /* SEKitTestTests.m */,
				787342D819080E34004EEEB7 /* Supporting Files */,
			);
			path = SEKitTestTests;
			sourceTree = "<group>";
		};
		787342D819080E34004EEEB7 /* Supporting Files */ = {
			isa = PBXGroup;
			children = (
				787342D919080E34004EEEB7 /* SEKitTestTests-Info.plist */,
				787342DA19080E34004EEEB7 /* InfoPlist.strings */,
			);
			name = "Supporting Files";
			sourceTree = "<group>";
		};
/* End PBXGroup section */

/* Begin PBXNativeTarget section */
		787342B419080E33004EEEB7 /* SEKitTest */ = {
			isa = PBXNativeTarget;
			buildConfigurationList = 787342E119080E34004EEEB7 /* Build configuration list for PBXNativeTarget "SEKitTest" */;
			buildPhases = (
				787342B119080E33004EEEB7 /* Sources */,
				787342B219080E33004EEEB7 /* Frameworks */,
				787342B319080E33004EEEB7 /* Resources */,
			);
			buildRules = (
			);
			dependencies = (
			);
			name = SEKitTest;
			productName = SEKitTest;
			productReference = 787342B519080E33004EEEB7 /* SEKitTest.app */;
			productType = "com.apple.product-type.application";
		};
		787342CF19080E34004EEEB7 /* SEKitTestTests */ = {
			isa = PBXNativeTarget;
			buildConfigurationList = 787342E419080E34004EEEB7 /* Build configuration list for PBXNativeTarget "SEKitTestTests" */;
			buildPhases = (
				787342CC19080E34004EEEB7 /* Sources */,
				787342CD19080E34004EEEB7 /* Frameworks */,
				787342CE19080E34004EEEB7 /* Resources */,
			);
			buildRules = (
			);
			dependencies = (
				787342D619080E34004EEEB7 /* PBXTargetDependency */,
			);
			name = SEKitTestTests;
			productName = SEKitTestTests;
			productReference = 787342D019080E34004EEEB7 /* SEKitTestTests.xctest */;
			productType = "com.apple.product-type.bundle.unit-test";
		};
/* End PBXNativeTarget section */

/* Begin PBXProject section */
		787342AD19080E33004EEEB7 /* Project object */ = {
			isa = PBXProject;
			attributes = {
				CLASSPREFIX = ST;
				LastUpgradeCheck = 0510;
				ORGANIZATIONNAME = "Wise-Apps";
				TargetAttributes = {
					787342CF19080E34004EEEB7 = {
						TestTargetID = 787342B419080E33004EEEB7;
					};
				};
			};
			buildConfigurationList = 787342B019080E33004EEEB7 /* Build configuration list for PBXProject "SEKitTest" */;
			compatibilityVersion = "Xcode 3.2";
			developmentRegion = English;
			hasScannedForEncodings = 0;
			knownRegions = (
				en,
			);
			mainGroup = 787342AC19080E33004EEEB7;
			productRefGroup = 787342B619080E33004EEEB7 /* Products */;
			projectDirPath = "";
			projectRoot = "";
			targets = (
				787342B419080E33004EEEB7 /* SEKitTest */,
				787342CF19080E34004EEEB7 /* SEKitTestTests */,
			);
		};
/* End PBXProject section */

/* Begin PBXResourcesBuildPhase section */
		787342B319080E33004EEEB7 /* Resources */ = {
			isa = PBXResourcesBuildPhase;
			buildActionMask = 2147483647;
			files = (
				787342C319080E33004EEEB7 /* InfoPlist.strings in Resources */,
				787342F8190810E5004EEEB7 /* STViewController.xib in Resources */,
				787342CB19080E33004EEEB7 /* Images.xcassets in Resources */,
			);
			runOnlyForDeploymentPostprocessing = 0;
		};
		787342CE19080E34004EEEB7 /* Resources */ = {
			isa = PBXResourcesBuildPhase;
			buildActionMask = 2147483647;
			files = (
				787342DC19080E34004EEEB7 /* InfoPlist.strings in Resources */,
			);
			runOnlyForDeploymentPostprocessing = 0;
		};
/* End PBXResourcesBuildPhase section */

/* Begin PBXSourcesBuildPhase section */
		787342B119080E33004EEEB7 /* Sources */ = {
			isa = PBXSourcesBuildPhase;
			buildActionMask = 2147483647;
			files = (
				787342F7190810E5004EEEB7 /* STViewController.m in Sources */,
				787342C519080E33004EEEB7 /* main.m in Sources */,
				787342C919080E33004EEEB7 /* STAppDelegate.m in Sources */,
			);
			runOnlyForDeploymentPostprocessing = 0;
		};
		787342CC19080E34004EEEB7 /* Sources */ = {
			isa = PBXSourcesBuildPhase;
			buildActionMask = 2147483647;
			files = (
				787342DE19080E34004EEEB7 /* SEKitTestTests.m in Sources */,
			);
			runOnlyForDeploymentPostprocessing = 0;
		};
/* End PBXSourcesBuildPhase section */

/* Begin PBXTargetDependency section */
		787342D619080E34004EEEB7 /* PBXTargetDependency */ = {
			isa = PBXTargetDependency;
			target = 787342B419080E33004EEEB7 /* SEKitTest */;
			targetProxy = 787342D519080E34004EEEB7 /* PBXContainerItemProxy */;
		};
/* End PBXTargetDependency section */

/* Begin PBXVariantGroup section */
		787342C119080E33004EEEB7 /* InfoPlist.strings */ = {
			isa = PBXVariantGroup;
			children = (
				787342C219080E33004EEEB7 /* en */,
			);
			name = InfoPlist.strings;
			sourceTree = "<group>";
		};
		787342DA19080E34004EEEB7 /* InfoPlist.strings */ = {
			isa = PBXVariantGroup;
			children = (
				787342DB19080E34004EEEB7 /* en */,
			);
			name = InfoPlist.strings;
			sourceTree = "<group>";
		};
/* End PBXVariantGroup section */

/* Begin XCBuildConfiguration section */
		787342DF19080E34004EEEB7 /* Debug */ = {
			isa = XCBuildConfiguration;
			buildSettings = {
				ALWAYS_SEARCH_USER_PATHS = NO;
				CLANG_CXX_LANGUAGE_STANDARD = "gnu++0x";
				CLANG_CXX_LIBRARY = "libc++";
				CLANG_ENABLE_MODULES = YES;
				CLANG_ENABLE_OBJC_ARC = YES;
				CLANG_WARN_BOOL_CONVERSION = YES;
				CLANG_WARN_CONSTANT_CONVERSION = YES;
				CLANG_WARN_DIRECT_OBJC_ISA_USAGE = YES_ERROR;
				CLANG_WARN_EMPTY_BODY = YES;
				CLANG_WARN_ENUM_CONVERSION = YES;
				CLANG_WARN_INT_CONVERSION = YES;
				CLANG_WARN_OBJC_ROOT_CLASS = YES_ERROR;
				CLANG_WARN__DUPLICATE_METHOD_MATCH = YES;
				"CODE_SIGN_IDENTITY[sdk=iphoneos*]" = "iPhone Developer";
				COPY_PHASE_STRIP = NO;
				GCC_C_LANGUAGE_STANDARD = gnu99;
				GCC_DYNAMIC_NO_PIC = NO;
				GCC_OPTIMIZATION_LEVEL = 0;
				GCC_PREPROCESSOR_DEFINITIONS = (
					"DEBUG=1",
					"$(inherited)",
				);
				GCC_SYMBOLS_PRIVATE_EXTERN = NO;
				GCC_WARN_64_TO_32_BIT_CONVERSION = YES;
				GCC_WARN_ABOUT_RETURN_TYPE = YES_ERROR;
				GCC_WARN_UNDECLARED_SELECTOR = YES;
				GCC_WARN_UNINITIALIZED_AUTOS = YES_AGGRESSIVE;
				GCC_WARN_UNUSED_FUNCTION = YES;
				GCC_WARN_UNUSED_VARIABLE = YES;
				IPHONEOS_DEPLOYMENT_TARGET = 7.1;
				ONLY_ACTIVE_ARCH = YES;
				SDKROOT = iphoneos;
			};
			name = Debug;
		};
		787342E019080E34004EEEB7 /* Release */ = {
			isa = XCBuildConfiguration;
			buildSettings = {
				ALWAYS_SEARCH_USER_PATHS = NO;
				CLANG_CXX_LANGUAGE_STANDARD = "gnu++0x";
				CLANG_CXX_LIBRARY = "libc++";
				CLANG_ENABLE_MODULES = YES;
				CLANG_ENABLE_OBJC_ARC = YES;
				CLANG_WARN_BOOL_CONVERSION = YES;
				CLANG_WARN_CONSTANT_CONVERSION = YES;
				CLANG_WARN_DIRECT_OBJC_ISA_USAGE = YES_ERROR;
				CLANG_WARN_EMPTY_BODY = YES;
				CLANG_WARN_ENUM_CONVERSION = YES;
				CLANG_WARN_INT_CONVERSION = YES;
				CLANG_WARN_OBJC_ROOT_CLASS = YES_ERROR;
				CLANG_WARN__DUPLICATE_METHOD_MATCH = YES;
				"CODE_SIGN_IDENTITY[sdk=iphoneos*]" = "iPhone Developer";
				COPY_PHASE_STRIP = YES;
				ENABLE_NS_ASSERTIONS = NO;
				GCC_C_LANGUAGE_STANDARD = gnu99;
				GCC_WARN_64_TO_32_BIT_CONVERSION = YES;
				GCC_WARN_ABOUT_RETURN_TYPE = YES_ERROR;
				GCC_WARN_UNDECLARED_SELECTOR = YES;
				GCC_WARN_UNINITIALIZED_AUTOS = YES_AGGRESSIVE;
				GCC_WARN_UNUSED_FUNCTION = YES;
				GCC_WARN_UNUSED_VARIABLE = YES;
				IPHONEOS_DEPLOYMENT_TARGET = 7.1;
				SDKROOT = iphoneos;
				VALIDATE_PRODUCT = YES;
			};
			name = Release;
		};
		787342E219080E34004EEEB7 /* Debug */ = {
			isa = XCBuildConfiguration;
			buildSettings = {
				ASSETCATALOG_COMPILER_APPICON_NAME = AppIcon;
				ASSETCATALOG_COMPILER_LAUNCHIMAGE_NAME = LaunchImage;
				FRAMEWORK_SEARCH_PATHS = (
					"$(inherited)",
					"$(PROJECT_DIR)/SEKitTest",
				);
				GCC_PRECOMPILE_PREFIX_HEADER = YES;
				GCC_PREFIX_HEADER = "SEKitTest/SEKitTest-Prefix.pch";
				INFOPLIST_FILE = "SEKitTest/SEKitTest-Info.plist";
				PRODUCT_NAME = "$(TARGET_NAME)";
				WRAPPER_EXTENSION = app;
			};
			name = Debug;
		};
		787342E319080E34004EEEB7 /* Release */ = {
			isa = XCBuildConfiguration;
			buildSettings = {
				ASSETCATALOG_COMPILER_APPICON_NAME = AppIcon;
				ASSETCATALOG_COMPILER_LAUNCHIMAGE_NAME = LaunchImage;
				FRAMEWORK_SEARCH_PATHS = (
					"$(inherited)",
					"$(PROJECT_DIR)/SEKitTest",
				);
				GCC_PRECOMPILE_PREFIX_HEADER = YES;
				GCC_PREFIX_HEADER = "SEKitTest/SEKitTest-Prefix.pch";
				INFOPLIST_FILE = "SEKitTest/SEKitTest-Info.plist";
				PRODUCT_NAME = "$(TARGET_NAME)";
				WRAPPER_EXTENSION = app;
			};
			name = Release;
		};
		787342E519080E34004EEEB7 /* Debug */ = {
			isa = XCBuildConfiguration;
			buildSettings = {
				BUNDLE_LOADER = "$(BUILT_PRODUCTS_DIR)/SEKitTest.app/SEKitTest";
				FRAMEWORK_SEARCH_PATHS = (
					"$(SDKROOT)/Developer/Library/Frameworks",
					"$(inherited)",
					"$(DEVELOPER_FRAMEWORKS_DIR)",
				);
				GCC_PRECOMPILE_PREFIX_HEADER = YES;
				GCC_PREFIX_HEADER = "SEKitTest/SEKitTest-Prefix.pch";
				GCC_PREPROCESSOR_DEFINITIONS = (
					"DEBUG=1",
					"$(inherited)",
				);
				INFOPLIST_FILE = "SEKitTestTests/SEKitTestTests-Info.plist";
				PRODUCT_NAME = "$(TARGET_NAME)";
				TEST_HOST = "$(BUNDLE_LOADER)";
				WRAPPER_EXTENSION = xctest;
			};
			name = Debug;
		};
		787342E619080E34004EEEB7 /* Release */ = {
			isa = XCBuildConfiguration;
			buildSettings = {
				BUNDLE_LOADER = "$(BUILT_PRODUCTS_DIR)/SEKitTest.app/SEKitTest";
				FRAMEWORK_SEARCH_PATHS = (
					"$(SDKROOT)/Developer/Library/Frameworks",
					"$(inherited)",
					"$(DEVELOPER_FRAMEWORKS_DIR)",
				);
				GCC_PRECOMPILE_PREFIX_HEADER = YES;
				GCC_PREFIX_HEADER = "SEKitTest/SEKitTest-Prefix.pch";
				INFOPLIST_FILE = "SEKitTestTests/SEKitTestTests-Info.plist";
				PRODUCT_NAME = "$(TARGET_NAME)";
				TEST_HOST = "$(BUNDLE_LOADER)";
				WRAPPER_EXTENSION = xctest;
			};
			name = Release;
		};
/* End XCBuildConfiguration section */

/* Begin XCConfigurationList section */
		787342B019080E33004EEEB7 /* Build configuration list for PBXProject "SEKitTest" */ = {
			isa = XCConfigurationList;
			buildConfigurations = (
				787342DF19080E34004EEEB7 /* Debug */,
				787342E019080E34004EEEB7 /* Release */,
			);
			defaultConfigurationIsVisible = 0;
			defaultConfigurationName = Release;
		};
		787342E119080E34004EEEB7 /* Build configuration list for PBXNativeTarget "SEKitTest" */ = {
			isa = XCConfigurationList;
			buildConfigurations = (
				787342E219080E34004EEEB7 /* Debug */,
				787342E319080E34004EEEB7 /* Release */,
			);
			defaultConfigurationIsVisible = 0;
		};
		787342E419080E34004EEEB7 /* Build configuration list for PBXNativeTarget "SEKitTestTests" */ = {
			isa = XCConfigurationList;
			buildConfigurations = (
				787342E519080E34004EEEB7 /* Debug */,
				787342E619080E34004EEEB7 /* Release */,
			);
			defaultConfigurationIsVisible = 0;
		};
/* End XCConfigurationList section */
	};
	rootObject = 787342AD19080E33004EEEB7 /* Project object */;
}
